Microsoft Visual Studio Solution File, Format Version 12.00
# Visual Studio Version 16
VisualStudioVersion = 16.0.29326.143
MinimumVisualStudioVersion = 10.0.40219.1
Project("{2150E333-8FDC-42A3-9474-1A3956D46DE8}") = "Lego.EV3.Lib", "Lego.EV3.Lib", "{FD5BCC14-38B5-4AF5-BECE-4ACDB55980AF}"
EndProject
Project("{2150E333-8FDC-42A3-9474-1A3956D46DE8}") = "Lego.EV3", "Lego.EV3", "{DDE5999E-9B22-475E-8085-B9BE1E6CA0E7}"
EndProject
Project("{9A19103F-16F7-4668-BE54-9A1E7A4F7556}") = "Lego.EV3.Shared", "Lego.EV3.Lib\Lego.EV3.Shared\Lego.EV3.Shared.csproj", "{35B0AA6D-2157-4833-AB7E-4ADE3170A55B}"
EndProject
Project("{FAE04EC0-301F-11D3-BF4B-00C04F79EFBC}") = "Lego.EV3.iOS", "Lego.EV3.Lib\Lego.EV3.iOS\Lego.EV3.iOS.csproj", "{AFB9A816-2796-426C-AE7D-73AAE02DDD23}"
EndProject
Project("{FAE04EC0-301F-11D3-BF4B-00C04F79EFBC}") = "Lego.EV3.UWP", "Lego.EV3.Lib\Lego.EV3.UWP\Lego.EV3.UWP.csproj", "{01E3C41B-995E-4871-A521-CD1090E53EBB}"
EndProject
Project("{2150E333-8FDC-42A3-9474-1A3956D46DE8}") = "Async.EV3.Lib", "Async.EV3.Lib", "{98D298A1-BBD7-4A11-AC15-DABABD8A0DC3}"
EndProject
Project("{9A19103F-16F7-4668-BE54-9A1E7A4F7556}") = "AsyncEV3Lib", "Lego.EV3.Lib\AsyncEV3Lib\AsyncEV3Lib.csproj", "{53EFA3AF-FE75-4B41-906F-39270F2A8F88}"
EndProject
Project("{FAE04EC0-301F-11D3-BF4B-00C04F79EFBC}") = "AsyncEV3Lib.iOS", "Lego.EV3.Lib\AsyncEV3Lib.iOS\AsyncEV3Lib.iOS.csproj", "{5EA78E96-7953-47D8-A8C5-423588C67930}"
EndProject
Project("{FAE04EC0-301F-11D3-BF4B-00C04F79EFBC}") = "AsyncEV3Lib.UWP", "Lego.EV3.Lib\AsyncEV3Lib.UWP\AsyncEV3Lib.UWP.csproj", "{53BE41A0-1254-4C21-878A-A8EA9E0D1B84}"
EndProject
Project("{2150E333-8FDC-42A3-9474-1A3956D46DE8}") = "Lego.EV3.UILib", "Lego.EV3.UILib", "{3C6CAAC3-BC48-41C9-AB48-A305822E117B}"
EndProject
Project("{9A19103F-16F7-4668-BE54-9A1E7A4F7556}") = "Lego.EV3.UILib", "Lego.EV3.UILib\Lego.EV3.UILib\Lego.EV3.UILib.csproj", "{57FF901F-443E-4F3C-AF1C-0D0B110D310B}"
EndProject
Project("{FAE04EC0-301F-11D3-BF4B-00C04F79EFBC}") = "Lego.EV3.UILib.iOS", "Lego.EV3.UILib\Lego.EV3.UILib.iOS\Lego.EV3.UILib.iOS.csproj", "{96E59373-A51C-4CC2-ADD4-13E496DA2D28}"
EndProject
Project("{FAE04EC0-301F-11D3-BF4B-00C04F79EFBC}") = "Lego.EV3.UILib.Android", "Lego.EV3.UILib\Lego.EV3.UILib.Android\Lego.EV3.UILib.Android.csproj", "{27FE516D-8C89-4152-B9F7-3002FBCD32BC}"
EndProject
Project("{FAE04EC0-301F-11D3-BF4B-00C04F79EFBC}") = "Lego.EV3.UILib.UWP", "Lego.EV3.UILib\Lego.EV3.UILib.UWP\Lego.EV3.UILib.UWP.csproj", "{33F3590D-39FF-408E-8AAC-C2570A2555F5}"
EndProject
Project("{2150E333-8FDC-42A3-9474-1A3956D46DE8}") = "Lego.EV3.Samples", "Lego.EV3.Samples", "{3BCD742A-E005-4A14-A783-85AD92231400}"
EndProject
Project("{2150E333-8FDC-42A3-9474-1A3956D46DE8}") = "FirstSample", "FirstSample", "{8A026244-98AB-4AB7-BD9C-23ABB2231978}"
EndProject
Project("{9A19103F-16F7-4668-BE54-9A1E7A4F7556}") = "FirstSampleApp", "Lego.EV3.Samples\FirstSampleApp\FirstSampleApp\FirstSampleApp.csproj", "{BF35DF6A-44A4-4913-ABB8-A622DA270749}"
EndProject
Project("{FAE04EC0-301F-11D3-BF4B-00C04F79EFBC}") = "FirstSampleApp.iOS", "Lego.EV3.Samples\FirstSampleApp\FirstSampleApp.iOS\FirstSampleApp.iOS.csproj", "{D59C0919-4902-44A2-A9C6-AE2E5A2C4751}"
EndProject
Project("{FAE04EC0-301F-11D3-BF4B-00C04F79EFBC}") = "FirstSampleApp.Android", "Lego.EV3.Samples\FirstSampleApp\FirstSampleApp.Android\FirstSampleApp.Android.csproj", "{418E6A5A-F828-47A9-9A6A-06E6536021DB}"
EndProject
Project("{2150E333-8FDC-42A3-9474-1A3956D46DE8}") = "Robot.Lego.Xamarin", "Robot.Lego.Xamarin", "{70D65A62-5C65-4C49-8DFD-41AECB11CC96}"
EndProject
Project("{9A19103F-16F7-4668-BE54-9A1E7A4F7556}") = "RobotLegoXamarin", "Lego.EV3.Samples\Robot.Lego.Xamarin\RobotLegoXamarin\RobotLegoXamarin.csproj", "{BD90FCFF-6567-4EC5-8757-8BCC75190D27}"
EndProject
Project("{FAE04EC0-301F-11D3-BF4B-00C04F79EFBC}") = "RobotLegoXamarin.iOS", "Lego.EV3.Samples\Robot.Lego.Xamarin\RobotLegoXamarin.iOS\RobotLegoXamarin.iOS.csproj", "{12B1BBB3-4D7D-406C-A197-29DAD7E18E36}"
EndProject
Project("{FAE04EC0-301F-11D3-BF4B-00C04F79EFBC}") = "RobotLegoXamarin.Android", "Lego.EV3.Samples\Robot.Lego.Xamarin\RobotLegoXamarin.Android\RobotLegoXamarin.Android.csproj", "{A054679A-C35F-4762-BE6C-8CC5EB0A24D3}"
EndProject
Project("{FAE04EC0-301F-11D3-BF4B-00C04F79EFBC}") = "RobotLegoXamarin.UWP", "Lego.EV3.Samples\Robot.Lego.Xamarin\RobotLegoXamarin.UWP\RobotLegoXamarin.UWP.csproj", "{3135E10F-2371-4269-8838-9D74B5DEACEC}"
EndProject
Project("{FAE04EC0-301F-11D3-BF4B-00C04F79EFBC}") = "Lego.EV3.Android", "Lego.EV3.Lib\Lego.EV3.Android\Lego.EV3.Android.csproj", "{C6AA9931-1673-44BD-8815-EE9578EF9EA7}"
EndProject
Project("{FAE04EC0-301F-11D3-BF4B-00C04F79EFBC}") = "AsyncEV3Lib.Android", "Lego.EV3.Lib\AsyncEV3Lib.Android\AsyncEV3Lib.Android.csproj", "{58FFE8BC-131E-4D0C-BAE9-01FC24D97A41}"
EndProject
Global
	GlobalSection(SolutionConfigurationPlatforms) = preSolution
		Ad-Hoc|Any CPU = Ad-Hoc|Any CPU
		Ad-Hoc|ARM = Ad-Hoc|ARM
		Ad-Hoc|iPhone = Ad-Hoc|iPhone
		Ad-Hoc|iPhoneSimulator = Ad-Hoc|iPhoneSimulator
		Ad-Hoc|x64 = Ad-Hoc|x64
		Ad-Hoc|x86 = Ad-Hoc|x86
		AppStore|Any CPU = AppStore|Any CPU
		AppStore|ARM = AppStore|ARM
		AppStore|iPhone = AppStore|iPhone
		AppStore|iPhoneSimulator = AppStore|iPhoneSimulator
		AppStore|x64 = AppStore|x64
		AppStore|x86 = AppStore|x86
		Debug|Any CPU = Debug|Any CPU
		Debug|ARM = Debug|ARM
		Debug|iPhone = Debug|iPhone
		Debug|iPhoneSimulator = Debug|iPhoneSimulator
		Debug|x64 = Debug|x64
		Debug|x86 = Debug|x86
		Release|Any CPU = Release|Any CPU
		Release|ARM = Release|ARM
		Release|iPhone = Release|iPhone
		Release|iPhoneSimulator = Release|iPhoneSimulator
		Release|x64 = Release|x64
		Release|x86 = Release|x86
	EndGlobalSection
	GlobalSection(ProjectConfigurationPlatforms) = postSolution
		{35B0AA6D-2157-4833-AB7E-4ADE3170A55B}.Ad-Hoc|Any CPU.ActiveCfg = Debug|Any CPU
		{35B0AA6D-2157-4833-AB7E-4ADE3170A55B}.Ad-Hoc|Any CPU.Build.0 = Debug|Any CPU
		{35B0AA6D-2157-4833-AB7E-4ADE3170A55B}.Ad-Hoc|ARM.ActiveCfg = Debug|Any CPU
		{35B0AA6D-2157-4833-AB7E-4ADE3170A55B}.Ad-Hoc|ARM.Build.0 = Debug|Any CPU
		{35B0AA6D-2157-4833-AB7E-4ADE3170A55B}.Ad-Hoc|iPhone.ActiveCfg = Debug|Any CPU
		{35B0AA6D-2157-4833-AB7E-4ADE3170A55B}.Ad-Hoc|iPhone.Build.0 = Debug|Any CPU
		{35B0AA6D-2157-4833-AB7E-4ADE3170A55B}.Ad-Hoc|iPhoneSimulator.ActiveCfg = Debug|Any CPU
		{35B0AA6D-2157-4833-AB7E-4ADE3170A55B}.Ad-Hoc|iPhoneSimulator.Build.0 = Debug|Any CPU
		{35B0AA6D-2157-4833-AB7E-4ADE3170A55B}.Ad-Hoc|x64.ActiveCfg = Debug|Any CPU
		{35B0AA6D-2157-4833-AB7E-4ADE3170A55B}.Ad-Hoc|x64.Build.0 = Debug|Any CPU
		{35B0AA6D-2157-4833-AB7E-4ADE3170A55B}.Ad-Hoc|x86.ActiveCfg = Debug|Any CPU
		{35B0AA6D-2157-4833-AB7E-4ADE3170A55B}.Ad-Hoc|x86.Build.0 = Debug|Any CPU
		{35B0AA6D-2157-4833-AB7E-4ADE3170A55B}.AppStore|Any CPU.ActiveCfg = Debug|Any CPU
		{35B0AA6D-2157-4833-AB7E-4ADE3170A55B}.AppStore|Any CPU.Build.0 = Debug|Any CPU
		{35B0AA6D-2157-4833-AB7E-4ADE3170A55B}.AppStore|ARM.ActiveCfg = Debug|Any CPU
		{35B0AA6D-2157-4833-AB7E-4ADE3170A55B}.AppStore|ARM.Build.0 = Debug|Any CPU
		{35B0AA6D-2157-4833-AB7E-4ADE3170A55B}.AppStore|iPhone.ActiveCfg = Debug|Any CPU
		{35B0AA6D-2157-4833-AB7E-4ADE3170A55B}.AppStore|iPhone.Build.0 = Debug|Any CPU
		{35B0AA6D-2157-4833-AB7E-4ADE3170A55B}.AppStore|iPhoneSimulator.ActiveCfg = Debug|Any CPU
		{35B0AA6D-2157-4833-AB7E-4ADE3170A55B}.AppStore|iPhoneSimulator.Build.0 = Debug|Any CPU
		{35B0AA6D-2157-4833-AB7E-4ADE3170A55B}.AppStore|x64.ActiveCfg = Debug|Any CPU
		{35B0AA6D-2157-4833-AB7E-4ADE3170A55B}.AppStore|x64.Build.0 = Debug|Any CPU
		{35B0AA6D-2157-4833-AB7E-4ADE3170A55B}.AppStore|x86.ActiveCfg = Debug|Any CPU
		{35B0AA6D-2157-4833-AB7E-4ADE3170A55B}.AppStore|x86.Build.0 = Debug|Any CPU
		{35B0AA6D-2157-4833-AB7E-4ADE3170A55B}.Debug|Any CPU.ActiveCfg = Debug|Any CPU
		{35B0AA6D-2157-4833-AB7E-4ADE3170A55B}.Debug|Any CPU.Build.0 = Debug|Any CPU
		{35B0AA6D-2157-4833-AB7E-4ADE3170A55B}.Debug|ARM.ActiveCfg = Debug|Any CPU
		{35B0AA6D-2157-4833-AB7E-4ADE3170A55B}.Debug|ARM.Build.0 = Debug|Any CPU
		{35B0AA6D-2157-4833-AB7E-4ADE3170A55B}.Debug|iPhone.ActiveCfg = Debug|Any CPU
		{35B0AA6D-2157-4833-AB7E-4ADE3170A55B}.Debug|iPhone.Build.0 = Debug|Any CPU
		{35B0AA6D-2157-4833-AB7E-4ADE3170A55B}.Debug|iPhoneSimulator.ActiveCfg = Debug|Any CPU
		{35B0AA6D-2157-4833-AB7E-4ADE3170A55B}.Debug|iPhoneSimulator.Build.0 = Debug|Any CPU
		{35B0AA6D-2157-4833-AB7E-4ADE3170A55B}.Debug|x64.ActiveCfg = Debug|Any CPU
		{35B0AA6D-2157-4833-AB7E-4ADE3170A55B}.Debug|x64.Build.0 = Debug|Any CPU
		{35B0AA6D-2157-4833-AB7E-4ADE3170A55B}.Debug|x86.ActiveCfg = Debug|Any CPU
		{35B0AA6D-2157-4833-AB7E-4ADE3170A55B}.Debug|x86.Build.0 = Debug|Any CPU
		{35B0AA6D-2157-4833-AB7E-4ADE3170A55B}.Release|Any CPU.ActiveCfg = Release|Any CPU
		{35B0AA6D-2157-4833-AB7E-4ADE3170A55B}.Release|Any CPU.Build.0 = Release|Any CPU
		{35B0AA6D-2157-4833-AB7E-4ADE3170A55B}.Release|ARM.ActiveCfg = Release|Any CPU
		{35B0AA6D-2157-4833-AB7E-4ADE3170A55B}.Release|ARM.Build.0 = Release|Any CPU
		{35B0AA6D-2157-4833-AB7E-4ADE3170A55B}.Release|iPhone.ActiveCfg = Release|Any CPU
		{35B0AA6D-2157-4833-AB7E-4ADE3170A55B}.Release|iPhone.Build.0 = Release|Any CPU
		{35B0AA6D-2157-4833-AB7E-4ADE3170A55B}.Release|iPhoneSimulator.ActiveCfg = Release|Any CPU
		{35B0AA6D-2157-4833-AB7E-4ADE3170A55B}.Release|iPhoneSimulator.Build.0 = Release|Any CPU
		{35B0AA6D-2157-4833-AB7E-4ADE3170A55B}.Release|x64.ActiveCfg = Release|Any CPU
		{35B0AA6D-2157-4833-AB7E-4ADE3170A55B}.Release|x64.Build.0 = Release|Any CPU
		{35B0AA6D-2157-4833-AB7E-4ADE3170A55B}.Release|x86.ActiveCfg = Release|Any CPU
		{35B0AA6D-2157-4833-AB7E-4ADE3170A55B}.Release|x86.Build.0 = Release|Any CPU
		{AFB9A816-2796-426C-AE7D-73AAE02DDD23}.Ad-Hoc|Any CPU.ActiveCfg = Debug|Any CPU
		{AFB9A816-2796-426C-AE7D-73AAE02DDD23}.Ad-Hoc|Any CPU.Build.0 = Debug|Any CPU
		{AFB9A816-2796-426C-AE7D-73AAE02DDD23}.Ad-Hoc|ARM.ActiveCfg = Debug|Any CPU
		{AFB9A816-2796-426C-AE7D-73AAE02DDD23}.Ad-Hoc|ARM.Build.0 = Debug|Any CPU
		{AFB9A816-2796-426C-AE7D-73AAE02DDD23}.Ad-Hoc|iPhone.ActiveCfg = Debug|Any CPU
		{AFB9A816-2796-426C-AE7D-73AAE02DDD23}.Ad-Hoc|iPhone.Build.0 = Debug|Any CPU
		{AFB9A816-2796-426C-AE7D-73AAE02DDD23}.Ad-Hoc|iPhoneSimulator.ActiveCfg = Debug|Any CPU
		{AFB9A816-2796-426C-AE7D-73AAE02DDD23}.Ad-Hoc|iPhoneSimulator.Build.0 = Debug|Any CPU
		{AFB9A816-2796-426C-AE7D-73AAE02DDD23}.Ad-Hoc|x64.ActiveCfg = Debug|Any CPU
		{AFB9A816-2796-426C-AE7D-73AAE02DDD23}.Ad-Hoc|x64.Build.0 = Debug|Any CPU
		{AFB9A816-2796-426C-AE7D-73AAE02DDD23}.Ad-Hoc|x86.ActiveCfg = Debug|Any CPU
		{AFB9A816-2796-426C-AE7D-73AAE02DDD23}.Ad-Hoc|x86.Build.0 = Debug|Any CPU
		{AFB9A816-2796-426C-AE7D-73AAE02DDD23}.AppStore|Any CPU.ActiveCfg = Debug|Any CPU
		{AFB9A816-2796-426C-AE7D-73AAE02DDD23}.AppStore|Any CPU.Build.0 = Debug|Any CPU
		{AFB9A816-2796-426C-AE7D-73AAE02DDD23}.AppStore|ARM.ActiveCfg = Debug|Any CPU
		{AFB9A816-2796-426C-AE7D-73AAE02DDD23}.AppStore|ARM.Build.0 = Debug|Any CPU
		{AFB9A816-2796-426C-AE7D-73AAE02DDD23}.AppStore|iPhone.ActiveCfg = Debug|Any CPU
		{AFB9A816-2796-426C-AE7D-73AAE02DDD23}.AppStore|iPhone.Build.0 = Debug|Any CPU
		{AFB9A816-2796-426C-AE7D-73AAE02DDD23}.AppStore|iPhoneSimulator.ActiveCfg = Debug|Any CPU
		{AFB9A816-2796-426C-AE7D-73AAE02DDD23}.AppStore|iPhoneSimulator.Build.0 = Debug|Any CPU
		{AFB9A816-2796-426C-AE7D-73AAE02DDD23}.AppStore|x64.ActiveCfg = Debug|Any CPU
		{AFB9A816-2796-426C-AE7D-73AAE02DDD23}.AppStore|x64.Build.0 = Debug|Any CPU
		{AFB9A816-2796-426C-AE7D-73AAE02DDD23}.AppStore|x86.ActiveCfg = Debug|Any CPU
		{AFB9A816-2796-426C-AE7D-73AAE02DDD23}.AppStore|x86.Build.0 = Debug|Any CPU
		{AFB9A816-2796-426C-AE7D-73AAE02DDD23}.Debug|Any CPU.ActiveCfg = Debug|Any CPU
		{AFB9A816-2796-426C-AE7D-73AAE02DDD23}.Debug|Any CPU.Build.0 = Debug|Any CPU
		{AFB9A816-2796-426C-AE7D-73AAE02DDD23}.Debug|ARM.ActiveCfg = Debug|Any CPU
		{AFB9A816-2796-426C-AE7D-73AAE02DDD23}.Debug|ARM.Build.0 = Debug|Any CPU
		{AFB9A816-2796-426C-AE7D-73AAE02DDD23}.Debug|iPhone.ActiveCfg = Debug|Any CPU
		{AFB9A816-2796-426C-AE7D-73AAE02DDD23}.Debug|iPhone.Build.0 = Debug|Any CPU
		{AFB9A816-2796-426C-AE7D-73AAE02DDD23}.Debug|iPhoneSimulator.ActiveCfg = Debug|Any CPU
		{AFB9A816-2796-426C-AE7D-73AAE02DDD23}.Debug|iPhoneSimulator.Build.0 = Debug|Any CPU
		{AFB9A816-2796-426C-AE7D-73AAE02DDD23}.Debug|x64.ActiveCfg = Debug|Any CPU
		{AFB9A816-2796-426C-AE7D-73AAE02DDD23}.Debug|x64.Build.0 = Debug|Any CPU
		{AFB9A816-2796-426C-AE7D-73AAE02DDD23}.Debug|x86.ActiveCfg = Debug|Any CPU
		{AFB9A816-2796-426C-AE7D-73AAE02DDD23}.Debug|x86.Build.0 = Debug|Any CPU
		{AFB9A816-2796-426C-AE7D-73AAE02DDD23}.Release|Any CPU.ActiveCfg = Release|Any CPU
		{AFB9A816-2796-426C-AE7D-73AAE02DDD23}.Release|Any CPU.Build.0 = Release|Any CPU
		{AFB9A816-2796-426C-AE7D-73AAE02DDD23}.Release|ARM.ActiveCfg = Release|Any CPU
		{AFB9A816-2796-426C-AE7D-73AAE02DDD23}.Release|ARM.Build.0 = Release|Any CPU
		{AFB9A816-2796-426C-AE7D-73AAE02DDD23}.Release|iPhone.ActiveCfg = Release|Any CPU
		{AFB9A816-2796-426C-AE7D-73AAE02DDD23}.Release|iPhone.Build.0 = Release|Any CPU
		{AFB9A816-2796-426C-AE7D-73AAE02DDD23}.Release|iPhoneSimulator.ActiveCfg = Release|Any CPU
		{AFB9A816-2796-426C-AE7D-73AAE02DDD23}.Release|iPhoneSimulator.Build.0 = Release|Any CPU
		{AFB9A816-2796-426C-AE7D-73AAE02DDD23}.Release|x64.ActiveCfg = Release|Any CPU
		{AFB9A816-2796-426C-AE7D-73AAE02DDD23}.Release|x64.Build.0 = Release|Any CPU
		{AFB9A816-2796-426C-AE7D-73AAE02DDD23}.Release|x86.ActiveCfg = Release|Any CPU
		{AFB9A816-2796-426C-AE7D-73AAE02DDD23}.Release|x86.Build.0 = Release|Any CPU
		{01E3C41B-995E-4871-A521-CD1090E53EBB}.Ad-Hoc|Any CPU.ActiveCfg = Debug|Any CPU
		{01E3C41B-995E-4871-A521-CD1090E53EBB}.Ad-Hoc|Any CPU.Build.0 = Debug|Any CPU
		{01E3C41B-995E-4871-A521-CD1090E53EBB}.Ad-Hoc|ARM.ActiveCfg = Debug|ARM
		{01E3C41B-995E-4871-A521-CD1090E53EBB}.Ad-Hoc|ARM.Build.0 = Debug|ARM
		{01E3C41B-995E-4871-A521-CD1090E53EBB}.Ad-Hoc|iPhone.ActiveCfg = Debug|Any CPU
		{01E3C41B-995E-4871-A521-CD1090E53EBB}.Ad-Hoc|iPhone.Build.0 = Debug|Any CPU
		{01E3C41B-995E-4871-A521-CD1090E53EBB}.Ad-Hoc|iPhoneSimulator.ActiveCfg = Debug|Any CPU
		{01E3C41B-995E-4871-A521-CD1090E53EBB}.Ad-Hoc|iPhoneSimulator.Build.0 = Debug|Any CPU
		{01E3C41B-995E-4871-A521-CD1090E53EBB}.Ad-Hoc|x64.ActiveCfg = Debug|x64
		{01E3C41B-995E-4871-A521-CD1090E53EBB}.Ad-Hoc|x64.Build.0 = Debug|x64
		{01E3C41B-995E-4871-A521-CD1090E53EBB}.Ad-Hoc|x86.ActiveCfg = Debug|x86
		{01E3C41B-995E-4871-A521-CD1090E53EBB}.Ad-Hoc|x86.Build.0 = Debug|x86
		{01E3C41B-995E-4871-A521-CD1090E53EBB}.AppStore|Any CPU.ActiveCfg = Debug|Any CPU
		{01E3C41B-995E-4871-A521-CD1090E53EBB}.AppStore|Any CPU.Build.0 = Debug|Any CPU
		{01E3C41B-995E-4871-A521-CD1090E53EBB}.AppStore|ARM.ActiveCfg = Debug|ARM
		{01E3C41B-995E-4871-A521-CD1090E53EBB}.AppStore|ARM.Build.0 = Debug|ARM
		{01E3C41B-995E-4871-A521-CD1090E53EBB}.AppStore|iPhone.ActiveCfg = Debug|Any CPU
		{01E3C41B-995E-4871-A521-CD1090E53EBB}.AppStore|iPhone.Build.0 = Debug|Any CPU
		{01E3C41B-995E-4871-A521-CD1090E53EBB}.AppStore|iPhoneSimulator.ActiveCfg = Debug|Any CPU
		{01E3C41B-995E-4871-A521-CD1090E53EBB}.AppStore|iPhoneSimulator.Build.0 = Debug|Any CPU
		{01E3C41B-995E-4871-A521-CD1090E53EBB}.AppStore|x64.ActiveCfg = Debug|x64
		{01E3C41B-995E-4871-A521-CD1090E53EBB}.AppStore|x64.Build.0 = Debug|x64
		{01E3C41B-995E-4871-A521-CD1090E53EBB}.AppStore|x86.ActiveCfg = Debug|x86
		{01E3C41B-995E-4871-A521-CD1090E53EBB}.AppStore|x86.Build.0 = Debug|x86
		{01E3C41B-995E-4871-A521-CD1090E53EBB}.Debug|Any CPU.ActiveCfg = Debug|Any CPU
		{01E3C41B-995E-4871-A521-CD1090E53EBB}.Debug|Any CPU.Build.0 = Debug|Any CPU
		{01E3C41B-995E-4871-A521-CD1090E53EBB}.Debug|ARM.ActiveCfg = Debug|ARM
		{01E3C41B-995E-4871-A521-CD1090E53EBB}.Debug|ARM.Build.0 = Debug|ARM
		{01E3C41B-995E-4871-A521-CD1090E53EBB}.Debug|iPhone.ActiveCfg = Debug|Any CPU
		{01E3C41B-995E-4871-A521-CD1090E53EBB}.Debug|iPhone.Build.0 = Debug|Any CPU
		{01E3C41B-995E-4871-A521-CD1090E53EBB}.Debug|iPhoneSimulator.ActiveCfg = Debug|Any CPU
		{01E3C41B-995E-4871-A521-CD1090E53EBB}.Debug|iPhoneSimulator.Build.0 = Debug|Any CPU
		{01E3C41B-995E-4871-A521-CD1090E53EBB}.Debug|x64.ActiveCfg = Debug|x64
		{01E3C41B-995E-4871-A521-CD1090E53EBB}.Debug|x64.Build.0 = Debug|x64
		{01E3C41B-995E-4871-A521-CD1090E53EBB}.Debug|x86.ActiveCfg = Debug|x86
		{01E3C41B-995E-4871-A521-CD1090E53EBB}.Debug|x86.Build.0 = Debug|x86
		{01E3C41B-995E-4871-A521-CD1090E53EBB}.Release|Any CPU.ActiveCfg = Release|Any CPU
		{01E3C41B-995E-4871-A521-CD1090E53EBB}.Release|Any CPU.Build.0 = Release|Any CPU
		{01E3C41B-995E-4871-A521-CD1090E53EBB}.Release|ARM.ActiveCfg = Release|ARM
		{01E3C41B-995E-4871-A521-CD1090E53EBB}.Release|ARM.Build.0 = Release|ARM
		{01E3C41B-995E-4871-A521-CD1090E53EBB}.Release|iPhone.ActiveCfg = Release|Any CPU
		{01E3C41B-995E-4871-A521-CD1090E53EBB}.Release|iPhone.Build.0 = Release|Any CPU
		{01E3C41B-995E-4871-A521-CD1090E53EBB}.Release|iPhoneSimulator.ActiveCfg = Release|Any CPU
		{01E3C41B-995E-4871-A521-CD1090E53EBB}.Release|iPhoneSimulator.Build.0 = Release|Any CPU
		{01E3C41B-995E-4871-A521-CD1090E53EBB}.Release|x64.ActiveCfg = Release|x64
		{01E3C41B-995E-4871-A521-CD1090E53EBB}.Release|x64.Build.0 = Release|x64
		{01E3C41B-995E-4871-A521-CD1090E53EBB}.Release|x86.ActiveCfg = Release|x86
		{01E3C41B-995E-4871-A521-CD1090E53EBB}.Release|x86.Build.0 = Release|x86
		{53EFA3AF-FE75-4B41-906F-39270F2A8F88}.Ad-Hoc|Any CPU.ActiveCfg = Debug|Any CPU
		{53EFA3AF-FE75-4B41-906F-39270F2A8F88}.Ad-Hoc|Any CPU.Build.0 = Debug|Any CPU
		{53EFA3AF-FE75-4B41-906F-39270F2A8F88}.Ad-Hoc|ARM.ActiveCfg = Debug|Any CPU
		{53EFA3AF-FE75-4B41-906F-39270F2A8F88}.Ad-Hoc|ARM.Build.0 = Debug|Any CPU
		{53EFA3AF-FE75-4B41-906F-39270F2A8F88}.Ad-Hoc|iPhone.ActiveCfg = Debug|Any CPU
		{53EFA3AF-FE75-4B41-906F-39270F2A8F88}.Ad-Hoc|iPhone.Build.0 = Debug|Any CPU
		{53EFA3AF-FE75-4B41-906F-39270F2A8F88}.Ad-Hoc|iPhoneSimulator.ActiveCfg = Debug|Any CPU
		{53EFA3AF-FE75-4B41-906F-39270F2A8F88}.Ad-Hoc|iPhoneSimulator.Build.0 = Debug|Any CPU
		{53EFA3AF-FE75-4B41-906F-39270F2A8F88}.Ad-Hoc|x64.ActiveCfg = Debug|Any CPU
		{53EFA3AF-FE75-4B41-906F-39270F2A8F88}.Ad-Hoc|x64.Build.0 = Debug|Any CPU
		{53EFA3AF-FE75-4B41-906F-39270F2A8F88}.Ad-Hoc|x86.ActiveCfg = Debug|Any CPU
		{53EFA3AF-FE75-4B41-906F-39270F2A8F88}.Ad-Hoc|x86.Build.0 = Debug|Any CPU
		{53EFA3AF-FE75-4B41-906F-39270F2A8F88}.AppStore|Any CPU.ActiveCfg = Debug|Any CPU
		{53EFA3AF-FE75-4B41-906F-39270F2A8F88}.AppStore|Any CPU.Build.0 = Debug|Any CPU
		{53EFA3AF-FE75-4B41-906F-39270F2A8F88}.AppStore|ARM.ActiveCfg = Debug|Any CPU
		{53EFA3AF-FE75-4B41-906F-39270F2A8F88}.AppStore|ARM.Build.0 = Debug|Any CPU
		{53EFA3AF-FE75-4B41-906F-39270F2A8F88}.AppStore|iPhone.ActiveCfg = Debug|Any CPU
		{53EFA3AF-FE75-4B41-906F-39270F2A8F88}.AppStore|iPhone.Build.0 = Debug|Any CPU
		{53EFA3AF-FE75-4B41-906F-39270F2A8F88}.AppStore|iPhoneSimulator.ActiveCfg = Debug|Any CPU
		{53EFA3AF-FE75-4B41-906F-39270F2A8F88}.AppStore|iPhoneSimulator.Build.0 = Debug|Any CPU
		{53EFA3AF-FE75-4B41-906F-39270F2A8F88}.AppStore|x64.ActiveCfg = Debug|Any CPU
		{53EFA3AF-FE75-4B41-906F-39270F2A8F88}.AppStore|x64.Build.0 = Debug|Any CPU
		{53EFA3AF-FE75-4B41-906F-39270F2A8F88}.AppStore|x86.ActiveCfg = Debug|Any CPU
		{53EFA3AF-FE75-4B41-906F-39270F2A8F88}.AppStore|x86.Build.0 = Debug|Any CPU
		{53EFA3AF-FE75-4B41-906F-39270F2A8F88}.Debug|Any CPU.ActiveCfg = Debug|Any CPU
		{53EFA3AF-FE75-4B41-906F-39270F2A8F88}.Debug|Any CPU.Build.0 = Debug|Any CPU
		{53EFA3AF-FE75-4B41-906F-39270F2A8F88}.Debug|ARM.ActiveCfg = Debug|Any CPU
		{53EFA3AF-FE75-4B41-906F-39270F2A8F88}.Debug|ARM.Build.0 = Debug|Any CPU
		{53EFA3AF-FE75-4B41-906F-39270F2A8F88}.Debug|iPhone.ActiveCfg = Debug|Any CPU
		{53EFA3AF-FE75-4B41-906F-39270F2A8F88}.Debug|iPhone.Build.0 = Debug|Any CPU
		{53EFA3AF-FE75-4B41-906F-39270F2A8F88}.Debug|iPhoneSimulator.ActiveCfg = Debug|Any CPU
		{53EFA3AF-FE75-4B41-906F-39270F2A8F88}.Debug|iPhoneSimulator.Build.0 = Debug|Any CPU
		{53EFA3AF-FE75-4B41-906F-39270F2A8F88}.Debug|x64.ActiveCfg = Debug|Any CPU
		{53EFA3AF-FE75-4B41-906F-39270F2A8F88}.Debug|x64.Build.0 = Debug|Any CPU
		{53EFA3AF-FE75-4B41-906F-39270F2A8F88}.Debug|x86.ActiveCfg = Debug|Any CPU
		{53EFA3AF-FE75-4B41-906F-39270F2A8F88}.Debug|x86.Build.0 = Debug|Any CPU
		{53EFA3AF-FE75-4B41-906F-39270F2A8F88}.Release|Any CPU.ActiveCfg = Release|Any CPU
		{53EFA3AF-FE75-4B41-906F-39270F2A8F88}.Release|Any CPU.Build.0 = Release|Any CPU
		{53EFA3AF-FE75-4B41-906F-39270F2A8F88}.Release|ARM.ActiveCfg = Release|Any CPU
		{53EFA3AF-FE75-4B41-906F-39270F2A8F88}.Release|ARM.Build.0 = Release|Any CPU
		{53EFA3AF-FE75-4B41-906F-39270F2A8F88}.Release|iPhone.ActiveCfg = Release|Any CPU
		{53EFA3AF-FE75-4B41-906F-39270F2A8F88}.Release|iPhone.Build.0 = Release|Any CPU
		{53EFA3AF-FE75-4B41-906F-39270F2A8F88}.Release|iPhoneSimulator.ActiveCfg = Release|Any CPU
		{53EFA3AF-FE75-4B41-906F-39270F2A8F88}.Release|iPhoneSimulator.Build.0 = Release|Any CPU
		{53EFA3AF-FE75-4B41-906F-39270F2A8F88}.Release|x64.ActiveCfg = Release|Any CPU
		{53EFA3AF-FE75-4B41-906F-39270F2A8F88}.Release|x64.Build.0 = Release|Any CPU
		{53EFA3AF-FE75-4B41-906F-39270F2A8F88}.Release|x86.ActiveCfg = Release|Any CPU
		{53EFA3AF-FE75-4B41-906F-39270F2A8F88}.Release|x86.Build.0 = Release|Any CPU
		{5EA78E96-7953-47D8-A8C5-423588C67930}.Ad-Hoc|Any CPU.ActiveCfg = Debug|Any CPU
		{5EA78E96-7953-47D8-A8C5-423588C67930}.Ad-Hoc|Any CPU.Build.0 = Debug|Any CPU
		{5EA78E96-7953-47D8-A8C5-423588C67930}.Ad-Hoc|ARM.ActiveCfg = Debug|Any CPU
		{5EA78E96-7953-47D8-A8C5-423588C67930}.Ad-Hoc|ARM.Build.0 = Debug|Any CPU
		{5EA78E96-7953-47D8-A8C5-423588C67930}.Ad-Hoc|iPhone.ActiveCfg = Debug|Any CPU
		{5EA78E96-7953-47D8-A8C5-423588C67930}.Ad-Hoc|iPhone.Build.0 = Debug|Any CPU
		{5EA78E96-7953-47D8-A8C5-423588C67930}.Ad-Hoc|iPhoneSimulator.ActiveCfg = Debug|Any CPU
		{5EA78E96-7953-47D8-A8C5-423588C67930}.Ad-Hoc|iPhoneSimulator.Build.0 = Debug|Any CPU
		{5EA78E96-7953-47D8-A8C5-423588C67930}.Ad-Hoc|x64.ActiveCfg = Debug|Any CPU
		{5EA78E96-7953-47D8-A8C5-423588C67930}.Ad-Hoc|x64.Build.0 = Debug|Any CPU
		{5EA78E96-7953-47D8-A8C5-423588C67930}.Ad-Hoc|x86.ActiveCfg = Debug|Any CPU
		{5EA78E96-7953-47D8-A8C5-423588C67930}.Ad-Hoc|x86.Build.0 = Debug|Any CPU
		{5EA78E96-7953-47D8-A8C5-423588C67930}.AppStore|Any CPU.ActiveCfg = Debug|Any CPU
		{5EA78E96-7953-47D8-A8C5-423588C67930}.AppStore|Any CPU.Build.0 = Debug|Any CPU
		{5EA78E96-7953-47D8-A8C5-423588C67930}.AppStore|ARM.ActiveCfg = Debug|Any CPU
		{5EA78E96-7953-47D8-A8C5-423588C67930}.AppStore|ARM.Build.0 = Debug|Any CPU
		{5EA78E96-7953-47D8-A8C5-423588C67930}.AppStore|iPhone.ActiveCfg = Debug|Any CPU
		{5EA78E96-7953-47D8-A8C5-423588C67930}.AppStore|iPhone.Build.0 = Debug|Any CPU
		{5EA78E96-7953-47D8-A8C5-423588C67930}.AppStore|iPhoneSimulator.ActiveCfg = Debug|Any CPU
		{5EA78E96-7953-47D8-A8C5-423588C67930}.AppStore|iPhoneSimulator.Build.0 = Debug|Any CPU
		{5EA78E96-7953-47D8-A8C5-423588C67930}.AppStore|x64.ActiveCfg = Debug|Any CPU
		{5EA78E96-7953-47D8-A8C5-423588C67930}.AppStore|x64.Build.0 = Debug|Any CPU
		{5EA78E96-7953-47D8-A8C5-423588C67930}.AppStore|x86.ActiveCfg = Debug|Any CPU
		{5EA78E96-7953-47D8-A8C5-423588C67930}.AppStore|x86.Build.0 = Debug|Any CPU
		{5EA78E96-7953-47D8-A8C5-423588C67930}.Debug|Any CPU.ActiveCfg = Debug|Any CPU
		{5EA78E96-7953-47D8-A8C5-423588C67930}.Debug|Any CPU.Build.0 = Debug|Any CPU
		{5EA78E96-7953-47D8-A8C5-423588C67930}.Debug|ARM.ActiveCfg = Debug|Any CPU
		{5EA78E96-7953-47D8-A8C5-423588C67930}.Debug|ARM.Build.0 = Debug|Any CPU
		{5EA78E96-7953-47D8-A8C5-423588C67930}.Debug|iPhone.ActiveCfg = Debug|Any CPU
		{5EA78E96-7953-47D8-A8C5-423588C67930}.Debug|iPhone.Build.0 = Debug|Any CPU
		{5EA78E96-7953-47D8-A8C5-423588C67930}.Debug|iPhoneSimulator.ActiveCfg = Debug|Any CPU
		{5EA78E96-7953-47D8-A8C5-423588C67930}.Debug|iPhoneSimulator.Build.0 = Debug|Any CPU
		{5EA78E96-7953-47D8-A8C5-423588C67930}.Debug|x64.ActiveCfg = Debug|Any CPU
		{5EA78E96-7953-47D8-A8C5-423588C67930}.Debug|x64.Build.0 = Debug|Any CPU
		{5EA78E96-7953-47D8-A8C5-423588C67930}.Debug|x86.ActiveCfg = Debug|Any CPU
		{5EA78E96-7953-47D8-A8C5-423588C67930}.Debug|x86.Build.0 = Debug|Any CPU
		{5EA78E96-7953-47D8-A8C5-423588C67930}.Release|Any CPU.ActiveCfg = Release|Any CPU
		{5EA78E96-7953-47D8-A8C5-423588C67930}.Release|Any CPU.Build.0 = Release|Any CPU
		{5EA78E96-7953-47D8-A8C5-423588C67930}.Release|ARM.ActiveCfg = Release|Any CPU
		{5EA78E96-7953-47D8-A8C5-423588C67930}.Release|ARM.Build.0 = Release|Any CPU
		{5EA78E96-7953-47D8-A8C5-423588C67930}.Release|iPhone.ActiveCfg = Release|Any CPU
		{5EA78E96-7953-47D8-A8C5-423588C67930}.Release|iPhone.Build.0 = Release|Any CPU
		{5EA78E96-7953-47D8-A8C5-423588C67930}.Release|iPhoneSimulator.ActiveCfg = Release|Any CPU
		{5EA78E96-7953-47D8-A8C5-423588C67930}.Release|iPhoneSimulator.Build.0 = Release|Any CPU
		{5EA78E96-7953-47D8-A8C5-423588C67930}.Release|x64.ActiveCfg = Release|Any CPU
		{5EA78E96-7953-47D8-A8C5-423588C67930}.Release|x64.Build.0 = Release|Any CPU
		{5EA78E96-7953-47D8-A8C5-423588C67930}.Release|x86.ActiveCfg = Release|Any CPU
		{5EA78E96-7953-47D8-A8C5-423588C67930}.Release|x86.Build.0 = Release|Any CPU
		{53BE41A0-1254-4C21-878A-A8EA9E0D1B84}.Ad-Hoc|Any CPU.ActiveCfg = Debug|Any CPU
		{53BE41A0-1254-4C21-878A-A8EA9E0D1B84}.Ad-Hoc|Any CPU.Build.0 = Debug|Any CPU
		{53BE41A0-1254-4C21-878A-A8EA9E0D1B84}.Ad-Hoc|ARM.ActiveCfg = Debug|ARM
		{53BE41A0-1254-4C21-878A-A8EA9E0D1B84}.Ad-Hoc|ARM.Build.0 = Debug|ARM
		{53BE41A0-1254-4C21-878A-A8EA9E0D1B84}.Ad-Hoc|iPhone.ActiveCfg = Debug|Any CPU
		{53BE41A0-1254-4C21-878A-A8EA9E0D1B84}.Ad-Hoc|iPhone.Build.0 = Debug|Any CPU
		{53BE41A0-1254-4C21-878A-A8EA9E0D1B84}.Ad-Hoc|iPhoneSimulator.ActiveCfg = Debug|Any CPU
		{53BE41A0-1254-4C21-878A-A8EA9E0D1B84}.Ad-Hoc|iPhoneSimulator.Build.0 = Debug|Any CPU
		{53BE41A0-1254-4C21-878A-A8EA9E0D1B84}.Ad-Hoc|x64.ActiveCfg = Debug|x64
		{53BE41A0-1254-4C21-878A-A8EA9E0D1B84}.Ad-Hoc|x64.Build.0 = Debug|x64
		{53BE41A0-1254-4C21-878A-A8EA9E0D1B84}.Ad-Hoc|x86.ActiveCfg = Debug|x86
		{53BE41A0-1254-4C21-878A-A8EA9E0D1B84}.Ad-Hoc|x86.Build.0 = Debug|x86
		{53BE41A0-1254-4C21-878A-A8EA9E0D1B84}.AppStore|Any CPU.ActiveCfg = Debug|Any CPU
		{53BE41A0-1254-4C21-878A-A8EA9E0D1B84}.AppStore|Any CPU.Build.0 = Debug|Any CPU
		{53BE41A0-1254-4C21-878A-A8EA9E0D1B84}.AppStore|ARM.ActiveCfg = Debug|ARM
		{53BE41A0-1254-4C21-878A-A8EA9E0D1B84}.AppStore|ARM.Build.0 = Debug|ARM
		{53BE41A0-1254-4C21-878A-A8EA9E0D1B84}.AppStore|iPhone.ActiveCfg = Debug|Any CPU
		{53BE41A0-1254-4C21-878A-A8EA9E0D1B84}.AppStore|iPhone.Build.0 = Debug|Any CPU
		{53BE41A0-1254-4C21-878A-A8EA9E0D1B84}.AppStore|iPhoneSimulator.ActiveCfg = Debug|Any CPU
		{53BE41A0-1254-4C21-878A-A8EA9E0D1B84}.AppStore|iPhoneSimulator.Build.0 = Debug|Any CPU
		{53BE41A0-1254-4C21-878A-A8EA9E0D1B84}.AppStore|x64.ActiveCfg = Debug|x64
		{53BE41A0-1254-4C21-878A-A8EA9E0D1B84}.AppStore|x64.Build.0 = Debug|x64
		{53BE41A0-1254-4C21-878A-A8EA9E0D1B84}.AppStore|x86.ActiveCfg = Debug|x86
		{53BE41A0-1254-4C21-878A-A8EA9E0D1B84}.AppStore|x86.Build.0 = Debug|x86
		{53BE41A0-1254-4C21-878A-A8EA9E0D1B84}.Debug|Any CPU.ActiveCfg = Debug|Any CPU
		{53BE41A0-1254-4C21-878A-A8EA9E0D1B84}.Debug|Any CPU.Build.0 = Debug|Any CPU
		{53BE41A0-1254-4C21-878A-A8EA9E0D1B84}.Debug|ARM.ActiveCfg = Debug|ARM
		{53BE41A0-1254-4C21-878A-A8EA9E0D1B84}.Debug|ARM.Build.0 = Debug|ARM
		{53BE41A0-1254-4C21-878A-A8EA9E0D1B84}.Debug|iPhone.ActiveCfg = Debug|Any CPU
		{53BE41A0-1254-4C21-878A-A8EA9E0D1B84}.Debug|iPhone.Build.0 = Debug|Any CPU
		{53BE41A0-1254-4C21-878A-A8EA9E0D1B84}.Debug|iPhoneSimulator.ActiveCfg = Debug|Any CPU
		{53BE41A0-1254-4C21-878A-A8EA9E0D1B84}.Debug|iPhoneSimulator.Build.0 = Debug|Any CPU
		{53BE41A0-1254-4C21-878A-A8EA9E0D1B84}.Debug|x64.ActiveCfg = Debug|x64
		{53BE41A0-1254-4C21-878A-A8EA9E0D1B84}.Debug|x64.Build.0 = Debug|x64
		{53BE41A0-1254-4C21-878A-A8EA9E0D1B84}.Debug|x86.ActiveCfg = Debug|x86
		{53BE41A0-1254-4C21-878A-A8EA9E0D1B84}.Debug|x86.Build.0 = Debug|x86
		{53BE41A0-1254-4C21-878A-A8EA9E0D1B84}.Release|Any CPU.ActiveCfg = Release|Any CPU
		{53BE41A0-1254-4C21-878A-A8EA9E0D1B84}.Release|Any CPU.Build.0 = Release|Any CPU
		{53BE41A0-1254-4C21-878A-A8EA9E0D1B84}.Release|ARM.ActiveCfg = Release|ARM
		{53BE41A0-1254-4C21-878A-A8EA9E0D1B84}.Release|ARM.Build.0 = Release|ARM
		{53BE41A0-1254-4C21-878A-A8EA9E0D1B84}.Release|iPhone.ActiveCfg = Release|Any CPU
		{53BE41A0-1254-4C21-878A-A8EA9E0D1B84}.Release|iPhone.Build.0 = Release|Any CPU
		{53BE41A0-1254-4C21-878A-A8EA9E0D1B84}.Release|iPhoneSimulator.ActiveCfg = Release|Any CPU
		{53BE41A0-1254-4C21-878A-A8EA9E0D1B84}.Release|iPhoneSimulator.Build.0 = Release|Any CPU
		{53BE41A0-1254-4C21-878A-A8EA9E0D1B84}.Release|x64.ActiveCfg = Release|x64
		{53BE41A0-1254-4C21-878A-A8EA9E0D1B84}.Release|x64.Build.0 = Release|x64
		{53BE41A0-1254-4C21-878A-A8EA9E0D1B84}.Release|x86.ActiveCfg = Release|x86
		{53BE41A0-1254-4C21-878A-A8EA9E0D1B84}.Release|x86.Build.0 = Release|x86
		{57FF901F-443E-4F3C-AF1C-0D0B110D310B}.Ad-Hoc|Any CPU.ActiveCfg = Debug|Any CPU
		{57FF901F-443E-4F3C-AF1C-0D0B110D310B}.Ad-Hoc|Any CPU.Build.0 = Debug|Any CPU
		{57FF901F-443E-4F3C-AF1C-0D0B110D310B}.Ad-Hoc|ARM.ActiveCfg = Debug|Any CPU
		{57FF901F-443E-4F3C-AF1C-0D0B110D310B}.Ad-Hoc|ARM.Build.0 = Debug|Any CPU
		{57FF901F-443E-4F3C-AF1C-0D0B110D310B}.Ad-Hoc|iPhone.ActiveCfg = Debug|Any CPU
		{57FF901F-443E-4F3C-AF1C-0D0B110D310B}.Ad-Hoc|iPhone.Build.0 = Debug|Any CPU
		{57FF901F-443E-4F3C-AF1C-0D0B110D310B}.Ad-Hoc|iPhoneSimulator.ActiveCfg = Debug|Any CPU
		{57FF901F-443E-4F3C-AF1C-0D0B110D310B}.Ad-Hoc|iPhoneSimulator.Build.0 = Debug|Any CPU
		{57FF901F-443E-4F3C-AF1C-0D0B110D310B}.Ad-Hoc|x64.ActiveCfg = Debug|Any CPU
		{57FF901F-443E-4F3C-AF1C-0D0B110D310B}.Ad-Hoc|x64.Build.0 = Debug|Any CPU
		{57FF901F-443E-4F3C-AF1C-0D0B110D310B}.Ad-Hoc|x86.ActiveCfg = Debug|Any CPU
		{57FF901F-443E-4F3C-AF1C-0D0B110D310B}.Ad-Hoc|x86.Build.0 = Debug|Any CPU
		{57FF901F-443E-4F3C-AF1C-0D0B110D310B}.AppStore|Any CPU.ActiveCfg = Debug|Any CPU
		{57FF901F-443E-4F3C-AF1C-0D0B110D310B}.AppStore|Any CPU.Build.0 = Debug|Any CPU
		{57FF901F-443E-4F3C-AF1C-0D0B110D310B}.AppStore|ARM.ActiveCfg = Debug|Any CPU
		{57FF901F-443E-4F3C-AF1C-0D0B110D310B}.AppStore|ARM.Build.0 = Debug|Any CPU
		{57FF901F-443E-4F3C-AF1C-0D0B110D310B}.AppStore|iPhone.ActiveCfg = Debug|Any CPU
		{57FF901F-443E-4F3C-AF1C-0D0B110D310B}.AppStore|iPhone.Build.0 = Debug|Any CPU
		{57FF901F-443E-4F3C-AF1C-0D0B110D310B}.AppStore|iPhoneSimulator.ActiveCfg = Debug|Any CPU
		{57FF901F-443E-4F3C-AF1C-0D0B110D310B}.AppStore|iPhoneSimulator.Build.0 = Debug|Any CPU
		{57FF901F-443E-4F3C-AF1C-0D0B110D310B}.AppStore|x64.ActiveCfg = Debug|Any CPU
		{57FF901F-443E-4F3C-AF1C-0D0B110D310B}.AppStore|x64.Build.0 = Debug|Any CPU
		{57FF901F-443E-4F3C-AF1C-0D0B110D310B}.AppStore|x86.ActiveCfg = Debug|Any CPU
		{57FF901F-443E-4F3C-AF1C-0D0B110D310B}.AppStore|x86.Build.0 = Debug|Any CPU
		{57FF901F-443E-4F3C-AF1C-0D0B110D310B}.Debug|Any CPU.ActiveCfg = Debug|Any CPU
		{57FF901F-443E-4F3C-AF1C-0D0B110D310B}.Debug|Any CPU.Build.0 = Debug|Any CPU
		{57FF901F-443E-4F3C-AF1C-0D0B110D310B}.Debug|ARM.ActiveCfg = Debug|Any CPU
		{57FF901F-443E-4F3C-AF1C-0D0B110D310B}.Debug|ARM.Build.0 = Debug|Any CPU
		{57FF901F-443E-4F3C-AF1C-0D0B110D310B}.Debug|iPhone.ActiveCfg = Debug|Any CPU
		{57FF901F-443E-4F3C-AF1C-0D0B110D310B}.Debug|iPhone.Build.0 = Debug|Any CPU
		{57FF901F-443E-4F3C-AF1C-0D0B110D310B}.Debug|iPhoneSimulator.ActiveCfg = Debug|Any CPU
		{57FF901F-443E-4F3C-AF1C-0D0B110D310B}.Debug|iPhoneSimulator.Build.0 = Debug|Any CPU
		{57FF901F-443E-4F3C-AF1C-0D0B110D310B}.Debug|x64.ActiveCfg = Debug|Any CPU
		{57FF901F-443E-4F3C-AF1C-0D0B110D310B}.Debug|x64.Build.0 = Debug|Any CPU
		{57FF901F-443E-4F3C-AF1C-0D0B110D310B}.Debug|x86.ActiveCfg = Debug|Any CPU
		{57FF901F-443E-4F3C-AF1C-0D0B110D310B}.Debug|x86.Build.0 = Debug|Any CPU
		{57FF901F-443E-4F3C-AF1C-0D0B110D310B}.Release|Any CPU.ActiveCfg = Release|Any CPU
		{57FF901F-443E-4F3C-AF1C-0D0B110D310B}.Release|Any CPU.Build.0 = Release|Any CPU
		{57FF901F-443E-4F3C-AF1C-0D0B110D310B}.Release|ARM.ActiveCfg = Release|Any CPU
		{57FF901F-443E-4F3C-AF1C-0D0B110D310B}.Release|ARM.Build.0 = Release|Any CPU
		{57FF901F-443E-4F3C-AF1C-0D0B110D310B}.Release|iPhone.ActiveCfg = Release|Any CPU
		{57FF901F-443E-4F3C-AF1C-0D0B110D310B}.Release|iPhone.Build.0 = Release|Any CPU
		{57FF901F-443E-4F3C-AF1C-0D0B110D310B}.Release|iPhoneSimulator.ActiveCfg = Release|Any CPU
		{57FF901F-443E-4F3C-AF1C-0D0B110D310B}.Release|iPhoneSimulator.Build.0 = Release|Any CPU
		{57FF901F-443E-4F3C-AF1C-0D0B110D310B}.Release|x64.ActiveCfg = Release|Any CPU
		{57FF901F-443E-4F3C-AF1C-0D0B110D310B}.Release|x64.Build.0 = Release|Any CPU
		{57FF901F-443E-4F3C-AF1C-0D0B110D310B}.Release|x86.ActiveCfg = Release|Any CPU
		{57FF901F-443E-4F3C-AF1C-0D0B110D310B}.Release|x86.Build.0 = Release|Any CPU
		{96E59373-A51C-4CC2-ADD4-13E496DA2D28}.Ad-Hoc|Any CPU.ActiveCfg = Ad-Hoc|iPhone
		{96E59373-A51C-4CC2-ADD4-13E496DA2D28}.Ad-Hoc|Any CPU.Build.0 = Ad-Hoc|iPhone
		{96E59373-A51C-4CC2-ADD4-13E496DA2D28}.Ad-Hoc|ARM.ActiveCfg = Ad-Hoc|iPhone
		{96E59373-A51C-4CC2-ADD4-13E496DA2D28}.Ad-Hoc|ARM.Build.0 = Ad-Hoc|iPhone
		{96E59373-A51C-4CC2-ADD4-13E496DA2D28}.Ad-Hoc|iPhone.ActiveCfg = Ad-Hoc|iPhone
		{96E59373-A51C-4CC2-ADD4-13E496DA2D28}.Ad-Hoc|iPhone.Build.0 = Ad-Hoc|iPhone
		{96E59373-A51C-4CC2-ADD4-13E496DA2D28}.Ad-Hoc|iPhoneSimulator.ActiveCfg = Debug|iPhoneSimulator
		{96E59373-A51C-4CC2-ADD4-13E496DA2D28}.Ad-Hoc|iPhoneSimulator.Build.0 = Debug|iPhoneSimulator
		{96E59373-A51C-4CC2-ADD4-13E496DA2D28}.Ad-Hoc|x64.ActiveCfg = Ad-Hoc|iPhone
		{96E59373-A51C-4CC2-ADD4-13E496DA2D28}.Ad-Hoc|x64.Build.0 = Ad-Hoc|iPhone
		{96E59373-A51C-4CC2-ADD4-13E496DA2D28}.Ad-Hoc|x86.ActiveCfg = Ad-Hoc|iPhone
		{96E59373-A51C-4CC2-ADD4-13E496DA2D28}.Ad-Hoc|x86.Build.0 = Ad-Hoc|iPhone
		{96E59373-A51C-4CC2-ADD4-13E496DA2D28}.AppStore|Any CPU.ActiveCfg = AppStore|iPhone
		{96E59373-A51C-4CC2-ADD4-13E496DA2D28}.AppStore|Any CPU.Build.0 = AppStore|iPhone
		{96E59373-A51C-4CC2-ADD4-13E496DA2D28}.AppStore|ARM.ActiveCfg = AppStore|iPhone
		{96E59373-A51C-4CC2-ADD4-13E496DA2D28}.AppStore|ARM.Build.0 = AppStore|iPhone
		{96E59373-A51C-4CC2-ADD4-13E496DA2D28}.AppStore|iPhone.ActiveCfg = AppStore|iPhone
		{96E59373-A51C-4CC2-ADD4-13E496DA2D28}.AppStore|iPhone.Build.0 = AppStore|iPhone
		{96E59373-A51C-4CC2-ADD4-13E496DA2D28}.AppStore|iPhoneSimulator.ActiveCfg = Debug|iPhoneSimulator
		{96E59373-A51C-4CC2-ADD4-13E496DA2D28}.AppStore|iPhoneSimulator.Build.0 = Debug|iPhoneSimulator
		{96E59373-A51C-4CC2-ADD4-13E496DA2D28}.AppStore|x64.ActiveCfg = AppStore|iPhone
		{96E59373-A51C-4CC2-ADD4-13E496DA2D28}.AppStore|x64.Build.0 = AppStore|iPhone
		{96E59373-A51C-4CC2-ADD4-13E496DA2D28}.AppStore|x86.ActiveCfg = AppStore|iPhone
		{96E59373-A51C-4CC2-ADD4-13E496DA2D28}.AppStore|x86.Build.0 = AppStore|iPhone
		{96E59373-A51C-4CC2-ADD4-13E496DA2D28}.Debug|Any CPU.ActiveCfg = Debug|iPhoneSimulator
		{96E59373-A51C-4CC2-ADD4-13E496DA2D28}.Debug|Any CPU.Build.0 = Debug|iPhoneSimulator
		{96E59373-A51C-4CC2-ADD4-13E496DA2D28}.Debug|ARM.ActiveCfg = Debug|iPhoneSimulator
		{96E59373-A51C-4CC2-ADD4-13E496DA2D28}.Debug|ARM.Build.0 = Debug|iPhoneSimulator
		{96E59373-A51C-4CC2-ADD4-13E496DA2D28}.Debug|iPhone.ActiveCfg = Debug|iPhone
		{96E59373-A51C-4CC2-ADD4-13E496DA2D28}.Debug|iPhone.Build.0 = Debug|iPhone
		{96E59373-A51C-4CC2-ADD4-13E496DA2D28}.Debug|iPhoneSimulator.ActiveCfg = Debug|iPhoneSimulator
		{96E59373-A51C-4CC2-ADD4-13E496DA2D28}.Debug|iPhoneSimulator.Build.0 = Debug|iPhoneSimulator
		{96E59373-A51C-4CC2-ADD4-13E496DA2D28}.Debug|x64.ActiveCfg = Debug|iPhoneSimulator
		{96E59373-A51C-4CC2-ADD4-13E496DA2D28}.Debug|x64.Build.0 = Debug|iPhoneSimulator
		{96E59373-A51C-4CC2-ADD4-13E496DA2D28}.Debug|x86.ActiveCfg = Debug|iPhoneSimulator
		{96E59373-A51C-4CC2-ADD4-13E496DA2D28}.Debug|x86.Build.0 = Debug|iPhoneSimulator
		{96E59373-A51C-4CC2-ADD4-13E496DA2D28}.Release|Any CPU.ActiveCfg = Release|iPhoneSimulator
		{96E59373-A51C-4CC2-ADD4-13E496DA2D28}.Release|Any CPU.Build.0 = Release|iPhoneSimulator
		{96E59373-A51C-4CC2-ADD4-13E496DA2D28}.Release|ARM.ActiveCfg = Release|iPhoneSimulator
		{96E59373-A51C-4CC2-ADD4-13E496DA2D28}.Release|ARM.Build.0 = Release|iPhoneSimulator
		{96E59373-A51C-4CC2-ADD4-13E496DA2D28}.Release|iPhone.ActiveCfg = Release|iPhone
		{96E59373-A51C-4CC2-ADD4-13E496DA2D28}.Release|iPhone.Build.0 = Release|iPhone
		{96E59373-A51C-4CC2-ADD4-13E496DA2D28}.Release|iPhoneSimulator.ActiveCfg = Release|iPhoneSimulator
		{96E59373-A51C-4CC2-ADD4-13E496DA2D28}.Release|iPhoneSimulator.Build.0 = Release|iPhoneSimulator
		{96E59373-A51C-4CC2-ADD4-13E496DA2D28}.Release|x64.ActiveCfg = Release|iPhoneSimulator
		{96E59373-A51C-4CC2-ADD4-13E496DA2D28}.Release|x64.Build.0 = Release|iPhoneSimulator
		{96E59373-A51C-4CC2-ADD4-13E496DA2D28}.Release|x86.ActiveCfg = Release|iPhoneSimulator
		{96E59373-A51C-4CC2-ADD4-13E496DA2D28}.Release|x86.Build.0 = Release|iPhoneSimulator
		{27FE516D-8C89-4152-B9F7-3002FBCD32BC}.Ad-Hoc|Any CPU.ActiveCfg = Debug|Any CPU
		{27FE516D-8C89-4152-B9F7-3002FBCD32BC}.Ad-Hoc|Any CPU.Build.0 = Debug|Any CPU
		{27FE516D-8C89-4152-B9F7-3002FBCD32BC}.Ad-Hoc|ARM.ActiveCfg = Debug|Any CPU
		{27FE516D-8C89-4152-B9F7-3002FBCD32BC}.Ad-Hoc|ARM.Build.0 = Debug|Any CPU
		{27FE516D-8C89-4152-B9F7-3002FBCD32BC}.Ad-Hoc|iPhone.ActiveCfg = Debug|Any CPU
		{27FE516D-8C89-4152-B9F7-3002FBCD32BC}.Ad-Hoc|iPhone.Build.0 = Debug|Any CPU
		{27FE516D-8C89-4152-B9F7-3002FBCD32BC}.Ad-Hoc|iPhoneSimulator.ActiveCfg = Debug|Any CPU
		{27FE516D-8C89-4152-B9F7-3002FBCD32BC}.Ad-Hoc|iPhoneSimulator.Build.0 = Debug|Any CPU
		{27FE516D-8C89-4152-B9F7-3002FBCD32BC}.Ad-Hoc|x64.ActiveCfg = Debug|Any CPU
		{27FE516D-8C89-4152-B9F7-3002FBCD32BC}.Ad-Hoc|x64.Build.0 = Debug|Any CPU
		{27FE516D-8C89-4152-B9F7-3002FBCD32BC}.Ad-Hoc|x86.ActiveCfg = Debug|Any CPU
		{27FE516D-8C89-4152-B9F7-3002FBCD32BC}.Ad-Hoc|x86.Build.0 = Debug|Any CPU
		{27FE516D-8C89-4152-B9F7-3002FBCD32BC}.AppStore|Any CPU.ActiveCfg = Debug|Any CPU
		{27FE516D-8C89-4152-B9F7-3002FBCD32BC}.AppStore|Any CPU.Build.0 = Debug|Any CPU
		{27FE516D-8C89-4152-B9F7-3002FBCD32BC}.AppStore|ARM.ActiveCfg = Debug|Any CPU
		{27FE516D-8C89-4152-B9F7-3002FBCD32BC}.AppStore|ARM.Build.0 = Debug|Any CPU
		{27FE516D-8C89-4152-B9F7-3002FBCD32BC}.AppStore|iPhone.ActiveCfg = Debug|Any CPU
		{27FE516D-8C89-4152-B9F7-3002FBCD32BC}.AppStore|iPhone.Build.0 = Debug|Any CPU
		{27FE516D-8C89-4152-B9F7-3002FBCD32BC}.AppStore|iPhoneSimulator.ActiveCfg = Debug|Any CPU
		{27FE516D-8C89-4152-B9F7-3002FBCD32BC}.AppStore|iPhoneSimulator.Build.0 = Debug|Any CPU
		{27FE516D-8C89-4152-B9F7-3002FBCD32BC}.AppStore|x64.ActiveCfg = Debug|Any CPU
		{27FE516D-8C89-4152-B9F7-3002FBCD32BC}.AppStore|x64.Build.0 = Debug|Any CPU
		{27FE516D-8C89-4152-B9F7-3002FBCD32BC}.AppStore|x86.ActiveCfg = Debug|Any CPU
		{27FE516D-8C89-4152-B9F7-3002FBCD32BC}.AppStore|x86.Build.0 = Debug|Any CPU
		{27FE516D-8C89-4152-B9F7-3002FBCD32BC}.Debug|Any CPU.ActiveCfg = Debug|Any CPU
		{27FE516D-8C89-4152-B9F7-3002FBCD32BC}.Debug|Any CPU.Build.0 = Debug|Any CPU
		{27FE516D-8C89-4152-B9F7-3002FBCD32BC}.Debug|ARM.ActiveCfg = Debug|Any CPU
		{27FE516D-8C89-4152-B9F7-3002FBCD32BC}.Debug|ARM.Build.0 = Debug|Any CPU
		{27FE516D-8C89-4152-B9F7-3002FBCD32BC}.Debug|iPhone.ActiveCfg = Debug|Any CPU
		{27FE516D-8C89-4152-B9F7-3002FBCD32BC}.Debug|iPhone.Build.0 = Debug|Any CPU
		{27FE516D-8C89-4152-B9F7-3002FBCD32BC}.Debug|iPhoneSimulator.ActiveCfg = Debug|Any CPU
		{27FE516D-8C89-4152-B9F7-3002FBCD32BC}.Debug|iPhoneSimulator.Build.0 = Debug|Any CPU
		{27FE516D-8C89-4152-B9F7-3002FBCD32BC}.Debug|x64.ActiveCfg = Debug|Any CPU
		{27FE516D-8C89-4152-B9F7-3002FBCD32BC}.Debug|x64.Build.0 = Debug|Any CPU
		{27FE516D-8C89-4152-B9F7-3002FBCD32BC}.Debug|x86.ActiveCfg = Debug|Any CPU
		{27FE516D-8C89-4152-B9F7-3002FBCD32BC}.Debug|x86.Build.0 = Debug|Any CPU
		{27FE516D-8C89-4152-B9F7-3002FBCD32BC}.Release|Any CPU.ActiveCfg = Release|Any CPU
		{27FE516D-8C89-4152-B9F7-3002FBCD32BC}.Release|Any CPU.Build.0 = Release|Any CPU
		{27FE516D-8C89-4152-B9F7-3002FBCD32BC}.Release|ARM.ActiveCfg = Release|Any CPU
		{27FE516D-8C89-4152-B9F7-3002FBCD32BC}.Release|ARM.Build.0 = Release|Any CPU
		{27FE516D-8C89-4152-B9F7-3002FBCD32BC}.Release|iPhone.ActiveCfg = Release|Any CPU
		{27FE516D-8C89-4152-B9F7-3002FBCD32BC}.Release|iPhone.Build.0 = Release|Any CPU
		{27FE516D-8C89-4152-B9F7-3002FBCD32BC}.Release|iPhoneSimulator.ActiveCfg = Release|Any CPU
		{27FE516D-8C89-4152-B9F7-3002FBCD32BC}.Release|iPhoneSimulator.Build.0 = Release|Any CPU
		{27FE516D-8C89-4152-B9F7-3002FBCD32BC}.Release|x64.ActiveCfg = Release|Any CPU
		{27FE516D-8C89-4152-B9F7-3002FBCD32BC}.Release|x64.Build.0 = Release|Any CPU
		{27FE516D-8C89-4152-B9F7-3002FBCD32BC}.Release|x86.ActiveCfg = Release|Any CPU
		{27FE516D-8C89-4152-B9F7-3002FBCD32BC}.Release|x86.Build.0 = Release|Any CPU
		{33F3590D-39FF-408E-8AAC-C2570A2555F5}.Ad-Hoc|Any CPU.ActiveCfg = Debug|Any CPU
		{33F3590D-39FF-408E-8AAC-C2570A2555F5}.Ad-Hoc|Any CPU.Build.0 = Debug|Any CPU
		{33F3590D-39FF-408E-8AAC-C2570A2555F5}.Ad-Hoc|ARM.ActiveCfg = Debug|Any CPU
		{33F3590D-39FF-408E-8AAC-C2570A2555F5}.Ad-Hoc|ARM.Build.0 = Debug|Any CPU
		{33F3590D-39FF-408E-8AAC-C2570A2555F5}.Ad-Hoc|iPhone.ActiveCfg = Debug|Any CPU
		{33F3590D-39FF-408E-8AAC-C2570A2555F5}.Ad-Hoc|iPhone.Build.0 = Debug|Any CPU
		{33F3590D-39FF-408E-8AAC-C2570A2555F5}.Ad-Hoc|iPhoneSimulator.ActiveCfg = Debug|Any CPU
		{33F3590D-39FF-408E-8AAC-C2570A2555F5}.Ad-Hoc|iPhoneSimulator.Build.0 = Debug|Any CPU
		{33F3590D-39FF-408E-8AAC-C2570A2555F5}.Ad-Hoc|x64.ActiveCfg = Debug|Any CPU
		{33F3590D-39FF-408E-8AAC-C2570A2555F5}.Ad-Hoc|x64.Build.0 = Debug|Any CPU
		{33F3590D-39FF-408E-8AAC-C2570A2555F5}.Ad-Hoc|x86.ActiveCfg = Debug|Any CPU
		{33F3590D-39FF-408E-8AAC-C2570A2555F5}.Ad-Hoc|x86.Build.0 = Debug|Any CPU
		{33F3590D-39FF-408E-8AAC-C2570A2555F5}.AppStore|Any CPU.ActiveCfg = Debug|Any CPU
		{33F3590D-39FF-408E-8AAC-C2570A2555F5}.AppStore|Any CPU.Build.0 = Debug|Any CPU
		{33F3590D-39FF-408E-8AAC-C2570A2555F5}.AppStore|ARM.ActiveCfg = Debug|Any CPU
		{33F3590D-39FF-408E-8AAC-C2570A2555F5}.AppStore|ARM.Build.0 = Debug|Any CPU
		{33F3590D-39FF-408E-8AAC-C2570A2555F5}.AppStore|iPhone.ActiveCfg = Debug|Any CPU
		{33F3590D-39FF-408E-8AAC-C2570A2555F5}.AppStore|iPhone.Build.0 = Debug|Any CPU
		{33F3590D-39FF-408E-8AAC-C2570A2555F5}.AppStore|iPhoneSimulator.ActiveCfg = Debug|Any CPU
		{33F3590D-39FF-408E-8AAC-C2570A2555F5}.AppStore|iPhoneSimulator.Build.0 = Debug|Any CPU
		{33F3590D-39FF-408E-8AAC-C2570A2555F5}.AppStore|x64.ActiveCfg = Debug|Any CPU
		{33F3590D-39FF-408E-8AAC-C2570A2555F5}.AppStore|x64.Build.0 = Debug|Any CPU
		{33F3590D-39FF-408E-8AAC-C2570A2555F5}.AppStore|x86.ActiveCfg = Debug|Any CPU
		{33F3590D-39FF-408E-8AAC-C2570A2555F5}.AppStore|x86.Build.0 = Debug|Any CPU
		{33F3590D-39FF-408E-8AAC-C2570A2555F5}.Debug|Any CPU.ActiveCfg = Debug|Any CPU
		{33F3590D-39FF-408E-8AAC-C2570A2555F5}.Debug|Any CPU.Build.0 = Debug|Any CPU
		{33F3590D-39FF-408E-8AAC-C2570A2555F5}.Debug|ARM.ActiveCfg = Debug|ARM
		{33F3590D-39FF-408E-8AAC-C2570A2555F5}.Debug|ARM.Build.0 = Debug|ARM
		{33F3590D-39FF-408E-8AAC-C2570A2555F5}.Debug|iPhone.ActiveCfg = Debug|Any CPU
		{33F3590D-39FF-408E-8AAC-C2570A2555F5}.Debug|iPhone.Build.0 = Debug|Any CPU
		{33F3590D-39FF-408E-8AAC-C2570A2555F5}.Debug|iPhoneSimulator.ActiveCfg = Debug|Any CPU
		{33F3590D-39FF-408E-8AAC-C2570A2555F5}.Debug|iPhoneSimulator.Build.0 = Debug|Any CPU
		{33F3590D-39FF-408E-8AAC-C2570A2555F5}.Debug|x64.ActiveCfg = Debug|x64
		{33F3590D-39FF-408E-8AAC-C2570A2555F5}.Debug|x64.Build.0 = Debug|x64
		{33F3590D-39FF-408E-8AAC-C2570A2555F5}.Debug|x86.ActiveCfg = Debug|x86
		{33F3590D-39FF-408E-8AAC-C2570A2555F5}.Debug|x86.Build.0 = Debug|x86
		{33F3590D-39FF-408E-8AAC-C2570A2555F5}.Release|Any CPU.ActiveCfg = Release|Any CPU
		{33F3590D-39FF-408E-8AAC-C2570A2555F5}.Release|Any CPU.Build.0 = Release|Any CPU
		{33F3590D-39FF-408E-8AAC-C2570A2555F5}.Release|ARM.ActiveCfg = Release|ARM
		{33F3590D-39FF-408E-8AAC-C2570A2555F5}.Release|ARM.Build.0 = Release|ARM
		{33F3590D-39FF-408E-8AAC-C2570A2555F5}.Release|iPhone.ActiveCfg = Release|Any CPU
		{33F3590D-39FF-408E-8AAC-C2570A2555F5}.Release|iPhone.Build.0 = Release|Any CPU
		{33F3590D-39FF-408E-8AAC-C2570A2555F5}.Release|iPhoneSimulator.ActiveCfg = Release|Any CPU
		{33F3590D-39FF-408E-8AAC-C2570A2555F5}.Release|iPhoneSimulator.Build.0 = Release|Any CPU
		{33F3590D-39FF-408E-8AAC-C2570A2555F5}.Release|x64.ActiveCfg = Release|x64
		{33F3590D-39FF-408E-8AAC-C2570A2555F5}.Release|x64.Build.0 = Release|x64
		{33F3590D-39FF-408E-8AAC-C2570A2555F5}.Release|x86.ActiveCfg = Release|x86
		{33F3590D-39FF-408E-8AAC-C2570A2555F5}.Release|x86.Build.0 = Release|x86
		{BF35DF6A-44A4-4913-ABB8-A622DA270749}.Ad-Hoc|Any CPU.ActiveCfg = Debug|Any CPU
		{BF35DF6A-44A4-4913-ABB8-A622DA270749}.Ad-Hoc|Any CPU.Build.0 = Debug|Any CPU
		{BF35DF6A-44A4-4913-ABB8-A622DA270749}.Ad-Hoc|ARM.ActiveCfg = Debug|Any CPU
		{BF35DF6A-44A4-4913-ABB8-A622DA270749}.Ad-Hoc|ARM.Build.0 = Debug|Any CPU
		{BF35DF6A-44A4-4913-ABB8-A622DA270749}.Ad-Hoc|iPhone.ActiveCfg = Debug|Any CPU
		{BF35DF6A-44A4-4913-ABB8-A622DA270749}.Ad-Hoc|iPhone.Build.0 = Debug|Any CPU
		{BF35DF6A-44A4-4913-ABB8-A622DA270749}.Ad-Hoc|iPhoneSimulator.ActiveCfg = Debug|Any CPU
		{BF35DF6A-44A4-4913-ABB8-A622DA270749}.Ad-Hoc|iPhoneSimulator.Build.0 = Debug|Any CPU
		{BF35DF6A-44A4-4913-ABB8-A622DA270749}.Ad-Hoc|x64.ActiveCfg = Debug|Any CPU
		{BF35DF6A-44A4-4913-ABB8-A622DA270749}.Ad-Hoc|x64.Build.0 = Debug|Any CPU
		{BF35DF6A-44A4-4913-ABB8-A622DA270749}.Ad-Hoc|x86.ActiveCfg = Debug|Any CPU
		{BF35DF6A-44A4-4913-ABB8-A622DA270749}.Ad-Hoc|x86.Build.0 = Debug|Any CPU
		{BF35DF6A-44A4-4913-ABB8-A622DA270749}.AppStore|Any CPU.ActiveCfg = Debug|Any CPU
		{BF35DF6A-44A4-4913-ABB8-A622DA270749}.AppStore|Any CPU.Build.0 = Debug|Any CPU
		{BF35DF6A-44A4-4913-ABB8-A622DA270749}.AppStore|ARM.ActiveCfg = Debug|Any CPU
		{BF35DF6A-44A4-4913-ABB8-A622DA270749}.AppStore|ARM.Build.0 = Debug|Any CPU
		{BF35DF6A-44A4-4913-ABB8-A622DA270749}.AppStore|iPhone.ActiveCfg = Debug|Any CPU
		{BF35DF6A-44A4-4913-ABB8-A622DA270749}.AppStore|iPhone.Build.0 = Debug|Any CPU
		{BF35DF6A-44A4-4913-ABB8-A622DA270749}.AppStore|iPhoneSimulator.ActiveCfg = Debug|Any CPU
		{BF35DF6A-44A4-4913-ABB8-A622DA270749}.AppStore|iPhoneSimulator.Build.0 = Debug|Any CPU
		{BF35DF6A-44A4-4913-ABB8-A622DA270749}.AppStore|x64.ActiveCfg = Debug|Any CPU
		{BF35DF6A-44A4-4913-ABB8-A622DA270749}.AppStore|x64.Build.0 = Debug|Any CPU
		{BF35DF6A-44A4-4913-ABB8-A622DA270749}.AppStore|x86.ActiveCfg = Debug|Any CPU
		{BF35DF6A-44A4-4913-ABB8-A622DA270749}.AppStore|x86.Build.0 = Debug|Any CPU
		{BF35DF6A-44A4-4913-ABB8-A622DA270749}.Debug|Any CPU.ActiveCfg = Debug|Any CPU
		{BF35DF6A-44A4-4913-ABB8-A622DA270749}.Debug|Any CPU.Build.0 = Debug|Any CPU
		{BF35DF6A-44A4-4913-ABB8-A622DA270749}.Debug|ARM.ActiveCfg = Debug|Any CPU
		{BF35DF6A-44A4-4913-ABB8-A622DA270749}.Debug|ARM.Build.0 = Debug|Any CPU
		{BF35DF6A-44A4-4913-ABB8-A622DA270749}.Debug|iPhone.ActiveCfg = Debug|Any CPU
		{BF35DF6A-44A4-4913-ABB8-A622DA270749}.Debug|iPhone.Build.0 = Debug|Any CPU
		{BF35DF6A-44A4-4913-ABB8-A622DA270749}.Debug|iPhoneSimulator.ActiveCfg = Debug|Any CPU
		{BF35DF6A-44A4-4913-ABB8-A622DA270749}.Debug|iPhoneSimulator.Build.0 = Debug|Any CPU
		{BF35DF6A-44A4-4913-ABB8-A622DA270749}.Debug|x64.ActiveCfg = Debug|Any CPU
		{BF35DF6A-44A4-4913-ABB8-A622DA270749}.Debug|x64.Build.0 = Debug|Any CPU
		{BF35DF6A-44A4-4913-ABB8-A622DA270749}.Debug|x86.ActiveCfg = Debug|Any CPU
		{BF35DF6A-44A4-4913-ABB8-A622DA270749}.Debug|x86.Build.0 = Debug|Any CPU
		{BF35DF6A-44A4-4913-ABB8-A622DA270749}.Release|Any CPU.ActiveCfg = Release|Any CPU
		{BF35DF6A-44A4-4913-ABB8-A622DA270749}.Release|Any CPU.Build.0 = Release|Any CPU
		{BF35DF6A-44A4-4913-ABB8-A622DA270749}.Release|ARM.ActiveCfg = Release|Any CPU
		{BF35DF6A-44A4-4913-ABB8-A622DA270749}.Release|ARM.Build.0 = Release|Any CPU
		{BF35DF6A-44A4-4913-ABB8-A622DA270749}.Release|iPhone.ActiveCfg = Release|Any CPU
		{BF35DF6A-44A4-4913-ABB8-A622DA270749}.Release|iPhone.Build.0 = Release|Any CPU
		{BF35DF6A-44A4-4913-ABB8-A622DA270749}.Release|iPhoneSimulator.ActiveCfg = Release|Any CPU
		{BF35DF6A-44A4-4913-ABB8-A622DA270749}.Release|iPhoneSimulator.Build.0 = Release|Any CPU
		{BF35DF6A-44A4-4913-ABB8-A622DA270749}.Release|x64.ActiveCfg = Release|Any CPU
		{BF35DF6A-44A4-4913-ABB8-A622DA270749}.Release|x64.Build.0 = Release|Any CPU
		{BF35DF6A-44A4-4913-ABB8-A622DA270749}.Release|x86.ActiveCfg = Release|Any CPU
		{BF35DF6A-44A4-4913-ABB8-A622DA270749}.Release|x86.Build.0 = Release|Any CPU
		{D59C0919-4902-44A2-A9C6-AE2E5A2C4751}.Ad-Hoc|Any CPU.ActiveCfg = Ad-Hoc|iPhone
		{D59C0919-4902-44A2-A9C6-AE2E5A2C4751}.Ad-Hoc|Any CPU.Build.0 = Ad-Hoc|iPhone
		{D59C0919-4902-44A2-A9C6-AE2E5A2C4751}.Ad-Hoc|ARM.ActiveCfg = Ad-Hoc|iPhone
		{D59C0919-4902-44A2-A9C6-AE2E5A2C4751}.Ad-Hoc|ARM.Build.0 = Ad-Hoc|iPhone
		{D59C0919-4902-44A2-A9C6-AE2E5A2C4751}.Ad-Hoc|iPhone.ActiveCfg = Ad-Hoc|iPhone
		{D59C0919-4902-44A2-A9C6-AE2E5A2C4751}.Ad-Hoc|iPhone.Build.0 = Ad-Hoc|iPhone
		{D59C0919-4902-44A2-A9C6-AE2E5A2C4751}.Ad-Hoc|iPhoneSimulator.ActiveCfg = Debug|iPhoneSimulator
		{D59C0919-4902-44A2-A9C6-AE2E5A2C4751}.Ad-Hoc|iPhoneSimulator.Build.0 = Debug|iPhoneSimulator
		{D59C0919-4902-44A2-A9C6-AE2E5A2C4751}.Ad-Hoc|x64.ActiveCfg = Ad-Hoc|iPhone
		{D59C0919-4902-44A2-A9C6-AE2E5A2C4751}.Ad-Hoc|x64.Build.0 = Ad-Hoc|iPhone
		{D59C0919-4902-44A2-A9C6-AE2E5A2C4751}.Ad-Hoc|x86.ActiveCfg = Ad-Hoc|iPhone
		{D59C0919-4902-44A2-A9C6-AE2E5A2C4751}.Ad-Hoc|x86.Build.0 = Ad-Hoc|iPhone
		{D59C0919-4902-44A2-A9C6-AE2E5A2C4751}.AppStore|Any CPU.ActiveCfg = AppStore|iPhone
		{D59C0919-4902-44A2-A9C6-AE2E5A2C4751}.AppStore|Any CPU.Build.0 = AppStore|iPhone
		{D59C0919-4902-44A2-A9C6-AE2E5A2C4751}.AppStore|ARM.ActiveCfg = AppStore|iPhone
		{D59C0919-4902-44A2-A9C6-AE2E5A2C4751}.AppStore|ARM.Build.0 = AppStore|iPhone
		{D59C0919-4902-44A2-A9C6-AE2E5A2C4751}.AppStore|iPhone.ActiveCfg = AppStore|iPhone
		{D59C0919-4902-44A2-A9C6-AE2E5A2C4751}.AppStore|iPhone.Build.0 = AppStore|iPhone
		{D59C0919-4902-44A2-A9C6-AE2E5A2C4751}.AppStore|iPhoneSimulator.ActiveCfg = Debug|iPhoneSimulator
		{D59C0919-4902-44A2-A9C6-AE2E5A2C4751}.AppStore|iPhoneSimulator.Build.0 = Debug|iPhoneSimulator
		{D59C0919-4902-44A2-A9C6-AE2E5A2C4751}.AppStore|x64.ActiveCfg = AppStore|iPhone
		{D59C0919-4902-44A2-A9C6-AE2E5A2C4751}.AppStore|x64.Build.0 = AppStore|iPhone
		{D59C0919-4902-44A2-A9C6-AE2E5A2C4751}.AppStore|x86.ActiveCfg = AppStore|iPhone
		{D59C0919-4902-44A2-A9C6-AE2E5A2C4751}.AppStore|x86.Build.0 = AppStore|iPhone
		{D59C0919-4902-44A2-A9C6-AE2E5A2C4751}.Debug|Any CPU.ActiveCfg = Debug|iPhoneSimulator
		{D59C0919-4902-44A2-A9C6-AE2E5A2C4751}.Debug|Any CPU.Build.0 = Debug|iPhoneSimulator
		{D59C0919-4902-44A2-A9C6-AE2E5A2C4751}.Debug|ARM.ActiveCfg = Debug|iPhoneSimulator
		{D59C0919-4902-44A2-A9C6-AE2E5A2C4751}.Debug|ARM.Build.0 = Debug|iPhoneSimulator
		{D59C0919-4902-44A2-A9C6-AE2E5A2C4751}.Debug|iPhone.ActiveCfg = Debug|iPhone
		{D59C0919-4902-44A2-A9C6-AE2E5A2C4751}.Debug|iPhone.Build.0 = Debug|iPhone
		{D59C0919-4902-44A2-A9C6-AE2E5A2C4751}.Debug|iPhoneSimulator.ActiveCfg = Debug|iPhoneSimulator
		{D59C0919-4902-44A2-A9C6-AE2E5A2C4751}.Debug|iPhoneSimulator.Build.0 = Debug|iPhoneSimulator
		{D59C0919-4902-44A2-A9C6-AE2E5A2C4751}.Debug|x64.ActiveCfg = Debug|iPhoneSimulator
		{D59C0919-4902-44A2-A9C6-AE2E5A2C4751}.Debug|x64.Build.0 = Debug|iPhoneSimulator
		{D59C0919-4902-44A2-A9C6-AE2E5A2C4751}.Debug|x86.ActiveCfg = Debug|iPhoneSimulator
		{D59C0919-4902-44A2-A9C6-AE2E5A2C4751}.Debug|x86.Build.0 = Debug|iPhoneSimulator
		{D59C0919-4902-44A2-A9C6-AE2E5A2C4751}.Release|Any CPU.ActiveCfg = Release|iPhoneSimulator
		{D59C0919-4902-44A2-A9C6-AE2E5A2C4751}.Release|Any CPU.Build.0 = Release|iPhoneSimulator
		{D59C0919-4902-44A2-A9C6-AE2E5A2C4751}.Release|ARM.ActiveCfg = Release|iPhoneSimulator
		{D59C0919-4902-44A2-A9C6-AE2E5A2C4751}.Release|ARM.Build.0 = Release|iPhoneSimulator
		{D59C0919-4902-44A2-A9C6-AE2E5A2C4751}.Release|iPhone.ActiveCfg = Release|iPhone
		{D59C0919-4902-44A2-A9C6-AE2E5A2C4751}.Release|iPhone.Build.0 = Release|iPhone
		{D59C0919-4902-44A2-A9C6-AE2E5A2C4751}.Release|iPhoneSimulator.ActiveCfg = Release|iPhoneSimulator
		{D59C0919-4902-44A2-A9C6-AE2E5A2C4751}.Release|iPhoneSimulator.Build.0 = Release|iPhoneSimulator
		{D59C0919-4902-44A2-A9C6-AE2E5A2C4751}.Release|x64.ActiveCfg = Release|iPhoneSimulator
		{D59C0919-4902-44A2-A9C6-AE2E5A2C4751}.Release|x64.Build.0 = Release|iPhoneSimulator
		{D59C0919-4902-44A2-A9C6-AE2E5A2C4751}.Release|x86.ActiveCfg = Release|iPhoneSimulator
		{D59C0919-4902-44A2-A9C6-AE2E5A2C4751}.Release|x86.Build.0 = Release|iPhoneSimulator
		{418E6A5A-F828-47A9-9A6A-06E6536021DB}.Ad-Hoc|Any CPU.ActiveCfg = Debug|Any CPU
		{418E6A5A-F828-47A9-9A6A-06E6536021DB}.Ad-Hoc|Any CPU.Build.0 = Debug|Any CPU
		{418E6A5A-F828-47A9-9A6A-06E6536021DB}.Ad-Hoc|ARM.ActiveCfg = Debug|Any CPU
		{418E6A5A-F828-47A9-9A6A-06E6536021DB}.Ad-Hoc|ARM.Build.0 = Debug|Any CPU
		{418E6A5A-F828-47A9-9A6A-06E6536021DB}.Ad-Hoc|iPhone.ActiveCfg = Debug|Any CPU
		{418E6A5A-F828-47A9-9A6A-06E6536021DB}.Ad-Hoc|iPhone.Build.0 = Debug|Any CPU
		{418E6A5A-F828-47A9-9A6A-06E6536021DB}.Ad-Hoc|iPhoneSimulator.ActiveCfg = Debug|Any CPU
		{418E6A5A-F828-47A9-9A6A-06E6536021DB}.Ad-Hoc|iPhoneSimulator.Build.0 = Debug|Any CPU
		{418E6A5A-F828-47A9-9A6A-06E6536021DB}.Ad-Hoc|x64.ActiveCfg = Debug|Any CPU
		{418E6A5A-F828-47A9-9A6A-06E6536021DB}.Ad-Hoc|x64.Build.0 = Debug|Any CPU
		{418E6A5A-F828-47A9-9A6A-06E6536021DB}.Ad-Hoc|x86.ActiveCfg = Debug|Any CPU
		{418E6A5A-F828-47A9-9A6A-06E6536021DB}.Ad-Hoc|x86.Build.0 = Debug|Any CPU
		{418E6A5A-F828-47A9-9A6A-06E6536021DB}.AppStore|Any CPU.ActiveCfg = Debug|Any CPU
		{418E6A5A-F828-47A9-9A6A-06E6536021DB}.AppStore|Any CPU.Build.0 = Debug|Any CPU
		{418E6A5A-F828-47A9-9A6A-06E6536021DB}.AppStore|ARM.ActiveCfg = Debug|Any CPU
		{418E6A5A-F828-47A9-9A6A-06E6536021DB}.AppStore|ARM.Build.0 = Debug|Any CPU
		{418E6A5A-F828-47A9-9A6A-06E6536021DB}.AppStore|iPhone.ActiveCfg = Debug|Any CPU
		{418E6A5A-F828-47A9-9A6A-06E6536021DB}.AppStore|iPhone.Build.0 = Debug|Any CPU
		{418E6A5A-F828-47A9-9A6A-06E6536021DB}.AppStore|iPhoneSimulator.ActiveCfg = Debug|Any CPU
		{418E6A5A-F828-47A9-9A6A-06E6536021DB}.AppStore|iPhoneSimulator.Build.0 = Debug|Any CPU
		{418E6A5A-F828-47A9-9A6A-06E6536021DB}.AppStore|x64.ActiveCfg = Debug|Any CPU
		{418E6A5A-F828-47A9-9A6A-06E6536021DB}.AppStore|x64.Build.0 = Debug|Any CPU
		{418E6A5A-F828-47A9-9A6A-06E6536021DB}.AppStore|x86.ActiveCfg = Debug|Any CPU
		{418E6A5A-F828-47A9-9A6A-06E6536021DB}.AppStore|x86.Build.0 = Debug|Any CPU
		{418E6A5A-F828-47A9-9A6A-06E6536021DB}.Debug|Any CPU.ActiveCfg = Debug|Any CPU
		{418E6A5A-F828-47A9-9A6A-06E6536021DB}.Debug|Any CPU.Build.0 = Debug|Any CPU
		{418E6A5A-F828-47A9-9A6A-06E6536021DB}.Debug|Any CPU.Deploy.0 = Debug|Any CPU
		{418E6A5A-F828-47A9-9A6A-06E6536021DB}.Debug|ARM.ActiveCfg = Debug|Any CPU
		{418E6A5A-F828-47A9-9A6A-06E6536021DB}.Debug|ARM.Build.0 = Debug|Any CPU
		{418E6A5A-F828-47A9-9A6A-06E6536021DB}.Debug|iPhone.ActiveCfg = Debug|Any CPU
		{418E6A5A-F828-47A9-9A6A-06E6536021DB}.Debug|iPhone.Build.0 = Debug|Any CPU
		{418E6A5A-F828-47A9-9A6A-06E6536021DB}.Debug|iPhoneSimulator.ActiveCfg = Debug|Any CPU
		{418E6A5A-F828-47A9-9A6A-06E6536021DB}.Debug|iPhoneSimulator.Build.0 = Debug|Any CPU
		{418E6A5A-F828-47A9-9A6A-06E6536021DB}.Debug|x64.ActiveCfg = Debug|Any CPU
		{418E6A5A-F828-47A9-9A6A-06E6536021DB}.Debug|x64.Build.0 = Debug|Any CPU
		{418E6A5A-F828-47A9-9A6A-06E6536021DB}.Debug|x86.ActiveCfg = Debug|Any CPU
		{418E6A5A-F828-47A9-9A6A-06E6536021DB}.Debug|x86.Build.0 = Debug|Any CPU
		{418E6A5A-F828-47A9-9A6A-06E6536021DB}.Debug|x86.Deploy.0 = Debug|Any CPU
		{418E6A5A-F828-47A9-9A6A-06E6536021DB}.Release|Any CPU.ActiveCfg = Release|Any CPU
		{418E6A5A-F828-47A9-9A6A-06E6536021DB}.Release|Any CPU.Build.0 = Release|Any CPU
		{418E6A5A-F828-47A9-9A6A-06E6536021DB}.Release|ARM.ActiveCfg = Release|Any CPU
		{418E6A5A-F828-47A9-9A6A-06E6536021DB}.Release|ARM.Build.0 = Release|Any CPU
		{418E6A5A-F828-47A9-9A6A-06E6536021DB}.Release|iPhone.ActiveCfg = Release|Any CPU
		{418E6A5A-F828-47A9-9A6A-06E6536021DB}.Release|iPhone.Build.0 = Release|Any CPU
		{418E6A5A-F828-47A9-9A6A-06E6536021DB}.Release|iPhoneSimulator.ActiveCfg = Release|Any CPU
		{418E6A5A-F828-47A9-9A6A-06E6536021DB}.Release|iPhoneSimulator.Build.0 = Release|Any CPU
		{418E6A5A-F828-47A9-9A6A-06E6536021DB}.Release|x64.ActiveCfg = Release|Any CPU
		{418E6A5A-F828-47A9-9A6A-06E6536021DB}.Release|x64.Build.0 = Release|Any CPU
		{418E6A5A-F828-47A9-9A6A-06E6536021DB}.Release|x86.ActiveCfg = Release|Any CPU
		{418E6A5A-F828-47A9-9A6A-06E6536021DB}.Release|x86.Build.0 = Release|Any CPU
		{BD90FCFF-6567-4EC5-8757-8BCC75190D27}.Ad-Hoc|Any CPU.ActiveCfg = Debug|Any CPU
		{BD90FCFF-6567-4EC5-8757-8BCC75190D27}.Ad-Hoc|Any CPU.Build.0 = Debug|Any CPU
		{BD90FCFF-6567-4EC5-8757-8BCC75190D27}.Ad-Hoc|ARM.ActiveCfg = Debug|Any CPU
		{BD90FCFF-6567-4EC5-8757-8BCC75190D27}.Ad-Hoc|ARM.Build.0 = Debug|Any CPU
		{BD90FCFF-6567-4EC5-8757-8BCC75190D27}.Ad-Hoc|iPhone.ActiveCfg = Debug|Any CPU
		{BD90FCFF-6567-4EC5-8757-8BCC75190D27}.Ad-Hoc|iPhone.Build.0 = Debug|Any CPU
		{BD90FCFF-6567-4EC5-8757-8BCC75190D27}.Ad-Hoc|iPhoneSimulator.ActiveCfg = Debug|Any CPU
		{BD90FCFF-6567-4EC5-8757-8BCC75190D27}.Ad-Hoc|iPhoneSimulator.Build.0 = Debug|Any CPU
		{BD90FCFF-6567-4EC5-8757-8BCC75190D27}.Ad-Hoc|x64.ActiveCfg = Debug|Any CPU
		{BD90FCFF-6567-4EC5-8757-8BCC75190D27}.Ad-Hoc|x64.Build.0 = Debug|Any CPU
		{BD90FCFF-6567-4EC5-8757-8BCC75190D27}.Ad-Hoc|x86.ActiveCfg = Debug|Any CPU
		{BD90FCFF-6567-4EC5-8757-8BCC75190D27}.Ad-Hoc|x86.Build.0 = Debug|Any CPU
		{BD90FCFF-6567-4EC5-8757-8BCC75190D27}.AppStore|Any CPU.ActiveCfg = Debug|Any CPU
		{BD90FCFF-6567-4EC5-8757-8BCC75190D27}.AppStore|Any CPU.Build.0 = Debug|Any CPU
		{BD90FCFF-6567-4EC5-8757-8BCC75190D27}.AppStore|ARM.ActiveCfg = Debug|Any CPU
		{BD90FCFF-6567-4EC5-8757-8BCC75190D27}.AppStore|ARM.Build.0 = Debug|Any CPU
		{BD90FCFF-6567-4EC5-8757-8BCC75190D27}.AppStore|iPhone.ActiveCfg = Debug|Any CPU
		{BD90FCFF-6567-4EC5-8757-8BCC75190D27}.AppStore|iPhone.Build.0 = Debug|Any CPU
		{BD90FCFF-6567-4EC5-8757-8BCC75190D27}.AppStore|iPhoneSimulator.ActiveCfg = Debug|Any CPU
		{BD90FCFF-6567-4EC5-8757-8BCC75190D27}.AppStore|iPhoneSimulator.Build.0 = Debug|Any CPU
		{BD90FCFF-6567-4EC5-8757-8BCC75190D27}.AppStore|x64.ActiveCfg = Debug|Any CPU
		{BD90FCFF-6567-4EC5-8757-8BCC75190D27}.AppStore|x64.Build.0 = Debug|Any CPU
		{BD90FCFF-6567-4EC5-8757-8BCC75190D27}.AppStore|x86.ActiveCfg = Debug|Any CPU
		{BD90FCFF-6567-4EC5-8757-8BCC75190D27}.AppStore|x86.Build.0 = Debug|Any CPU
		{BD90FCFF-6567-4EC5-8757-8BCC75190D27}.Debug|Any CPU.ActiveCfg = Debug|Any CPU
		{BD90FCFF-6567-4EC5-8757-8BCC75190D27}.Debug|Any CPU.Build.0 = Debug|Any CPU
		{BD90FCFF-6567-4EC5-8757-8BCC75190D27}.Debug|ARM.ActiveCfg = Debug|Any CPU
		{BD90FCFF-6567-4EC5-8757-8BCC75190D27}.Debug|ARM.Build.0 = Debug|Any CPU
		{BD90FCFF-6567-4EC5-8757-8BCC75190D27}.Debug|iPhone.ActiveCfg = Debug|Any CPU
		{BD90FCFF-6567-4EC5-8757-8BCC75190D27}.Debug|iPhone.Build.0 = Debug|Any CPU
		{BD90FCFF-6567-4EC5-8757-8BCC75190D27}.Debug|iPhoneSimulator.ActiveCfg = Debug|Any CPU
		{BD90FCFF-6567-4EC5-8757-8BCC75190D27}.Debug|iPhoneSimulator.Build.0 = Debug|Any CPU
		{BD90FCFF-6567-4EC5-8757-8BCC75190D27}.Debug|x64.ActiveCfg = Debug|Any CPU
		{BD90FCFF-6567-4EC5-8757-8BCC75190D27}.Debug|x64.Build.0 = Debug|Any CPU
		{BD90FCFF-6567-4EC5-8757-8BCC75190D27}.Debug|x86.ActiveCfg = Debug|Any CPU
		{BD90FCFF-6567-4EC5-8757-8BCC75190D27}.Debug|x86.Build.0 = Debug|Any CPU
		{BD90FCFF-6567-4EC5-8757-8BCC75190D27}.Release|Any CPU.ActiveCfg = Release|Any CPU
		{BD90FCFF-6567-4EC5-8757-8BCC75190D27}.Release|Any CPU.Build.0 = Release|Any CPU
		{BD90FCFF-6567-4EC5-8757-8BCC75190D27}.Release|ARM.ActiveCfg = Release|Any CPU
		{BD90FCFF-6567-4EC5-8757-8BCC75190D27}.Release|ARM.Build.0 = Release|Any CPU
		{BD90FCFF-6567-4EC5-8757-8BCC75190D27}.Release|iPhone.ActiveCfg = Release|Any CPU
		{BD90FCFF-6567-4EC5-8757-8BCC75190D27}.Release|iPhone.Build.0 = Release|Any CPU
		{BD90FCFF-6567-4EC5-8757-8BCC75190D27}.Release|iPhoneSimulator.ActiveCfg = Release|Any CPU
		{BD90FCFF-6567-4EC5-8757-8BCC75190D27}.Release|iPhoneSimulator.Build.0 = Release|Any CPU
		{BD90FCFF-6567-4EC5-8757-8BCC75190D27}.Release|x64.ActiveCfg = Release|Any CPU
		{BD90FCFF-6567-4EC5-8757-8BCC75190D27}.Release|x64.Build.0 = Release|Any CPU
		{BD90FCFF-6567-4EC5-8757-8BCC75190D27}.Release|x86.ActiveCfg = Release|Any CPU
		{BD90FCFF-6567-4EC5-8757-8BCC75190D27}.Release|x86.Build.0 = Release|Any CPU
		{12B1BBB3-4D7D-406C-A197-29DAD7E18E36}.Ad-Hoc|Any CPU.ActiveCfg = Ad-Hoc|iPhone
		{12B1BBB3-4D7D-406C-A197-29DAD7E18E36}.Ad-Hoc|Any CPU.Build.0 = Ad-Hoc|iPhone
		{12B1BBB3-4D7D-406C-A197-29DAD7E18E36}.Ad-Hoc|ARM.ActiveCfg = Ad-Hoc|iPhone
		{12B1BBB3-4D7D-406C-A197-29DAD7E18E36}.Ad-Hoc|ARM.Build.0 = Ad-Hoc|iPhone
		{12B1BBB3-4D7D-406C-A197-29DAD7E18E36}.Ad-Hoc|iPhone.ActiveCfg = Ad-Hoc|iPhone
		{12B1BBB3-4D7D-406C-A197-29DAD7E18E36}.Ad-Hoc|iPhone.Build.0 = Ad-Hoc|iPhone
		{12B1BBB3-4D7D-406C-A197-29DAD7E18E36}.Ad-Hoc|iPhoneSimulator.ActiveCfg = Debug|iPhoneSimulator
		{12B1BBB3-4D7D-406C-A197-29DAD7E18E36}.Ad-Hoc|iPhoneSimulator.Build.0 = Debug|iPhoneSimulator
		{12B1BBB3-4D7D-406C-A197-29DAD7E18E36}.Ad-Hoc|x64.ActiveCfg = Ad-Hoc|iPhone
		{12B1BBB3-4D7D-406C-A197-29DAD7E18E36}.Ad-Hoc|x64.Build.0 = Ad-Hoc|iPhone
		{12B1BBB3-4D7D-406C-A197-29DAD7E18E36}.Ad-Hoc|x86.ActiveCfg = Ad-Hoc|iPhone
		{12B1BBB3-4D7D-406C-A197-29DAD7E18E36}.Ad-Hoc|x86.Build.0 = Ad-Hoc|iPhone
		{12B1BBB3-4D7D-406C-A197-29DAD7E18E36}.AppStore|Any CPU.ActiveCfg = AppStore|iPhone
		{12B1BBB3-4D7D-406C-A197-29DAD7E18E36}.AppStore|Any CPU.Build.0 = AppStore|iPhone
		{12B1BBB3-4D7D-406C-A197-29DAD7E18E36}.AppStore|ARM.ActiveCfg = AppStore|iPhone
		{12B1BBB3-4D7D-406C-A197-29DAD7E18E36}.AppStore|ARM.Build.0 = AppStore|iPhone
		{12B1BBB3-4D7D-406C-A197-29DAD7E18E36}.AppStore|iPhone.ActiveCfg = AppStore|iPhone
		{12B1BBB3-4D7D-406C-A197-29DAD7E18E36}.AppStore|iPhone.Build.0 = AppStore|iPhone
		{12B1BBB3-4D7D-406C-A197-29DAD7E18E36}.AppStore|iPhoneSimulator.ActiveCfg = Debug|iPhoneSimulator
		{12B1BBB3-4D7D-406C-A197-29DAD7E18E36}.AppStore|iPhoneSimulator.Build.0 = Debug|iPhoneSimulator
		{12B1BBB3-4D7D-406C-A197-29DAD7E18E36}.AppStore|x64.ActiveCfg = AppStore|iPhone
		{12B1BBB3-4D7D-406C-A197-29DAD7E18E36}.AppStore|x64.Build.0 = AppStore|iPhone
		{12B1BBB3-4D7D-406C-A197-29DAD7E18E36}.AppStore|x86.ActiveCfg = AppStore|iPhone
		{12B1BBB3-4D7D-406C-A197-29DAD7E18E36}.AppStore|x86.Build.0 = AppStore|iPhone
		{12B1BBB3-4D7D-406C-A197-29DAD7E18E36}.Debug|Any CPU.ActiveCfg = Debug|iPhoneSimulator
		{12B1BBB3-4D7D-406C-A197-29DAD7E18E36}.Debug|Any CPU.Build.0 = Debug|iPhoneSimulator
		{12B1BBB3-4D7D-406C-A197-29DAD7E18E36}.Debug|ARM.ActiveCfg = Debug|iPhoneSimulator
		{12B1BBB3-4D7D-406C-A197-29DAD7E18E36}.Debug|ARM.Build.0 = Debug|iPhoneSimulator
		{12B1BBB3-4D7D-406C-A197-29DAD7E18E36}.Debug|iPhone.ActiveCfg = Debug|iPhone
		{12B1BBB3-4D7D-406C-A197-29DAD7E18E36}.Debug|iPhone.Build.0 = Debug|iPhone
		{12B1BBB3-4D7D-406C-A197-29DAD7E18E36}.Debug|iPhoneSimulator.ActiveCfg = Debug|iPhoneSimulator
		{12B1BBB3-4D7D-406C-A197-29DAD7E18E36}.Debug|iPhoneSimulator.Build.0 = Debug|iPhoneSimulator
		{12B1BBB3-4D7D-406C-A197-29DAD7E18E36}.Debug|x64.ActiveCfg = Debug|iPhoneSimulator
		{12B1BBB3-4D7D-406C-A197-29DAD7E18E36}.Debug|x64.Build.0 = Debug|iPhoneSimulator
		{12B1BBB3-4D7D-406C-A197-29DAD7E18E36}.Debug|x86.ActiveCfg = Debug|iPhoneSimulator
		{12B1BBB3-4D7D-406C-A197-29DAD7E18E36}.Debug|x86.Build.0 = Debug|iPhoneSimulator
		{12B1BBB3-4D7D-406C-A197-29DAD7E18E36}.Release|Any CPU.ActiveCfg = Release|iPhoneSimulator
		{12B1BBB3-4D7D-406C-A197-29DAD7E18E36}.Release|Any CPU.Build.0 = Release|iPhoneSimulator
		{12B1BBB3-4D7D-406C-A197-29DAD7E18E36}.Release|ARM.ActiveCfg = Release|iPhoneSimulator
		{12B1BBB3-4D7D-406C-A197-29DAD7E18E36}.Release|ARM.Build.0 = Release|iPhoneSimulator
		{12B1BBB3-4D7D-406C-A197-29DAD7E18E36}.Release|iPhone.ActiveCfg = Release|iPhone
		{12B1BBB3-4D7D-406C-A197-29DAD7E18E36}.Release|iPhone.Build.0 = Release|iPhone
		{12B1BBB3-4D7D-406C-A197-29DAD7E18E36}.Release|iPhoneSimulator.ActiveCfg = Release|iPhoneSimulator
		{12B1BBB3-4D7D-406C-A197-29DAD7E18E36}.Release|iPhoneSimulator.Build.0 = Release|iPhoneSimulator
		{12B1BBB3-4D7D-406C-A197-29DAD7E18E36}.Release|x64.ActiveCfg = Release|iPhoneSimulator
		{12B1BBB3-4D7D-406C-A197-29DAD7E18E36}.Release|x64.Build.0 = Release|iPhoneSimulator
		{12B1BBB3-4D7D-406C-A197-29DAD7E18E36}.Release|x86.ActiveCfg = Release|iPhoneSimulator
		{12B1BBB3-4D7D-406C-A197-29DAD7E18E36}.Release|x86.Build.0 = Release|iPhoneSimulator
		{A054679A-C35F-4762-BE6C-8CC5EB0A24D3}.Ad-Hoc|Any CPU.ActiveCfg = Debug|Any CPU
		{A054679A-C35F-4762-BE6C-8CC5EB0A24D3}.Ad-Hoc|Any CPU.Build.0 = Debug|Any CPU
		{A054679A-C35F-4762-BE6C-8CC5EB0A24D3}.Ad-Hoc|ARM.ActiveCfg = Debug|Any CPU
		{A054679A-C35F-4762-BE6C-8CC5EB0A24D3}.Ad-Hoc|ARM.Build.0 = Debug|Any CPU
		{A054679A-C35F-4762-BE6C-8CC5EB0A24D3}.Ad-Hoc|iPhone.ActiveCfg = Debug|Any CPU
		{A054679A-C35F-4762-BE6C-8CC5EB0A24D3}.Ad-Hoc|iPhone.Build.0 = Debug|Any CPU
		{A054679A-C35F-4762-BE6C-8CC5EB0A24D3}.Ad-Hoc|iPhoneSimulator.ActiveCfg = Debug|Any CPU
		{A054679A-C35F-4762-BE6C-8CC5EB0A24D3}.Ad-Hoc|iPhoneSimulator.Build.0 = Debug|Any CPU
		{A054679A-C35F-4762-BE6C-8CC5EB0A24D3}.Ad-Hoc|x64.ActiveCfg = Debug|Any CPU
		{A054679A-C35F-4762-BE6C-8CC5EB0A24D3}.Ad-Hoc|x64.Build.0 = Debug|Any CPU
		{A054679A-C35F-4762-BE6C-8CC5EB0A24D3}.Ad-Hoc|x86.ActiveCfg = Debug|Any CPU
		{A054679A-C35F-4762-BE6C-8CC5EB0A24D3}.Ad-Hoc|x86.Build.0 = Debug|Any CPU
		{A054679A-C35F-4762-BE6C-8CC5EB0A24D3}.AppStore|Any CPU.ActiveCfg = Debug|Any CPU
		{A054679A-C35F-4762-BE6C-8CC5EB0A24D3}.AppStore|Any CPU.Build.0 = Debug|Any CPU
		{A054679A-C35F-4762-BE6C-8CC5EB0A24D3}.AppStore|ARM.ActiveCfg = Debug|Any CPU
		{A054679A-C35F-4762-BE6C-8CC5EB0A24D3}.AppStore|ARM.Build.0 = Debug|Any CPU
		{A054679A-C35F-4762-BE6C-8CC5EB0A24D3}.AppStore|iPhone.ActiveCfg = Debug|Any CPU
		{A054679A-C35F-4762-BE6C-8CC5EB0A24D3}.AppStore|iPhone.Build.0 = Debug|Any CPU
		{A054679A-C35F-4762-BE6C-8CC5EB0A24D3}.AppStore|iPhoneSimulator.ActiveCfg = Debug|Any CPU
		{A054679A-C35F-4762-BE6C-8CC5EB0A24D3}.AppStore|iPhoneSimulator.Build.0 = Debug|Any CPU
		{A054679A-C35F-4762-BE6C-8CC5EB0A24D3}.AppStore|x64.ActiveCfg = Debug|Any CPU
		{A054679A-C35F-4762-BE6C-8CC5EB0A24D3}.AppStore|x64.Build.0 = Debug|Any CPU
		{A054679A-C35F-4762-BE6C-8CC5EB0A24D3}.AppStore|x86.ActiveCfg = Debug|Any CPU
		{A054679A-C35F-4762-BE6C-8CC5EB0A24D3}.AppStore|x86.Build.0 = Debug|Any CPU
		{A054679A-C35F-4762-BE6C-8CC5EB0A24D3}.Debug|Any CPU.ActiveCfg = Debug|Any CPU
		{A054679A-C35F-4762-BE6C-8CC5EB0A24D3}.Debug|Any CPU.Build.0 = Debug|Any CPU
		{A054679A-C35F-4762-BE6C-8CC5EB0A24D3}.Debug|ARM.ActiveCfg = Debug|Any CPU
		{A054679A-C35F-4762-BE6C-8CC5EB0A24D3}.Debug|ARM.Build.0 = Debug|Any CPU
		{A054679A-C35F-4762-BE6C-8CC5EB0A24D3}.Debug|iPhone.ActiveCfg = Debug|Any CPU
		{A054679A-C35F-4762-BE6C-8CC5EB0A24D3}.Debug|iPhone.Build.0 = Debug|Any CPU
		{A054679A-C35F-4762-BE6C-8CC5EB0A24D3}.Debug|iPhoneSimulator.ActiveCfg = Debug|Any CPU
		{A054679A-C35F-4762-BE6C-8CC5EB0A24D3}.Debug|iPhoneSimulator.Build.0 = Debug|Any CPU
		{A054679A-C35F-4762-BE6C-8CC5EB0A24D3}.Debug|x64.ActiveCfg = Debug|Any CPU
		{A054679A-C35F-4762-BE6C-8CC5EB0A24D3}.Debug|x64.Build.0 = Debug|Any CPU
		{A054679A-C35F-4762-BE6C-8CC5EB0A24D3}.Debug|x86.ActiveCfg = Debug|Any CPU
		{A054679A-C35F-4762-BE6C-8CC5EB0A24D3}.Debug|x86.Build.0 = Debug|Any CPU
		{A054679A-C35F-4762-BE6C-8CC5EB0A24D3}.Release|Any CPU.ActiveCfg = Release|Any CPU
		{A054679A-C35F-4762-BE6C-8CC5EB0A24D3}.Release|Any CPU.Build.0 = Release|Any CPU
		{A054679A-C35F-4762-BE6C-8CC5EB0A24D3}.Release|ARM.ActiveCfg = Release|Any CPU
		{A054679A-C35F-4762-BE6C-8CC5EB0A24D3}.Release|ARM.Build.0 = Release|Any CPU
		{A054679A-C35F-4762-BE6C-8CC5EB0A24D3}.Release|iPhone.ActiveCfg = Release|Any CPU
		{A054679A-C35F-4762-BE6C-8CC5EB0A24D3}.Release|iPhone.Build.0 = Release|Any CPU
		{A054679A-C35F-4762-BE6C-8CC5EB0A24D3}.Release|iPhoneSimulator.ActiveCfg = Release|Any CPU
		{A054679A-C35F-4762-BE6C-8CC5EB0A24D3}.Release|iPhoneSimulator.Build.0 = Release|Any CPU
		{A054679A-C35F-4762-BE6C-8CC5EB0A24D3}.Release|x64.ActiveCfg = Release|Any CPU
		{A054679A-C35F-4762-BE6C-8CC5EB0A24D3}.Release|x64.Build.0 = Release|Any CPU
		{A054679A-C35F-4762-BE6C-8CC5EB0A24D3}.Release|x86.ActiveCfg = Release|Any CPU
		{A054679A-C35F-4762-BE6C-8CC5EB0A24D3}.Release|x86.Build.0 = Release|Any CPU
		{3135E10F-2371-4269-8838-9D74B5DEACEC}.Ad-Hoc|Any CPU.ActiveCfg = Debug|ARM
		{3135E10F-2371-4269-8838-9D74B5DEACEC}.Ad-Hoc|Any CPU.Build.0 = Debug|ARM
		{3135E10F-2371-4269-8838-9D74B5DEACEC}.Ad-Hoc|ARM.ActiveCfg = Debug|ARM
		{3135E10F-2371-4269-8838-9D74B5DEACEC}.Ad-Hoc|ARM.Build.0 = Debug|ARM
		{3135E10F-2371-4269-8838-9D74B5DEACEC}.Ad-Hoc|iPhone.ActiveCfg = Debug|ARM
		{3135E10F-2371-4269-8838-9D74B5DEACEC}.Ad-Hoc|iPhone.Build.0 = Debug|ARM
		{3135E10F-2371-4269-8838-9D74B5DEACEC}.Ad-Hoc|iPhoneSimulator.ActiveCfg = Debug|ARM
		{3135E10F-2371-4269-8838-9D74B5DEACEC}.Ad-Hoc|iPhoneSimulator.Build.0 = Debug|ARM
		{3135E10F-2371-4269-8838-9D74B5DEACEC}.Ad-Hoc|x64.ActiveCfg = Debug|x64
		{3135E10F-2371-4269-8838-9D74B5DEACEC}.Ad-Hoc|x64.Build.0 = Debug|x64
		{3135E10F-2371-4269-8838-9D74B5DEACEC}.Ad-Hoc|x86.ActiveCfg = Debug|x86
		{3135E10F-2371-4269-8838-9D74B5DEACEC}.Ad-Hoc|x86.Build.0 = Debug|x86
		{3135E10F-2371-4269-8838-9D74B5DEACEC}.AppStore|Any CPU.ActiveCfg = Debug|ARM
		{3135E10F-2371-4269-8838-9D74B5DEACEC}.AppStore|Any CPU.Build.0 = Debug|ARM
		{3135E10F-2371-4269-8838-9D74B5DEACEC}.AppStore|ARM.ActiveCfg = Debug|ARM
		{3135E10F-2371-4269-8838-9D74B5DEACEC}.AppStore|ARM.Build.0 = Debug|ARM
		{3135E10F-2371-4269-8838-9D74B5DEACEC}.AppStore|iPhone.ActiveCfg = Debug|ARM
		{3135E10F-2371-4269-8838-9D74B5DEACEC}.AppStore|iPhone.Build.0 = Debug|ARM
		{3135E10F-2371-4269-8838-9D74B5DEACEC}.AppStore|iPhoneSimulator.ActiveCfg = Debug|ARM
		{3135E10F-2371-4269-8838-9D74B5DEACEC}.AppStore|iPhoneSimulator.Build.0 = Debug|ARM
		{3135E10F-2371-4269-8838-9D74B5DEACEC}.AppStore|x64.ActiveCfg = Debug|x64
		{3135E10F-2371-4269-8838-9D74B5DEACEC}.AppStore|x64.Build.0 = Debug|x64
		{3135E10F-2371-4269-8838-9D74B5DEACEC}.AppStore|x86.ActiveCfg = Debug|x86
		{3135E10F-2371-4269-8838-9D74B5DEACEC}.AppStore|x86.Build.0 = Debug|x86
		{3135E10F-2371-4269-8838-9D74B5DEACEC}.Debug|Any CPU.ActiveCfg = Debug|ARM
		{3135E10F-2371-4269-8838-9D74B5DEACEC}.Debug|Any CPU.Build.0 = Debug|ARM
		{3135E10F-2371-4269-8838-9D74B5DEACEC}.Debug|ARM.ActiveCfg = Debug|ARM
		{3135E10F-2371-4269-8838-9D74B5DEACEC}.Debug|ARM.Build.0 = Debug|ARM
		{3135E10F-2371-4269-8838-9D74B5DEACEC}.Debug|iPhone.ActiveCfg = Debug|ARM
		{3135E10F-2371-4269-8838-9D74B5DEACEC}.Debug|iPhone.Build.0 = Debug|ARM
		{3135E10F-2371-4269-8838-9D74B5DEACEC}.Debug|iPhoneSimulator.ActiveCfg = Debug|ARM
		{3135E10F-2371-4269-8838-9D74B5DEACEC}.Debug|iPhoneSimulator.Build.0 = Debug|ARM
		{3135E10F-2371-4269-8838-9D74B5DEACEC}.Debug|x64.ActiveCfg = Debug|x64
		{3135E10F-2371-4269-8838-9D74B5DEACEC}.Debug|x64.Build.0 = Debug|x64
		{3135E10F-2371-4269-8838-9D74B5DEACEC}.Debug|x86.ActiveCfg = Debug|x86
		{3135E10F-2371-4269-8838-9D74B5DEACEC}.Debug|x86.Build.0 = Debug|x86
		{3135E10F-2371-4269-8838-9D74B5DEACEC}.Release|Any CPU.ActiveCfg = Release|ARM
		{3135E10F-2371-4269-8838-9D74B5DEACEC}.Release|Any CPU.Build.0 = Release|ARM
		{3135E10F-2371-4269-8838-9D74B5DEACEC}.Release|ARM.ActiveCfg = Release|ARM
		{3135E10F-2371-4269-8838-9D74B5DEACEC}.Release|ARM.Build.0 = Release|ARM
		{3135E10F-2371-4269-8838-9D74B5DEACEC}.Release|iPhone.ActiveCfg = Release|ARM
		{3135E10F-2371-4269-8838-9D74B5DEACEC}.Release|iPhone.Build.0 = Release|ARM
		{3135E10F-2371-4269-8838-9D74B5DEACEC}.Release|iPhoneSimulator.ActiveCfg = Release|ARM
		{3135E10F-2371-4269-8838-9D74B5DEACEC}.Release|iPhoneSimulator.Build.0 = Release|ARM
		{3135E10F-2371-4269-8838-9D74B5DEACEC}.Release|x64.ActiveCfg = Release|x64
		{3135E10F-2371-4269-8838-9D74B5DEACEC}.Release|x64.Build.0 = Release|x64
		{3135E10F-2371-4269-8838-9D74B5DEACEC}.Release|x86.ActiveCfg = Release|x86
		{3135E10F-2371-4269-8838-9D74B5DEACEC}.Release|x86.Build.0 = Release|x86
		{C6AA9931-1673-44BD-8815-EE9578EF9EA7}.Ad-Hoc|Any CPU.ActiveCfg = Debug|Any CPU
		{C6AA9931-1673-44BD-8815-EE9578EF9EA7}.Ad-Hoc|Any CPU.Build.0 = Debug|Any CPU
		{C6AA9931-1673-44BD-8815-EE9578EF9EA7}.Ad-Hoc|ARM.ActiveCfg = Debug|Any CPU
		{C6AA9931-1673-44BD-8815-EE9578EF9EA7}.Ad-Hoc|ARM.Build.0 = Debug|Any CPU
		{C6AA9931-1673-44BD-8815-EE9578EF9EA7}.Ad-Hoc|iPhone.ActiveCfg = Debug|Any CPU
		{C6AA9931-1673-44BD-8815-EE9578EF9EA7}.Ad-Hoc|iPhone.Build.0 = Debug|Any CPU
		{C6AA9931-1673-44BD-8815-EE9578EF9EA7}.Ad-Hoc|iPhoneSimulator.ActiveCfg = Debug|Any CPU
		{C6AA9931-1673-44BD-8815-EE9578EF9EA7}.Ad-Hoc|iPhoneSimulator.Build.0 = Debug|Any CPU
		{C6AA9931-1673-44BD-8815-EE9578EF9EA7}.Ad-Hoc|x64.ActiveCfg = Debug|Any CPU
		{C6AA9931-1673-44BD-8815-EE9578EF9EA7}.Ad-Hoc|x64.Build.0 = Debug|Any CPU
		{C6AA9931-1673-44BD-8815-EE9578EF9EA7}.Ad-Hoc|x86.ActiveCfg = Debug|Any CPU
		{C6AA9931-1673-44BD-8815-EE9578EF9EA7}.Ad-Hoc|x86.Build.0 = Debug|Any CPU
		{C6AA9931-1673-44BD-8815-EE9578EF9EA7}.AppStore|Any CPU.ActiveCfg = Debug|Any CPU
		{C6AA9931-1673-44BD-8815-EE9578EF9EA7}.AppStore|Any CPU.Build.0 = Debug|Any CPU
		{C6AA9931-1673-44BD-8815-EE9578EF9EA7}.AppStore|ARM.ActiveCfg = Debug|Any CPU
		{C6AA9931-1673-44BD-8815-EE9578EF9EA7}.AppStore|ARM.Build.0 = Debug|Any CPU
		{C6AA9931-1673-44BD-8815-EE9578EF9EA7}.AppStore|iPhone.ActiveCfg = Debug|Any CPU
		{C6AA9931-1673-44BD-8815-EE9578EF9EA7}.AppStore|iPhone.Build.0 = Debug|Any CPU
		{C6AA9931-1673-44BD-8815-EE9578EF9EA7}.AppStore|iPhoneSimulator.ActiveCfg = Debug|Any CPU
		{C6AA9931-1673-44BD-8815-EE9578EF9EA7}.AppStore|iPhoneSimulator.Build.0 = Debug|Any CPU
		{C6AA9931-1673-44BD-8815-EE9578EF9EA7}.AppStore|x64.ActiveCfg = Debug|Any CPU
		{C6AA9931-1673-44BD-8815-EE9578EF9EA7}.AppStore|x64.Build.0 = Debug|Any CPU
		{C6AA9931-1673-44BD-8815-EE9578EF9EA7}.AppStore|x86.ActiveCfg = Debug|Any CPU
		{C6AA9931-1673-44BD-8815-EE9578EF9EA7}.AppStore|x86.Build.0 = Debug|Any CPU
		{C6AA9931-1673-44BD-8815-EE9578EF9EA7}.Debug|Any CPU.ActiveCfg = Debug|Any CPU
		{C6AA9931-1673-44BD-8815-EE9578EF9EA7}.Debug|Any CPU.Build.0 = Debug|Any CPU
		{C6AA9931-1673-44BD-8815-EE9578EF9EA7}.Debug|ARM.ActiveCfg = Debug|Any CPU
		{C6AA9931-1673-44BD-8815-EE9578EF9EA7}.Debug|ARM.Build.0 = Debug|Any CPU
		{C6AA9931-1673-44BD-8815-EE9578EF9EA7}.Debug|iPhone.ActiveCfg = Debug|Any CPU
		{C6AA9931-1673-44BD-8815-EE9578EF9EA7}.Debug|iPhone.Build.0 = Debug|Any CPU
		{C6AA9931-1673-44BD-8815-EE9578EF9EA7}.Debug|iPhoneSimulator.ActiveCfg = Debug|Any CPU
		{C6AA9931-1673-44BD-8815-EE9578EF9EA7}.Debug|iPhoneSimulator.Build.0 = Debug|Any CPU
		{C6AA9931-1673-44BD-8815-EE9578EF9EA7}.Debug|x64.ActiveCfg = Debug|Any CPU
		{C6AA9931-1673-44BD-8815-EE9578EF9EA7}.Debug|x64.Build.0 = Debug|Any CPU
		{C6AA9931-1673-44BD-8815-EE9578EF9EA7}.Debug|x86.ActiveCfg = Debug|Any CPU
		{C6AA9931-1673-44BD-8815-EE9578EF9EA7}.Debug|x86.Build.0 = Debug|Any CPU
		{C6AA9931-1673-44BD-8815-EE9578EF9EA7}.Release|Any CPU.ActiveCfg = Release|Any CPU
		{C6AA9931-1673-44BD-8815-EE9578EF9EA7}.Release|Any CPU.Build.0 = Release|Any CPU
		{C6AA9931-1673-44BD-8815-EE9578EF9EA7}.Release|ARM.ActiveCfg = Release|Any CPU
		{C6AA9931-1673-44BD-8815-EE9578EF9EA7}.Release|ARM.Build.0 = Release|Any CPU
		{C6AA9931-1673-44BD-8815-EE9578EF9EA7}.Release|iPhone.ActiveCfg = Release|Any CPU
		{C6AA9931-1673-44BD-8815-EE9578EF9EA7}.Release|iPhone.Build.0 = Release|Any CPU
		{C6AA9931-1673-44BD-8815-EE9578EF9EA7}.Release|iPhoneSimulator.ActiveCfg = Release|Any CPU
		{C6AA9931-1673-44BD-8815-EE9578EF9EA7}.Release|iPhoneSimulator.Build.0 = Release|Any CPU
		{C6AA9931-1673-44BD-8815-EE9578EF9EA7}.Release|x64.ActiveCfg = Release|Any CPU
		{C6AA9931-1673-44BD-8815-EE9578EF9EA7}.Release|x64.Build.0 = Release|Any CPU
		{C6AA9931-1673-44BD-8815-EE9578EF9EA7}.Release|x86.ActiveCfg = Release|Any CPU
		{C6AA9931-1673-44BD-8815-EE9578EF9EA7}.Release|x86.Build.0 = Release|Any CPU
		{58FFE8BC-131E-4D0C-BAE9-01FC24D97A41}.Ad-Hoc|Any CPU.ActiveCfg = Debug|Any CPU
		{58FFE8BC-131E-4D0C-BAE9-01FC24D97A41}.Ad-Hoc|Any CPU.Build.0 = Debug|Any CPU
		{58FFE8BC-131E-4D0C-BAE9-01FC24D97A41}.Ad-Hoc|ARM.ActiveCfg = Debug|Any CPU
		{58FFE8BC-131E-4D0C-BAE9-01FC24D97A41}.Ad-Hoc|ARM.Build.0 = Debug|Any CPU
		{58FFE8BC-131E-4D0C-BAE9-01FC24D97A41}.Ad-Hoc|iPhone.ActiveCfg = Debug|Any CPU
		{58FFE8BC-131E-4D0C-BAE9-01FC24D97A41}.Ad-Hoc|iPhone.Build.0 = Debug|Any CPU
		{58FFE8BC-131E-4D0C-BAE9-01FC24D97A41}.Ad-Hoc|iPhoneSimulator.ActiveCfg = Debug|Any CPU
		{58FFE8BC-131E-4D0C-BAE9-01FC24D97A41}.Ad-Hoc|iPhoneSimulator.Build.0 = Debug|Any CPU
		{58FFE8BC-131E-4D0C-BAE9-01FC24D97A41}.Ad-Hoc|x64.ActiveCfg = Debug|Any CPU
		{58FFE8BC-131E-4D0C-BAE9-01FC24D97A41}.Ad-Hoc|x64.Build.0 = Debug|Any CPU
		{58FFE8BC-131E-4D0C-BAE9-01FC24D97A41}.Ad-Hoc|x86.ActiveCfg = Debug|Any CPU
		{58FFE8BC-131E-4D0C-BAE9-01FC24D97A41}.Ad-Hoc|x86.Build.0 = Debug|Any CPU
		{58FFE8BC-131E-4D0C-BAE9-01FC24D97A41}.AppStore|Any CPU.ActiveCfg = Debug|Any CPU
		{58FFE8BC-131E-4D0C-BAE9-01FC24D97A41}.AppStore|Any CPU.Build.0 = Debug|Any CPU
		{58FFE8BC-131E-4D0C-BAE9-01FC24D97A41}.AppStore|ARM.ActiveCfg = Debug|Any CPU
		{58FFE8BC-131E-4D0C-BAE9-01FC24D97A41}.AppStore|ARM.Build.0 = Debug|Any CPU
		{58FFE8BC-131E-4D0C-BAE9-01FC24D97A41}.AppStore|iPhone.ActiveCfg = Debug|Any CPU
		{58FFE8BC-131E-4D0C-BAE9-01FC24D97A41}.AppStore|iPhone.Build.0 = Debug|Any CPU
		{58FFE8BC-131E-4D0C-BAE9-01FC24D97A41}.AppStore|iPhoneSimulator.ActiveCfg = Debug|Any CPU
		{58FFE8BC-131E-4D0C-BAE9-01FC24D97A41}.AppStore|iPhoneSimulator.Build.0 = Debug|Any CPU
		{58FFE8BC-131E-4D0C-BAE9-01FC24D97A41}.AppStore|x64.ActiveCfg = Debug|Any CPU
		{58FFE8BC-131E-4D0C-BAE9-01FC24D97A41}.AppStore|x64.Build.0 = Debug|Any CPU
		{58FFE8BC-131E-4D0C-BAE9-01FC24D97A41}.AppStore|x86.ActiveCfg = Debug|Any CPU
		{58FFE8BC-131E-4D0C-BAE9-01FC24D97A41}.AppStore|x86.Build.0 = Debug|Any CPU
		{58FFE8BC-131E-4D0C-BAE9-01FC24D97A41}.Debug|Any CPU.ActiveCfg = Debug|Any CPU
		{58FFE8BC-131E-4D0C-BAE9-01FC24D97A41}.Debug|Any CPU.Build.0 = Debug|Any CPU
		{58FFE8BC-131E-4D0C-BAE9-01FC24D97A41}.Debug|ARM.ActiveCfg = Debug|Any CPU
		{58FFE8BC-131E-4D0C-BAE9-01FC24D97A41}.Debug|ARM.Build.0 = Debug|Any CPU
		{58FFE8BC-131E-4D0C-BAE9-01FC24D97A41}.Debug|iPhone.ActiveCfg = Debug|Any CPU
		{58FFE8BC-131E-4D0C-BAE9-01FC24D97A41}.Debug|iPhone.Build.0 = Debug|Any CPU
		{58FFE8BC-131E-4D0C-BAE9-01FC24D97A41}.Debug|iPhoneSimulator.ActiveCfg = Debug|Any CPU
		{58FFE8BC-131E-4D0C-BAE9-01FC24D97A41}.Debug|iPhoneSimulator.Build.0 = Debug|Any CPU
		{58FFE8BC-131E-4D0C-BAE9-01FC24D97A41}.Debug|x64.ActiveCfg = Debug|Any CPU
		{58FFE8BC-131E-4D0C-BAE9-01FC24D97A41}.Debug|x64.Build.0 = Debug|Any CPU
		{58FFE8BC-131E-4D0C-BAE9-01FC24D97A41}.Debug|x86.ActiveCfg = Debug|Any CPU
		{58FFE8BC-131E-4D0C-BAE9-01FC24D97A41}.Debug|x86.Build.0 = Debug|Any CPU
		{58FFE8BC-131E-4D0C-BAE9-01FC24D97A41}.Release|Any CPU.ActiveCfg = Release|Any CPU
		{58FFE8BC-131E-4D0C-BAE9-01FC24D97A41}.Release|Any CPU.Build.0 = Release|Any CPU
		{58FFE8BC-131E-4D0C-BAE9-01FC24D97A41}.Release|ARM.ActiveCfg = Release|Any CPU
		{58FFE8BC-131E-4D0C-BAE9-01FC24D97A41}.Release|ARM.Build.0 = Release|Any CPU
		{58FFE8BC-131E-4D0C-BAE9-01FC24D97A41}.Release|iPhone.ActiveCfg = Release|Any CPU
		{58FFE8BC-131E-4D0C-BAE9-01FC24D97A41}.Release|iPhone.Build.0 = Release|Any CPU
		{58FFE8BC-131E-4D0C-BAE9-01FC24D97A41}.Release|iPhoneSimulator.ActiveCfg = Release|Any CPU
		{58FFE8BC-131E-4D0C-BAE9-01FC24D97A41}.Release|iPhoneSimulator.Build.0 = Release|Any CPU
		{58FFE8BC-131E-4D0C-BAE9-01FC24D97A41}.Release|x64.ActiveCfg = Release|Any CPU
		{58FFE8BC-131E-4D0C-BAE9-01FC24D97A41}.Release|x64.Build.0 = Release|Any CPU
		{58FFE8BC-131E-4D0C-BAE9-01FC24D97A41}.Release|x86.ActiveCfg = Release|Any CPU
		{58FFE8BC-131E-4D0C-BAE9-01FC24D97A41}.Release|x86.Build.0 = Release|Any CPU
	EndGlobalSection
	GlobalSection(SolutionProperties) = preSolution
		HideSolutionNode = FALSE
	EndGlobalSection
	GlobalSection(NestedProjects) = preSolution
		{DDE5999E-9B22-475E-8085-B9BE1E6CA0E7} = {FD5BCC14-38B5-4AF5-BECE-4ACDB55980AF}
		{35B0AA6D-2157-4833-AB7E-4ADE3170A55B} = {DDE5999E-9B22-475E-8085-B9BE1E6CA0E7}
		{AFB9A816-2796-426C-AE7D-73AAE02DDD23} = {DDE5999E-9B22-475E-8085-B9BE1E6CA0E7}
		{01E3C41B-995E-4871-A521-CD1090E53EBB} = {DDE5999E-9B22-475E-8085-B9BE1E6CA0E7}
		{98D298A1-BBD7-4A11-AC15-DABABD8A0DC3} = {FD5BCC14-38B5-4AF5-BECE-4ACDB55980AF}
		{53EFA3AF-FE75-4B41-906F-39270F2A8F88} = {98D298A1-BBD7-4A11-AC15-DABABD8A0DC3}
		{5EA78E96-7953-47D8-A8C5-423588C67930} = {98D298A1-BBD7-4A11-AC15-DABABD8A0DC3}
		{53BE41A0-1254-4C21-878A-A8EA9E0D1B84} = {98D298A1-BBD7-4A11-AC15-DABABD8A0DC3}
		{57FF901F-443E-4F3C-AF1C-0D0B110D310B} = {3C6CAAC3-BC48-41C9-AB48-A305822E117B}
		{96E59373-A51C-4CC2-ADD4-13E496DA2D28} = {3C6CAAC3-BC48-41C9-AB48-A305822E117B}
		{27FE516D-8C89-4152-B9F7-3002FBCD32BC} = {3C6CAAC3-BC48-41C9-AB48-A305822E117B}
		{33F3590D-39FF-408E-8AAC-C2570A2555F5} = {3C6CAAC3-BC48-41C9-AB48-A305822E117B}
		{8A026244-98AB-4AB7-BD9C-23ABB2231978} = {3BCD742A-E005-4A14-A783-85AD92231400}
		{BF35DF6A-44A4-4913-ABB8-A622DA270749} = {8A026244-98AB-4AB7-BD9C-23ABB2231978}
		{D59C0919-4902-44A2-A9C6-AE2E5A2C4751} = {8A026244-98AB-4AB7-BD9C-23ABB2231978}
		{418E6A5A-F828-47A9-9A6A-06E6536021DB} = {8A026244-98AB-4AB7-BD9C-23ABB2231978}
		{70D65A62-5C65-4C49-8DFD-41AECB11CC96} = {3BCD742A-E005-4A14-A783-85AD92231400}
		{BD90FCFF-6567-4EC5-8757-8BCC75190D27} = {70D65A62-5C65-4C49-8DFD-41AECB11CC96}
		{12B1BBB3-4D7D-406C-A197-29DAD7E18E36} = {70D65A62-5C65-4C49-8DFD-41AECB11CC96}
		{A054679A-C35F-4762-BE6C-8CC5EB0A24D3} = {70D65A62-5C65-4C49-8DFD-41AECB11CC96}
		{3135E10F-2371-4269-8838-9D74B5DEACEC} = {70D65A62-5C65-4C49-8DFD-41AECB11CC96}
		{C6AA9931-1673-44BD-8815-EE9578EF9EA7} = {DDE5999E-9B22-475E-8085-B9BE1E6CA0E7}
		{58FFE8BC-131E-4D0C-BAE9-01FC24D97A41} = {98D298A1-BBD7-4A11-AC15-DABABD8A0DC3}
	EndGlobalSection
	GlobalSection(ExtensibilityGlobals) = postSolution
		SolutionGuid = {E13DEF66-9A2C-4A64-8971-2FACC99E4D9C}
	EndGlobalSection
EndGlobal
