
Microsoft Visual Studio Solution File, Format Version 12.00
# Visual Studio 15
VisualStudioVersion = 15.0.27130.2003
MinimumVisualStudioVersion = 10.0.40219.1
Project("{FAE04EC0-301F-11D3-BF4B-00C04F79EFBC}") = "RobotLegoXamarin.iOS", "RobotLegoXamarin.iOS\RobotLegoXamarin.iOS.csproj", "{12B1BBB3-4D7D-406C-A197-29DAD7E18E36}"
EndProject
Project("{FAE04EC0-301F-11D3-BF4B-00C04F79EFBC}") = "RobotLegoXamarin.UWP", "RobotLegoXamarin.UWP\RobotLegoXamarin.UWP.csproj", "{3135E10F-2371-4269-8838-9D74B5DEACEC}"
EndProject
Project("{FAE04EC0-301F-11D3-BF4B-00C04F79EFBC}") = "RobotLegoXamarin", "RobotLegoXamarin\RobotLegoXamarin.csproj", "{5407432D-616E-4462-BD1D-FB189232E9C0}"
EndProject
Project("{2150E333-8FDC-42A3-9474-1A3956D46DE8}") = "UILib", "UILib", "{CAC5777C-671A-4912-9447-B6ED440AC154}"
EndProject
Project("{FAE04EC0-301F-11D3-BF4B-00C04F79EFBC}") = "Lego.EV3.UILib.iOS", "Lego.EV3.UILib\Lego.EV3.UILib.iOS\Lego.EV3.UILib.iOS.csproj", "{96E59373-A51C-4CC2-ADD4-13E496DA2D28}"
EndProject
Project("{FAE04EC0-301F-11D3-BF4B-00C04F79EFBC}") = "Lego.EV3.UILib", "Lego.EV3.UILib\Lego.EV3.UILib\Lego.EV3.UILib.csproj", "{FBB6E0E3-7AFA-4856-A90F-31E337EA3E6E}"
EndProject
Project("{2150E333-8FDC-42A3-9474-1A3956D46DE8}") = "AsyncEV3", "AsyncEV3", "{F4AE6933-1C56-45E7-97DE-425AF6EBBDE8}"
EndProject
Project("{FAE04EC0-301F-11D3-BF4B-00C04F79EFBC}") = "AsyncEV3Lib.UWP", "AsyncEV3Lib.UWP\AsyncEV3Lib.UWP.csproj", "{53BE41A0-1254-4C21-878A-A8EA9E0D1B84}"
EndProject
Project("{FAE04EC0-301F-11D3-BF4B-00C04F79EFBC}") = "Lego.EV3.Shared", "Lego.EV3.Shared\Lego.EV3.Shared.csproj", "{4C8230B0-6385-4592-9037-A9E29304CB2F}"
EndProject
Project("{FAE04EC0-301F-11D3-BF4B-00C04F79EFBC}") = "AsyncEV3Lib", "AsyncEV3Lib\AsyncEV3Lib.csproj", "{8528F9C7-1951-4AAF-A865-2CB03DBFF425}"
EndProject
Project("{FAE04EC0-301F-11D3-BF4B-00C04F79EFBC}") = "Lego.EV3.UILib.UWP", "Lego.EV3.UILib\Lego.EV3.UILib.UWP\Lego.EV3.UILib.UWP.csproj", "{33F3590D-39FF-408E-8AAC-C2570A2555F5}"
EndProject
Project("{FAE04EC0-301F-11D3-BF4B-00C04F79EFBC}") = "Lego.EV3.UWP", "Lego.EV3.UWP\Lego.EV3.UWP.csproj", "{01E3C41B-995E-4871-A521-CD1090E53EBB}"
EndProject
Project("{2150E333-8FDC-42A3-9474-1A3956D46DE8}") = "Samples", "Samples", "{41E5F326-8B3E-4A39-A080-B0ECAEE30A25}"
EndProject
Project("{2150E333-8FDC-42A3-9474-1A3956D46DE8}") = "RobotLegoXamarin", "RobotLegoXamarin", "{7B243128-9CCA-47FE-BFCA-48E1EF83002A}"
EndProject
Project("{2150E333-8FDC-42A3-9474-1A3956D46DE8}") = "FirstSample", "FirstSample", "{28F059A4-320B-4D89-943F-788EB84F8BE1}"
EndProject
Project("{FAE04EC0-301F-11D3-BF4B-00C04F79EFBC}") = "FirstSampleApp.iOS", "FirstSampleApp\FirstSampleApp.iOS\FirstSampleApp.iOS.csproj", "{D59C0919-4902-44A2-A9C6-AE2E5A2C4751}"
EndProject
Project("{FAE04EC0-301F-11D3-BF4B-00C04F79EFBC}") = "FirstSampleApp.UWP", "FirstSampleApp\FirstSampleApp.UWP\FirstSampleApp.UWP.csproj", "{DEC82EBA-DCBC-4535-A300-2DD6B622AB80}"
EndProject
Project("{FAE04EC0-301F-11D3-BF4B-00C04F79EFBC}") = "FirstSampleApp", "FirstSampleApp\FirstSampleApp\FirstSampleApp.csproj", "{23D0E1A3-8BE9-4BD6-AA6A-B912595257B2}"
EndProject
Project("{2150E333-8FDC-42A3-9474-1A3956D46DE8}") = "UselessBoxShow", "UselessBoxShow", "{AF1F46AA-4CAE-4F2E-9D7D-17C14EB7C2BA}"
EndProject
Project("{FAE04EC0-301F-11D3-BF4B-00C04F79EFBC}") = "UselessBoxController.Android", "UselessBoxController\UselessBoxController.Android\UselessBoxController.Android.csproj", "{ED375494-2296-4237-89D7-0E19EE0636DA}"
EndProject
Project("{FAE04EC0-301F-11D3-BF4B-00C04F79EFBC}") = "UselessBoxController.iOS", "UselessBoxController\UselessBoxController.iOS\UselessBoxController.iOS.csproj", "{E6138CB5-363A-4406-94A5-D5E65F80E2F0}"
EndProject
Project("{FAE04EC0-301F-11D3-BF4B-00C04F79EFBC}") = "UselessBoxController.UWP", "UselessBoxController\UselessBoxController.UWP\UselessBoxController.UWP.csproj", "{7427ADE4-6214-4158-85D0-EA59DFC21926}"
EndProject
Project("{FAE04EC0-301F-11D3-BF4B-00C04F79EFBC}") = "UselessBoxController", "UselessBoxController\UselessBoxController\UselessBoxController.csproj", "{6393EA01-59B7-45C7-8E07-2BC4E5E87506}"
EndProject
Project("{FAE04EC0-301F-11D3-BF4B-00C04F79EFBC}") = "AsyncEV3Lib.iOS", "AsyncEV3Lib.iOS\AsyncEV3Lib.iOS.csproj", "{5EA78E96-7953-47D8-A8C5-423588C67930}"
EndProject
Project("{FAE04EC0-301F-11D3-BF4B-00C04F79EFBC}") = "Lego.EV3.iOS", "Lego.EV3.iOS\Lego.EV3.iOS.csproj", "{AFB9A816-2796-426C-AE7D-73AAE02DDD23}"
EndProject
Project("{FAE04EC0-301F-11D3-BF4B-00C04F79EFBC}") = "Lego.EV3.UILib.Android", "Lego.EV3.UILib\Lego.EV3.UILib.Android\Lego.EV3.UILib.Android.csproj", "{27FE516D-8C89-4152-B9F7-3002FBCD32BC}"
EndProject
Project("{FAE04EC0-301F-11D3-BF4B-00C04F79EFBC}") = "FirstSampleApp.Android", "FirstSampleApp\FirstSampleApp.Android\FirstSampleApp.Android.csproj", "{418E6A5A-F828-47A9-9A6A-06E6536021DB}"
EndProject
Project("{FAE04EC0-301F-11D3-BF4B-00C04F79EFBC}") = "RobotLegoXamarin.Android", "RobotLegoXamarin.Android\RobotLegoXamarin.Android.csproj", "{A054679A-C35F-4762-BE6C-8CC5EB0A24D3}"
EndProject
Global
	GlobalSection(SolutionConfigurationPlatforms) = preSolution
		Ad-Hoc|Any CPU = Ad-Hoc|Any CPU
		Ad-Hoc|ARM = Ad-Hoc|ARM
		Ad-Hoc|iPhone = Ad-Hoc|iPhone
		Ad-Hoc|iPhoneSimulator = Ad-Hoc|iPhoneSimulator
		Ad-Hoc|x64 = Ad-Hoc|x64
		Ad-Hoc|x86 = Ad-Hoc|x86
		AppStore|Any CPU = AppStore|Any CPU
		AppStore|ARM = AppStore|ARM
		AppStore|iPhone = AppStore|iPhone
		AppStore|iPhoneSimulator = AppStore|iPhoneSimulator
		AppStore|x64 = AppStore|x64
		AppStore|x86 = AppStore|x86
		Debug|Any CPU = Debug|Any CPU
		Debug|ARM = Debug|ARM
		Debug|iPhone = Debug|iPhone
		Debug|iPhoneSimulator = Debug|iPhoneSimulator
		Debug|x64 = Debug|x64
		Debug|x86 = Debug|x86
		Release|Any CPU = Release|Any CPU
		Release|ARM = Release|ARM
		Release|iPhone = Release|iPhone
		Release|iPhoneSimulator = Release|iPhoneSimulator
		Release|x64 = Release|x64
		Release|x86 = Release|x86
	EndGlobalSection
	GlobalSection(ProjectConfigurationPlatforms) = postSolution
		{12B1BBB3-4D7D-406C-A197-29DAD7E18E36}.Ad-Hoc|Any CPU.ActiveCfg = Ad-Hoc|iPhone
		{12B1BBB3-4D7D-406C-A197-29DAD7E18E36}.Ad-Hoc|ARM.ActiveCfg = Ad-Hoc|iPhone
		{12B1BBB3-4D7D-406C-A197-29DAD7E18E36}.Ad-Hoc|iPhone.ActiveCfg = Ad-Hoc|iPhone
		{12B1BBB3-4D7D-406C-A197-29DAD7E18E36}.Ad-Hoc|iPhone.Build.0 = Ad-Hoc|iPhone
		{12B1BBB3-4D7D-406C-A197-29DAD7E18E36}.Ad-Hoc|iPhoneSimulator.ActiveCfg = Ad-Hoc|iPhoneSimulator
		{12B1BBB3-4D7D-406C-A197-29DAD7E18E36}.Ad-Hoc|iPhoneSimulator.Build.0 = Ad-Hoc|iPhoneSimulator
		{12B1BBB3-4D7D-406C-A197-29DAD7E18E36}.Ad-Hoc|x64.ActiveCfg = Ad-Hoc|iPhone
		{12B1BBB3-4D7D-406C-A197-29DAD7E18E36}.Ad-Hoc|x86.ActiveCfg = Ad-Hoc|iPhone
		{12B1BBB3-4D7D-406C-A197-29DAD7E18E36}.AppStore|Any CPU.ActiveCfg = AppStore|iPhone
		{12B1BBB3-4D7D-406C-A197-29DAD7E18E36}.AppStore|ARM.ActiveCfg = AppStore|iPhone
		{12B1BBB3-4D7D-406C-A197-29DAD7E18E36}.AppStore|iPhone.ActiveCfg = AppStore|iPhone
		{12B1BBB3-4D7D-406C-A197-29DAD7E18E36}.AppStore|iPhone.Build.0 = AppStore|iPhone
		{12B1BBB3-4D7D-406C-A197-29DAD7E18E36}.AppStore|iPhoneSimulator.ActiveCfg = AppStore|iPhoneSimulator
		{12B1BBB3-4D7D-406C-A197-29DAD7E18E36}.AppStore|iPhoneSimulator.Build.0 = AppStore|iPhoneSimulator
		{12B1BBB3-4D7D-406C-A197-29DAD7E18E36}.AppStore|x64.ActiveCfg = AppStore|iPhone
		{12B1BBB3-4D7D-406C-A197-29DAD7E18E36}.AppStore|x86.ActiveCfg = AppStore|iPhone
		{12B1BBB3-4D7D-406C-A197-29DAD7E18E36}.Debug|Any CPU.ActiveCfg = Debug|iPhone
		{12B1BBB3-4D7D-406C-A197-29DAD7E18E36}.Debug|ARM.ActiveCfg = Debug|iPhone
		{12B1BBB3-4D7D-406C-A197-29DAD7E18E36}.Debug|iPhone.ActiveCfg = Debug|iPhone
		{12B1BBB3-4D7D-406C-A197-29DAD7E18E36}.Debug|iPhone.Build.0 = Debug|iPhone
		{12B1BBB3-4D7D-406C-A197-29DAD7E18E36}.Debug|iPhoneSimulator.ActiveCfg = Debug|iPhoneSimulator
		{12B1BBB3-4D7D-406C-A197-29DAD7E18E36}.Debug|iPhoneSimulator.Build.0 = Debug|iPhoneSimulator
		{12B1BBB3-4D7D-406C-A197-29DAD7E18E36}.Debug|x64.ActiveCfg = Debug|iPhone
		{12B1BBB3-4D7D-406C-A197-29DAD7E18E36}.Debug|x86.ActiveCfg = Debug|iPhone
		{12B1BBB3-4D7D-406C-A197-29DAD7E18E36}.Release|Any CPU.ActiveCfg = Release|iPhone
		{12B1BBB3-4D7D-406C-A197-29DAD7E18E36}.Release|ARM.ActiveCfg = Release|iPhone
		{12B1BBB3-4D7D-406C-A197-29DAD7E18E36}.Release|iPhone.ActiveCfg = Release|iPhone
		{12B1BBB3-4D7D-406C-A197-29DAD7E18E36}.Release|iPhone.Build.0 = Release|iPhone
		{12B1BBB3-4D7D-406C-A197-29DAD7E18E36}.Release|iPhoneSimulator.ActiveCfg = Release|iPhoneSimulator
		{12B1BBB3-4D7D-406C-A197-29DAD7E18E36}.Release|iPhoneSimulator.Build.0 = Release|iPhoneSimulator
		{12B1BBB3-4D7D-406C-A197-29DAD7E18E36}.Release|x64.ActiveCfg = Release|iPhone
		{12B1BBB3-4D7D-406C-A197-29DAD7E18E36}.Release|x86.ActiveCfg = Release|iPhone
		{3135E10F-2371-4269-8838-9D74B5DEACEC}.Ad-Hoc|Any CPU.ActiveCfg = Release|x86
		{3135E10F-2371-4269-8838-9D74B5DEACEC}.Ad-Hoc|Any CPU.Build.0 = Release|x86
		{3135E10F-2371-4269-8838-9D74B5DEACEC}.Ad-Hoc|Any CPU.Deploy.0 = Release|x86
		{3135E10F-2371-4269-8838-9D74B5DEACEC}.Ad-Hoc|ARM.ActiveCfg = Release|ARM
		{3135E10F-2371-4269-8838-9D74B5DEACEC}.Ad-Hoc|ARM.Build.0 = Release|ARM
		{3135E10F-2371-4269-8838-9D74B5DEACEC}.Ad-Hoc|ARM.Deploy.0 = Release|ARM
		{3135E10F-2371-4269-8838-9D74B5DEACEC}.Ad-Hoc|iPhone.ActiveCfg = Release|x86
		{3135E10F-2371-4269-8838-9D74B5DEACEC}.Ad-Hoc|iPhone.Build.0 = Release|x86
		{3135E10F-2371-4269-8838-9D74B5DEACEC}.Ad-Hoc|iPhone.Deploy.0 = Release|x86
		{3135E10F-2371-4269-8838-9D74B5DEACEC}.Ad-Hoc|iPhoneSimulator.ActiveCfg = Release|x86
		{3135E10F-2371-4269-8838-9D74B5DEACEC}.Ad-Hoc|iPhoneSimulator.Build.0 = Release|x86
		{3135E10F-2371-4269-8838-9D74B5DEACEC}.Ad-Hoc|iPhoneSimulator.Deploy.0 = Release|x86
		{3135E10F-2371-4269-8838-9D74B5DEACEC}.Ad-Hoc|x64.ActiveCfg = Release|x64
		{3135E10F-2371-4269-8838-9D74B5DEACEC}.Ad-Hoc|x64.Build.0 = Release|x64
		{3135E10F-2371-4269-8838-9D74B5DEACEC}.Ad-Hoc|x64.Deploy.0 = Release|x64
		{3135E10F-2371-4269-8838-9D74B5DEACEC}.Ad-Hoc|x86.ActiveCfg = Release|x86
		{3135E10F-2371-4269-8838-9D74B5DEACEC}.Ad-Hoc|x86.Build.0 = Release|x86
		{3135E10F-2371-4269-8838-9D74B5DEACEC}.Ad-Hoc|x86.Deploy.0 = Release|x86
		{3135E10F-2371-4269-8838-9D74B5DEACEC}.AppStore|Any CPU.ActiveCfg = Release|x86
		{3135E10F-2371-4269-8838-9D74B5DEACEC}.AppStore|Any CPU.Build.0 = Release|x86
		{3135E10F-2371-4269-8838-9D74B5DEACEC}.AppStore|Any CPU.Deploy.0 = Release|x86
		{3135E10F-2371-4269-8838-9D74B5DEACEC}.AppStore|ARM.ActiveCfg = Release|ARM
		{3135E10F-2371-4269-8838-9D74B5DEACEC}.AppStore|ARM.Build.0 = Release|ARM
		{3135E10F-2371-4269-8838-9D74B5DEACEC}.AppStore|ARM.Deploy.0 = Release|ARM
		{3135E10F-2371-4269-8838-9D74B5DEACEC}.AppStore|iPhone.ActiveCfg = Release|x86
		{3135E10F-2371-4269-8838-9D74B5DEACEC}.AppStore|iPhone.Build.0 = Release|x86
		{3135E10F-2371-4269-8838-9D74B5DEACEC}.AppStore|iPhone.Deploy.0 = Release|x86
		{3135E10F-2371-4269-8838-9D74B5DEACEC}.AppStore|iPhoneSimulator.ActiveCfg = Release|x86
		{3135E10F-2371-4269-8838-9D74B5DEACEC}.AppStore|iPhoneSimulator.Build.0 = Release|x86
		{3135E10F-2371-4269-8838-9D74B5DEACEC}.AppStore|iPhoneSimulator.Deploy.0 = Release|x86
		{3135E10F-2371-4269-8838-9D74B5DEACEC}.AppStore|x64.ActiveCfg = Release|x64
		{3135E10F-2371-4269-8838-9D74B5DEACEC}.AppStore|x64.Build.0 = Release|x64
		{3135E10F-2371-4269-8838-9D74B5DEACEC}.AppStore|x64.Deploy.0 = Release|x64
		{3135E10F-2371-4269-8838-9D74B5DEACEC}.AppStore|x86.ActiveCfg = Release|x86
		{3135E10F-2371-4269-8838-9D74B5DEACEC}.AppStore|x86.Build.0 = Release|x86
		{3135E10F-2371-4269-8838-9D74B5DEACEC}.AppStore|x86.Deploy.0 = Release|x86
		{3135E10F-2371-4269-8838-9D74B5DEACEC}.Debug|Any CPU.ActiveCfg = Debug|x86
		{3135E10F-2371-4269-8838-9D74B5DEACEC}.Debug|ARM.ActiveCfg = Debug|ARM
		{3135E10F-2371-4269-8838-9D74B5DEACEC}.Debug|ARM.Build.0 = Debug|ARM
		{3135E10F-2371-4269-8838-9D74B5DEACEC}.Debug|ARM.Deploy.0 = Debug|ARM
		{3135E10F-2371-4269-8838-9D74B5DEACEC}.Debug|iPhone.ActiveCfg = Debug|x86
		{3135E10F-2371-4269-8838-9D74B5DEACEC}.Debug|iPhoneSimulator.ActiveCfg = Debug|x86
		{3135E10F-2371-4269-8838-9D74B5DEACEC}.Debug|x64.ActiveCfg = Debug|x64
		{3135E10F-2371-4269-8838-9D74B5DEACEC}.Debug|x64.Build.0 = Debug|x64
		{3135E10F-2371-4269-8838-9D74B5DEACEC}.Debug|x64.Deploy.0 = Debug|x64
		{3135E10F-2371-4269-8838-9D74B5DEACEC}.Debug|x86.ActiveCfg = Debug|x86
		{3135E10F-2371-4269-8838-9D74B5DEACEC}.Debug|x86.Build.0 = Debug|x86
		{3135E10F-2371-4269-8838-9D74B5DEACEC}.Debug|x86.Deploy.0 = Debug|x86
		{3135E10F-2371-4269-8838-9D74B5DEACEC}.Release|Any CPU.ActiveCfg = Release|x86
		{3135E10F-2371-4269-8838-9D74B5DEACEC}.Release|ARM.ActiveCfg = Release|ARM
		{3135E10F-2371-4269-8838-9D74B5DEACEC}.Release|ARM.Build.0 = Release|ARM
		{3135E10F-2371-4269-8838-9D74B5DEACEC}.Release|ARM.Deploy.0 = Release|ARM
		{3135E10F-2371-4269-8838-9D74B5DEACEC}.Release|iPhone.ActiveCfg = Release|x86
		{3135E10F-2371-4269-8838-9D74B5DEACEC}.Release|iPhoneSimulator.ActiveCfg = Release|x86
		{3135E10F-2371-4269-8838-9D74B5DEACEC}.Release|x64.ActiveCfg = Release|x64
		{3135E10F-2371-4269-8838-9D74B5DEACEC}.Release|x64.Build.0 = Release|x64
		{3135E10F-2371-4269-8838-9D74B5DEACEC}.Release|x64.Deploy.0 = Release|x64
		{3135E10F-2371-4269-8838-9D74B5DEACEC}.Release|x86.ActiveCfg = Release|x86
		{3135E10F-2371-4269-8838-9D74B5DEACEC}.Release|x86.Build.0 = Release|x86
		{3135E10F-2371-4269-8838-9D74B5DEACEC}.Release|x86.Deploy.0 = Release|x86
		{5407432D-616E-4462-BD1D-FB189232E9C0}.Ad-Hoc|Any CPU.ActiveCfg = Debug|Any CPU
		{5407432D-616E-4462-BD1D-FB189232E9C0}.Ad-Hoc|Any CPU.Build.0 = Debug|Any CPU
		{5407432D-616E-4462-BD1D-FB189232E9C0}.Ad-Hoc|ARM.ActiveCfg = Debug|Any CPU
		{5407432D-616E-4462-BD1D-FB189232E9C0}.Ad-Hoc|ARM.Build.0 = Debug|Any CPU
		{5407432D-616E-4462-BD1D-FB189232E9C0}.Ad-Hoc|iPhone.ActiveCfg = Debug|Any CPU
		{5407432D-616E-4462-BD1D-FB189232E9C0}.Ad-Hoc|iPhone.Build.0 = Debug|Any CPU
		{5407432D-616E-4462-BD1D-FB189232E9C0}.Ad-Hoc|iPhoneSimulator.ActiveCfg = Debug|Any CPU
		{5407432D-616E-4462-BD1D-FB189232E9C0}.Ad-Hoc|iPhoneSimulator.Build.0 = Debug|Any CPU
		{5407432D-616E-4462-BD1D-FB189232E9C0}.Ad-Hoc|x64.ActiveCfg = Debug|Any CPU
		{5407432D-616E-4462-BD1D-FB189232E9C0}.Ad-Hoc|x64.Build.0 = Debug|Any CPU
		{5407432D-616E-4462-BD1D-FB189232E9C0}.Ad-Hoc|x86.ActiveCfg = Debug|Any CPU
		{5407432D-616E-4462-BD1D-FB189232E9C0}.Ad-Hoc|x86.Build.0 = Debug|Any CPU
		{5407432D-616E-4462-BD1D-FB189232E9C0}.AppStore|Any CPU.ActiveCfg = Debug|Any CPU
		{5407432D-616E-4462-BD1D-FB189232E9C0}.AppStore|Any CPU.Build.0 = Debug|Any CPU
		{5407432D-616E-4462-BD1D-FB189232E9C0}.AppStore|ARM.ActiveCfg = Debug|Any CPU
		{5407432D-616E-4462-BD1D-FB189232E9C0}.AppStore|ARM.Build.0 = Debug|Any CPU
		{5407432D-616E-4462-BD1D-FB189232E9C0}.AppStore|iPhone.ActiveCfg = Debug|Any CPU
		{5407432D-616E-4462-BD1D-FB189232E9C0}.AppStore|iPhone.Build.0 = Debug|Any CPU
		{5407432D-616E-4462-BD1D-FB189232E9C0}.AppStore|iPhoneSimulator.ActiveCfg = Debug|Any CPU
		{5407432D-616E-4462-BD1D-FB189232E9C0}.AppStore|iPhoneSimulator.Build.0 = Debug|Any CPU
		{5407432D-616E-4462-BD1D-FB189232E9C0}.AppStore|x64.ActiveCfg = Debug|Any CPU
		{5407432D-616E-4462-BD1D-FB189232E9C0}.AppStore|x64.Build.0 = Debug|Any CPU
		{5407432D-616E-4462-BD1D-FB189232E9C0}.AppStore|x86.ActiveCfg = Debug|Any CPU
		{5407432D-616E-4462-BD1D-FB189232E9C0}.AppStore|x86.Build.0 = Debug|Any CPU
		{5407432D-616E-4462-BD1D-FB189232E9C0}.Debug|Any CPU.ActiveCfg = Debug|Any CPU
		{5407432D-616E-4462-BD1D-FB189232E9C0}.Debug|Any CPU.Build.0 = Debug|Any CPU
		{5407432D-616E-4462-BD1D-FB189232E9C0}.Debug|ARM.ActiveCfg = Debug|Any CPU
		{5407432D-616E-4462-BD1D-FB189232E9C0}.Debug|ARM.Build.0 = Debug|Any CPU
		{5407432D-616E-4462-BD1D-FB189232E9C0}.Debug|iPhone.ActiveCfg = Debug|Any CPU
		{5407432D-616E-4462-BD1D-FB189232E9C0}.Debug|iPhone.Build.0 = Debug|Any CPU
		{5407432D-616E-4462-BD1D-FB189232E9C0}.Debug|iPhoneSimulator.ActiveCfg = Debug|Any CPU
		{5407432D-616E-4462-BD1D-FB189232E9C0}.Debug|iPhoneSimulator.Build.0 = Debug|Any CPU
		{5407432D-616E-4462-BD1D-FB189232E9C0}.Debug|x64.ActiveCfg = Debug|Any CPU
		{5407432D-616E-4462-BD1D-FB189232E9C0}.Debug|x64.Build.0 = Debug|Any CPU
		{5407432D-616E-4462-BD1D-FB189232E9C0}.Debug|x86.ActiveCfg = Debug|Any CPU
		{5407432D-616E-4462-BD1D-FB189232E9C0}.Debug|x86.Build.0 = Debug|Any CPU
		{5407432D-616E-4462-BD1D-FB189232E9C0}.Release|Any CPU.ActiveCfg = Release|Any CPU
		{5407432D-616E-4462-BD1D-FB189232E9C0}.Release|Any CPU.Build.0 = Release|Any CPU
		{5407432D-616E-4462-BD1D-FB189232E9C0}.Release|ARM.ActiveCfg = Release|Any CPU
		{5407432D-616E-4462-BD1D-FB189232E9C0}.Release|ARM.Build.0 = Release|Any CPU
		{5407432D-616E-4462-BD1D-FB189232E9C0}.Release|iPhone.ActiveCfg = Release|Any CPU
		{5407432D-616E-4462-BD1D-FB189232E9C0}.Release|iPhone.Build.0 = Release|Any CPU
		{5407432D-616E-4462-BD1D-FB189232E9C0}.Release|iPhoneSimulator.ActiveCfg = Release|Any CPU
		{5407432D-616E-4462-BD1D-FB189232E9C0}.Release|iPhoneSimulator.Build.0 = Release|Any CPU
		{5407432D-616E-4462-BD1D-FB189232E9C0}.Release|x64.ActiveCfg = Release|Any CPU
		{5407432D-616E-4462-BD1D-FB189232E9C0}.Release|x64.Build.0 = Release|Any CPU
		{5407432D-616E-4462-BD1D-FB189232E9C0}.Release|x86.ActiveCfg = Release|Any CPU
		{5407432D-616E-4462-BD1D-FB189232E9C0}.Release|x86.Build.0 = Release|Any CPU
		{96E59373-A51C-4CC2-ADD4-13E496DA2D28}.Ad-Hoc|Any CPU.ActiveCfg = Ad-Hoc|iPhone
		{96E59373-A51C-4CC2-ADD4-13E496DA2D28}.Ad-Hoc|ARM.ActiveCfg = Ad-Hoc|iPhone
		{96E59373-A51C-4CC2-ADD4-13E496DA2D28}.Ad-Hoc|iPhone.ActiveCfg = Ad-Hoc|iPhone
		{96E59373-A51C-4CC2-ADD4-13E496DA2D28}.Ad-Hoc|iPhone.Build.0 = Ad-Hoc|iPhone
		{96E59373-A51C-4CC2-ADD4-13E496DA2D28}.Ad-Hoc|iPhoneSimulator.ActiveCfg = Ad-Hoc|iPhoneSimulator
		{96E59373-A51C-4CC2-ADD4-13E496DA2D28}.Ad-Hoc|iPhoneSimulator.Build.0 = Ad-Hoc|iPhoneSimulator
		{96E59373-A51C-4CC2-ADD4-13E496DA2D28}.Ad-Hoc|x64.ActiveCfg = Ad-Hoc|iPhone
		{96E59373-A51C-4CC2-ADD4-13E496DA2D28}.Ad-Hoc|x86.ActiveCfg = Ad-Hoc|iPhone
		{96E59373-A51C-4CC2-ADD4-13E496DA2D28}.AppStore|Any CPU.ActiveCfg = AppStore|iPhone
		{96E59373-A51C-4CC2-ADD4-13E496DA2D28}.AppStore|ARM.ActiveCfg = AppStore|iPhone
		{96E59373-A51C-4CC2-ADD4-13E496DA2D28}.AppStore|iPhone.ActiveCfg = AppStore|iPhone
		{96E59373-A51C-4CC2-ADD4-13E496DA2D28}.AppStore|iPhone.Build.0 = AppStore|iPhone
		{96E59373-A51C-4CC2-ADD4-13E496DA2D28}.AppStore|iPhoneSimulator.ActiveCfg = AppStore|iPhoneSimulator
		{96E59373-A51C-4CC2-ADD4-13E496DA2D28}.AppStore|iPhoneSimulator.Build.0 = AppStore|iPhoneSimulator
		{96E59373-A51C-4CC2-ADD4-13E496DA2D28}.AppStore|x64.ActiveCfg = AppStore|iPhone
		{96E59373-A51C-4CC2-ADD4-13E496DA2D28}.AppStore|x86.ActiveCfg = AppStore|iPhone
		{96E59373-A51C-4CC2-ADD4-13E496DA2D28}.Debug|Any CPU.ActiveCfg = Debug|iPhone
		{96E59373-A51C-4CC2-ADD4-13E496DA2D28}.Debug|ARM.ActiveCfg = Debug|iPhone
		{96E59373-A51C-4CC2-ADD4-13E496DA2D28}.Debug|iPhone.ActiveCfg = Debug|iPhone
		{96E59373-A51C-4CC2-ADD4-13E496DA2D28}.Debug|iPhone.Build.0 = Debug|iPhone
		{96E59373-A51C-4CC2-ADD4-13E496DA2D28}.Debug|iPhoneSimulator.ActiveCfg = Debug|iPhoneSimulator
		{96E59373-A51C-4CC2-ADD4-13E496DA2D28}.Debug|iPhoneSimulator.Build.0 = Debug|iPhoneSimulator
		{96E59373-A51C-4CC2-ADD4-13E496DA2D28}.Debug|x64.ActiveCfg = Debug|iPhone
		{96E59373-A51C-4CC2-ADD4-13E496DA2D28}.Debug|x86.ActiveCfg = Debug|iPhone
		{96E59373-A51C-4CC2-ADD4-13E496DA2D28}.Release|Any CPU.ActiveCfg = Release|iPhone
		{96E59373-A51C-4CC2-ADD4-13E496DA2D28}.Release|ARM.ActiveCfg = Release|iPhone
		{96E59373-A51C-4CC2-ADD4-13E496DA2D28}.Release|iPhone.ActiveCfg = Release|iPhone
		{96E59373-A51C-4CC2-ADD4-13E496DA2D28}.Release|iPhone.Build.0 = Release|iPhone
		{96E59373-A51C-4CC2-ADD4-13E496DA2D28}.Release|iPhoneSimulator.ActiveCfg = Release|iPhoneSimulator
		{96E59373-A51C-4CC2-ADD4-13E496DA2D28}.Release|iPhoneSimulator.Build.0 = Release|iPhoneSimulator
		{96E59373-A51C-4CC2-ADD4-13E496DA2D28}.Release|x64.ActiveCfg = Release|iPhone
		{96E59373-A51C-4CC2-ADD4-13E496DA2D28}.Release|x86.ActiveCfg = Release|iPhone
		{FBB6E0E3-7AFA-4856-A90F-31E337EA3E6E}.Ad-Hoc|Any CPU.ActiveCfg = Debug|Any CPU
		{FBB6E0E3-7AFA-4856-A90F-31E337EA3E6E}.Ad-Hoc|Any CPU.Build.0 = Debug|Any CPU
		{FBB6E0E3-7AFA-4856-A90F-31E337EA3E6E}.Ad-Hoc|ARM.ActiveCfg = Debug|Any CPU
		{FBB6E0E3-7AFA-4856-A90F-31E337EA3E6E}.Ad-Hoc|ARM.Build.0 = Debug|Any CPU
		{FBB6E0E3-7AFA-4856-A90F-31E337EA3E6E}.Ad-Hoc|iPhone.ActiveCfg = Debug|Any CPU
		{FBB6E0E3-7AFA-4856-A90F-31E337EA3E6E}.Ad-Hoc|iPhone.Build.0 = Debug|Any CPU
		{FBB6E0E3-7AFA-4856-A90F-31E337EA3E6E}.Ad-Hoc|iPhoneSimulator.ActiveCfg = Debug|Any CPU
		{FBB6E0E3-7AFA-4856-A90F-31E337EA3E6E}.Ad-Hoc|iPhoneSimulator.Build.0 = Debug|Any CPU
		{FBB6E0E3-7AFA-4856-A90F-31E337EA3E6E}.Ad-Hoc|x64.ActiveCfg = Debug|Any CPU
		{FBB6E0E3-7AFA-4856-A90F-31E337EA3E6E}.Ad-Hoc|x64.Build.0 = Debug|Any CPU
		{FBB6E0E3-7AFA-4856-A90F-31E337EA3E6E}.Ad-Hoc|x86.ActiveCfg = Debug|Any CPU
		{FBB6E0E3-7AFA-4856-A90F-31E337EA3E6E}.Ad-Hoc|x86.Build.0 = Debug|Any CPU
		{FBB6E0E3-7AFA-4856-A90F-31E337EA3E6E}.AppStore|Any CPU.ActiveCfg = Debug|Any CPU
		{FBB6E0E3-7AFA-4856-A90F-31E337EA3E6E}.AppStore|Any CPU.Build.0 = Debug|Any CPU
		{FBB6E0E3-7AFA-4856-A90F-31E337EA3E6E}.AppStore|ARM.ActiveCfg = Debug|Any CPU
		{FBB6E0E3-7AFA-4856-A90F-31E337EA3E6E}.AppStore|ARM.Build.0 = Debug|Any CPU
		{FBB6E0E3-7AFA-4856-A90F-31E337EA3E6E}.AppStore|iPhone.ActiveCfg = Debug|Any CPU
		{FBB6E0E3-7AFA-4856-A90F-31E337EA3E6E}.AppStore|iPhone.Build.0 = Debug|Any CPU
		{FBB6E0E3-7AFA-4856-A90F-31E337EA3E6E}.AppStore|iPhoneSimulator.ActiveCfg = Debug|Any CPU
		{FBB6E0E3-7AFA-4856-A90F-31E337EA3E6E}.AppStore|iPhoneSimulator.Build.0 = Debug|Any CPU
		{FBB6E0E3-7AFA-4856-A90F-31E337EA3E6E}.AppStore|x64.ActiveCfg = Debug|Any CPU
		{FBB6E0E3-7AFA-4856-A90F-31E337EA3E6E}.AppStore|x64.Build.0 = Debug|Any CPU
		{FBB6E0E3-7AFA-4856-A90F-31E337EA3E6E}.AppStore|x86.ActiveCfg = Debug|Any CPU
		{FBB6E0E3-7AFA-4856-A90F-31E337EA3E6E}.AppStore|x86.Build.0 = Debug|Any CPU
		{FBB6E0E3-7AFA-4856-A90F-31E337EA3E6E}.Debug|Any CPU.ActiveCfg = Debug|Any CPU
		{FBB6E0E3-7AFA-4856-A90F-31E337EA3E6E}.Debug|Any CPU.Build.0 = Debug|Any CPU
		{FBB6E0E3-7AFA-4856-A90F-31E337EA3E6E}.Debug|ARM.ActiveCfg = Debug|Any CPU
		{FBB6E0E3-7AFA-4856-A90F-31E337EA3E6E}.Debug|ARM.Build.0 = Debug|Any CPU
		{FBB6E0E3-7AFA-4856-A90F-31E337EA3E6E}.Debug|iPhone.ActiveCfg = Debug|Any CPU
		{FBB6E0E3-7AFA-4856-A90F-31E337EA3E6E}.Debug|iPhone.Build.0 = Debug|Any CPU
		{FBB6E0E3-7AFA-4856-A90F-31E337EA3E6E}.Debug|iPhoneSimulator.ActiveCfg = Debug|Any CPU
		{FBB6E0E3-7AFA-4856-A90F-31E337EA3E6E}.Debug|iPhoneSimulator.Build.0 = Debug|Any CPU
		{FBB6E0E3-7AFA-4856-A90F-31E337EA3E6E}.Debug|x64.ActiveCfg = Debug|Any CPU
		{FBB6E0E3-7AFA-4856-A90F-31E337EA3E6E}.Debug|x64.Build.0 = Debug|Any CPU
		{FBB6E0E3-7AFA-4856-A90F-31E337EA3E6E}.Debug|x86.ActiveCfg = Debug|Any CPU
		{FBB6E0E3-7AFA-4856-A90F-31E337EA3E6E}.Debug|x86.Build.0 = Debug|Any CPU
		{FBB6E0E3-7AFA-4856-A90F-31E337EA3E6E}.Release|Any CPU.ActiveCfg = Release|Any CPU
		{FBB6E0E3-7AFA-4856-A90F-31E337EA3E6E}.Release|Any CPU.Build.0 = Release|Any CPU
		{FBB6E0E3-7AFA-4856-A90F-31E337EA3E6E}.Release|ARM.ActiveCfg = Release|Any CPU
		{FBB6E0E3-7AFA-4856-A90F-31E337EA3E6E}.Release|ARM.Build.0 = Release|Any CPU
		{FBB6E0E3-7AFA-4856-A90F-31E337EA3E6E}.Release|iPhone.ActiveCfg = Release|Any CPU
		{FBB6E0E3-7AFA-4856-A90F-31E337EA3E6E}.Release|iPhone.Build.0 = Release|Any CPU
		{FBB6E0E3-7AFA-4856-A90F-31E337EA3E6E}.Release|iPhoneSimulator.ActiveCfg = Release|Any CPU
		{FBB6E0E3-7AFA-4856-A90F-31E337EA3E6E}.Release|iPhoneSimulator.Build.0 = Release|Any CPU
		{FBB6E0E3-7AFA-4856-A90F-31E337EA3E6E}.Release|x64.ActiveCfg = Release|Any CPU
		{FBB6E0E3-7AFA-4856-A90F-31E337EA3E6E}.Release|x64.Build.0 = Release|Any CPU
		{FBB6E0E3-7AFA-4856-A90F-31E337EA3E6E}.Release|x86.ActiveCfg = Release|Any CPU
		{FBB6E0E3-7AFA-4856-A90F-31E337EA3E6E}.Release|x86.Build.0 = Release|Any CPU
		{53BE41A0-1254-4C21-878A-A8EA9E0D1B84}.Ad-Hoc|Any CPU.ActiveCfg = Release|Any CPU
		{53BE41A0-1254-4C21-878A-A8EA9E0D1B84}.Ad-Hoc|Any CPU.Build.0 = Release|Any CPU
		{53BE41A0-1254-4C21-878A-A8EA9E0D1B84}.Ad-Hoc|ARM.ActiveCfg = Release|ARM
		{53BE41A0-1254-4C21-878A-A8EA9E0D1B84}.Ad-Hoc|ARM.Build.0 = Release|ARM
		{53BE41A0-1254-4C21-878A-A8EA9E0D1B84}.Ad-Hoc|iPhone.ActiveCfg = Release|Any CPU
		{53BE41A0-1254-4C21-878A-A8EA9E0D1B84}.Ad-Hoc|iPhone.Build.0 = Release|Any CPU
		{53BE41A0-1254-4C21-878A-A8EA9E0D1B84}.Ad-Hoc|iPhoneSimulator.ActiveCfg = Release|Any CPU
		{53BE41A0-1254-4C21-878A-A8EA9E0D1B84}.Ad-Hoc|iPhoneSimulator.Build.0 = Release|Any CPU
		{53BE41A0-1254-4C21-878A-A8EA9E0D1B84}.Ad-Hoc|x64.ActiveCfg = Release|x64
		{53BE41A0-1254-4C21-878A-A8EA9E0D1B84}.Ad-Hoc|x64.Build.0 = Release|x64
		{53BE41A0-1254-4C21-878A-A8EA9E0D1B84}.Ad-Hoc|x86.ActiveCfg = Release|x86
		{53BE41A0-1254-4C21-878A-A8EA9E0D1B84}.Ad-Hoc|x86.Build.0 = Release|x86
		{53BE41A0-1254-4C21-878A-A8EA9E0D1B84}.AppStore|Any CPU.ActiveCfg = Release|Any CPU
		{53BE41A0-1254-4C21-878A-A8EA9E0D1B84}.AppStore|Any CPU.Build.0 = Release|Any CPU
		{53BE41A0-1254-4C21-878A-A8EA9E0D1B84}.AppStore|ARM.ActiveCfg = Release|ARM
		{53BE41A0-1254-4C21-878A-A8EA9E0D1B84}.AppStore|ARM.Build.0 = Release|ARM
		{53BE41A0-1254-4C21-878A-A8EA9E0D1B84}.AppStore|iPhone.ActiveCfg = Release|Any CPU
		{53BE41A0-1254-4C21-878A-A8EA9E0D1B84}.AppStore|iPhone.Build.0 = Release|Any CPU
		{53BE41A0-1254-4C21-878A-A8EA9E0D1B84}.AppStore|iPhoneSimulator.ActiveCfg = Release|Any CPU
		{53BE41A0-1254-4C21-878A-A8EA9E0D1B84}.AppStore|iPhoneSimulator.Build.0 = Release|Any CPU
		{53BE41A0-1254-4C21-878A-A8EA9E0D1B84}.AppStore|x64.ActiveCfg = Release|x64
		{53BE41A0-1254-4C21-878A-A8EA9E0D1B84}.AppStore|x64.Build.0 = Release|x64
		{53BE41A0-1254-4C21-878A-A8EA9E0D1B84}.AppStore|x86.ActiveCfg = Release|x86
		{53BE41A0-1254-4C21-878A-A8EA9E0D1B84}.AppStore|x86.Build.0 = Release|x86
		{53BE41A0-1254-4C21-878A-A8EA9E0D1B84}.Debug|Any CPU.ActiveCfg = Debug|Any CPU
		{53BE41A0-1254-4C21-878A-A8EA9E0D1B84}.Debug|Any CPU.Build.0 = Debug|Any CPU
		{53BE41A0-1254-4C21-878A-A8EA9E0D1B84}.Debug|ARM.ActiveCfg = Debug|ARM
		{53BE41A0-1254-4C21-878A-A8EA9E0D1B84}.Debug|ARM.Build.0 = Debug|ARM
		{53BE41A0-1254-4C21-878A-A8EA9E0D1B84}.Debug|iPhone.ActiveCfg = Debug|Any CPU
		{53BE41A0-1254-4C21-878A-A8EA9E0D1B84}.Debug|iPhone.Build.0 = Debug|Any CPU
		{53BE41A0-1254-4C21-878A-A8EA9E0D1B84}.Debug|iPhoneSimulator.ActiveCfg = Debug|Any CPU
		{53BE41A0-1254-4C21-878A-A8EA9E0D1B84}.Debug|iPhoneSimulator.Build.0 = Debug|Any CPU
		{53BE41A0-1254-4C21-878A-A8EA9E0D1B84}.Debug|x64.ActiveCfg = Debug|x64
		{53BE41A0-1254-4C21-878A-A8EA9E0D1B84}.Debug|x64.Build.0 = Debug|x64
		{53BE41A0-1254-4C21-878A-A8EA9E0D1B84}.Debug|x86.ActiveCfg = Debug|x86
		{53BE41A0-1254-4C21-878A-A8EA9E0D1B84}.Debug|x86.Build.0 = Debug|x86
		{53BE41A0-1254-4C21-878A-A8EA9E0D1B84}.Release|Any CPU.ActiveCfg = Release|Any CPU
		{53BE41A0-1254-4C21-878A-A8EA9E0D1B84}.Release|Any CPU.Build.0 = Release|Any CPU
		{53BE41A0-1254-4C21-878A-A8EA9E0D1B84}.Release|ARM.ActiveCfg = Release|ARM
		{53BE41A0-1254-4C21-878A-A8EA9E0D1B84}.Release|ARM.Build.0 = Release|ARM
		{53BE41A0-1254-4C21-878A-A8EA9E0D1B84}.Release|iPhone.ActiveCfg = Release|Any CPU
		{53BE41A0-1254-4C21-878A-A8EA9E0D1B84}.Release|iPhone.Build.0 = Release|Any CPU
		{53BE41A0-1254-4C21-878A-A8EA9E0D1B84}.Release|iPhoneSimulator.ActiveCfg = Release|Any CPU
		{53BE41A0-1254-4C21-878A-A8EA9E0D1B84}.Release|iPhoneSimulator.Build.0 = Release|Any CPU
		{53BE41A0-1254-4C21-878A-A8EA9E0D1B84}.Release|x64.ActiveCfg = Release|x64
		{53BE41A0-1254-4C21-878A-A8EA9E0D1B84}.Release|x64.Build.0 = Release|x64
		{53BE41A0-1254-4C21-878A-A8EA9E0D1B84}.Release|x86.ActiveCfg = Release|x86
		{53BE41A0-1254-4C21-878A-A8EA9E0D1B84}.Release|x86.Build.0 = Release|x86
		{4C8230B0-6385-4592-9037-A9E29304CB2F}.Ad-Hoc|Any CPU.ActiveCfg = Debug|Any CPU
		{4C8230B0-6385-4592-9037-A9E29304CB2F}.Ad-Hoc|Any CPU.Build.0 = Debug|Any CPU
		{4C8230B0-6385-4592-9037-A9E29304CB2F}.Ad-Hoc|ARM.ActiveCfg = Debug|Any CPU
		{4C8230B0-6385-4592-9037-A9E29304CB2F}.Ad-Hoc|ARM.Build.0 = Debug|Any CPU
		{4C8230B0-6385-4592-9037-A9E29304CB2F}.Ad-Hoc|iPhone.ActiveCfg = Debug|Any CPU
		{4C8230B0-6385-4592-9037-A9E29304CB2F}.Ad-Hoc|iPhone.Build.0 = Debug|Any CPU
		{4C8230B0-6385-4592-9037-A9E29304CB2F}.Ad-Hoc|iPhoneSimulator.ActiveCfg = Debug|Any CPU
		{4C8230B0-6385-4592-9037-A9E29304CB2F}.Ad-Hoc|iPhoneSimulator.Build.0 = Debug|Any CPU
		{4C8230B0-6385-4592-9037-A9E29304CB2F}.Ad-Hoc|x64.ActiveCfg = Debug|Any CPU
		{4C8230B0-6385-4592-9037-A9E29304CB2F}.Ad-Hoc|x64.Build.0 = Debug|Any CPU
		{4C8230B0-6385-4592-9037-A9E29304CB2F}.Ad-Hoc|x86.ActiveCfg = Debug|Any CPU
		{4C8230B0-6385-4592-9037-A9E29304CB2F}.Ad-Hoc|x86.Build.0 = Debug|Any CPU
		{4C8230B0-6385-4592-9037-A9E29304CB2F}.AppStore|Any CPU.ActiveCfg = Debug|Any CPU
		{4C8230B0-6385-4592-9037-A9E29304CB2F}.AppStore|Any CPU.Build.0 = Debug|Any CPU
		{4C8230B0-6385-4592-9037-A9E29304CB2F}.AppStore|ARM.ActiveCfg = Debug|Any CPU
		{4C8230B0-6385-4592-9037-A9E29304CB2F}.AppStore|ARM.Build.0 = Debug|Any CPU
		{4C8230B0-6385-4592-9037-A9E29304CB2F}.AppStore|iPhone.ActiveCfg = Debug|Any CPU
		{4C8230B0-6385-4592-9037-A9E29304CB2F}.AppStore|iPhone.Build.0 = Debug|Any CPU
		{4C8230B0-6385-4592-9037-A9E29304CB2F}.AppStore|iPhoneSimulator.ActiveCfg = Debug|Any CPU
		{4C8230B0-6385-4592-9037-A9E29304CB2F}.AppStore|iPhoneSimulator.Build.0 = Debug|Any CPU
		{4C8230B0-6385-4592-9037-A9E29304CB2F}.AppStore|x64.ActiveCfg = Debug|Any CPU
		{4C8230B0-6385-4592-9037-A9E29304CB2F}.AppStore|x64.Build.0 = Debug|Any CPU
		{4C8230B0-6385-4592-9037-A9E29304CB2F}.AppStore|x86.ActiveCfg = Debug|Any CPU
		{4C8230B0-6385-4592-9037-A9E29304CB2F}.AppStore|x86.Build.0 = Debug|Any CPU
		{4C8230B0-6385-4592-9037-A9E29304CB2F}.Debug|Any CPU.ActiveCfg = Debug|Any CPU
		{4C8230B0-6385-4592-9037-A9E29304CB2F}.Debug|Any CPU.Build.0 = Debug|Any CPU
		{4C8230B0-6385-4592-9037-A9E29304CB2F}.Debug|ARM.ActiveCfg = Debug|Any CPU
		{4C8230B0-6385-4592-9037-A9E29304CB2F}.Debug|ARM.Build.0 = Debug|Any CPU
		{4C8230B0-6385-4592-9037-A9E29304CB2F}.Debug|iPhone.ActiveCfg = Debug|Any CPU
		{4C8230B0-6385-4592-9037-A9E29304CB2F}.Debug|iPhone.Build.0 = Debug|Any CPU
		{4C8230B0-6385-4592-9037-A9E29304CB2F}.Debug|iPhoneSimulator.ActiveCfg = Debug|Any CPU
		{4C8230B0-6385-4592-9037-A9E29304CB2F}.Debug|iPhoneSimulator.Build.0 = Debug|Any CPU
		{4C8230B0-6385-4592-9037-A9E29304CB2F}.Debug|x64.ActiveCfg = Debug|Any CPU
		{4C8230B0-6385-4592-9037-A9E29304CB2F}.Debug|x64.Build.0 = Debug|Any CPU
		{4C8230B0-6385-4592-9037-A9E29304CB2F}.Debug|x86.ActiveCfg = Debug|Any CPU
		{4C8230B0-6385-4592-9037-A9E29304CB2F}.Debug|x86.Build.0 = Debug|Any CPU
		{4C8230B0-6385-4592-9037-A9E29304CB2F}.Release|Any CPU.ActiveCfg = Release|Any CPU
		{4C8230B0-6385-4592-9037-A9E29304CB2F}.Release|Any CPU.Build.0 = Release|Any CPU
		{4C8230B0-6385-4592-9037-A9E29304CB2F}.Release|ARM.ActiveCfg = Release|Any CPU
		{4C8230B0-6385-4592-9037-A9E29304CB2F}.Release|ARM.Build.0 = Release|Any CPU
		{4C8230B0-6385-4592-9037-A9E29304CB2F}.Release|iPhone.ActiveCfg = Release|Any CPU
		{4C8230B0-6385-4592-9037-A9E29304CB2F}.Release|iPhone.Build.0 = Release|Any CPU
		{4C8230B0-6385-4592-9037-A9E29304CB2F}.Release|iPhoneSimulator.ActiveCfg = Release|Any CPU
		{4C8230B0-6385-4592-9037-A9E29304CB2F}.Release|iPhoneSimulator.Build.0 = Release|Any CPU
		{4C8230B0-6385-4592-9037-A9E29304CB2F}.Release|x64.ActiveCfg = Release|Any CPU
		{4C8230B0-6385-4592-9037-A9E29304CB2F}.Release|x64.Build.0 = Release|Any CPU
		{4C8230B0-6385-4592-9037-A9E29304CB2F}.Release|x86.ActiveCfg = Release|Any CPU
		{4C8230B0-6385-4592-9037-A9E29304CB2F}.Release|x86.Build.0 = Release|Any CPU
		{8528F9C7-1951-4AAF-A865-2CB03DBFF425}.Ad-Hoc|Any CPU.ActiveCfg = Debug|Any CPU
		{8528F9C7-1951-4AAF-A865-2CB03DBFF425}.Ad-Hoc|Any CPU.Build.0 = Debug|Any CPU
		{8528F9C7-1951-4AAF-A865-2CB03DBFF425}.Ad-Hoc|ARM.ActiveCfg = Debug|Any CPU
		{8528F9C7-1951-4AAF-A865-2CB03DBFF425}.Ad-Hoc|ARM.Build.0 = Debug|Any CPU
		{8528F9C7-1951-4AAF-A865-2CB03DBFF425}.Ad-Hoc|iPhone.ActiveCfg = Debug|Any CPU
		{8528F9C7-1951-4AAF-A865-2CB03DBFF425}.Ad-Hoc|iPhone.Build.0 = Debug|Any CPU
		{8528F9C7-1951-4AAF-A865-2CB03DBFF425}.Ad-Hoc|iPhoneSimulator.ActiveCfg = Debug|Any CPU
		{8528F9C7-1951-4AAF-A865-2CB03DBFF425}.Ad-Hoc|iPhoneSimulator.Build.0 = Debug|Any CPU
		{8528F9C7-1951-4AAF-A865-2CB03DBFF425}.Ad-Hoc|x64.ActiveCfg = Debug|Any CPU
		{8528F9C7-1951-4AAF-A865-2CB03DBFF425}.Ad-Hoc|x64.Build.0 = Debug|Any CPU
		{8528F9C7-1951-4AAF-A865-2CB03DBFF425}.Ad-Hoc|x86.ActiveCfg = Debug|Any CPU
		{8528F9C7-1951-4AAF-A865-2CB03DBFF425}.Ad-Hoc|x86.Build.0 = Debug|Any CPU
		{8528F9C7-1951-4AAF-A865-2CB03DBFF425}.AppStore|Any CPU.ActiveCfg = Debug|Any CPU
		{8528F9C7-1951-4AAF-A865-2CB03DBFF425}.AppStore|Any CPU.Build.0 = Debug|Any CPU
		{8528F9C7-1951-4AAF-A865-2CB03DBFF425}.AppStore|ARM.ActiveCfg = Debug|Any CPU
		{8528F9C7-1951-4AAF-A865-2CB03DBFF425}.AppStore|ARM.Build.0 = Debug|Any CPU
		{8528F9C7-1951-4AAF-A865-2CB03DBFF425}.AppStore|iPhone.ActiveCfg = Debug|Any CPU
		{8528F9C7-1951-4AAF-A865-2CB03DBFF425}.AppStore|iPhone.Build.0 = Debug|Any CPU
		{8528F9C7-1951-4AAF-A865-2CB03DBFF425}.AppStore|iPhoneSimulator.ActiveCfg = Debug|Any CPU
		{8528F9C7-1951-4AAF-A865-2CB03DBFF425}.AppStore|iPhoneSimulator.Build.0 = Debug|Any CPU
		{8528F9C7-1951-4AAF-A865-2CB03DBFF425}.AppStore|x64.ActiveCfg = Debug|Any CPU
		{8528F9C7-1951-4AAF-A865-2CB03DBFF425}.AppStore|x64.Build.0 = Debug|Any CPU
		{8528F9C7-1951-4AAF-A865-2CB03DBFF425}.AppStore|x86.ActiveCfg = Debug|Any CPU
		{8528F9C7-1951-4AAF-A865-2CB03DBFF425}.AppStore|x86.Build.0 = Debug|Any CPU
		{8528F9C7-1951-4AAF-A865-2CB03DBFF425}.Debug|Any CPU.ActiveCfg = Debug|Any CPU
		{8528F9C7-1951-4AAF-A865-2CB03DBFF425}.Debug|Any CPU.Build.0 = Debug|Any CPU
		{8528F9C7-1951-4AAF-A865-2CB03DBFF425}.Debug|ARM.ActiveCfg = Debug|Any CPU
		{8528F9C7-1951-4AAF-A865-2CB03DBFF425}.Debug|ARM.Build.0 = Debug|Any CPU
		{8528F9C7-1951-4AAF-A865-2CB03DBFF425}.Debug|iPhone.ActiveCfg = Debug|Any CPU
		{8528F9C7-1951-4AAF-A865-2CB03DBFF425}.Debug|iPhone.Build.0 = Debug|Any CPU
		{8528F9C7-1951-4AAF-A865-2CB03DBFF425}.Debug|iPhoneSimulator.ActiveCfg = Debug|Any CPU
		{8528F9C7-1951-4AAF-A865-2CB03DBFF425}.Debug|iPhoneSimulator.Build.0 = Debug|Any CPU
		{8528F9C7-1951-4AAF-A865-2CB03DBFF425}.Debug|x64.ActiveCfg = Debug|Any CPU
		{8528F9C7-1951-4AAF-A865-2CB03DBFF425}.Debug|x64.Build.0 = Debug|Any CPU
		{8528F9C7-1951-4AAF-A865-2CB03DBFF425}.Debug|x86.ActiveCfg = Debug|Any CPU
		{8528F9C7-1951-4AAF-A865-2CB03DBFF425}.Debug|x86.Build.0 = Debug|Any CPU
		{8528F9C7-1951-4AAF-A865-2CB03DBFF425}.Release|Any CPU.ActiveCfg = Release|Any CPU
		{8528F9C7-1951-4AAF-A865-2CB03DBFF425}.Release|Any CPU.Build.0 = Release|Any CPU
		{8528F9C7-1951-4AAF-A865-2CB03DBFF425}.Release|ARM.ActiveCfg = Release|Any CPU
		{8528F9C7-1951-4AAF-A865-2CB03DBFF425}.Release|ARM.Build.0 = Release|Any CPU
		{8528F9C7-1951-4AAF-A865-2CB03DBFF425}.Release|iPhone.ActiveCfg = Release|Any CPU
		{8528F9C7-1951-4AAF-A865-2CB03DBFF425}.Release|iPhone.Build.0 = Release|Any CPU
		{8528F9C7-1951-4AAF-A865-2CB03DBFF425}.Release|iPhoneSimulator.ActiveCfg = Release|Any CPU
		{8528F9C7-1951-4AAF-A865-2CB03DBFF425}.Release|iPhoneSimulator.Build.0 = Release|Any CPU
		{8528F9C7-1951-4AAF-A865-2CB03DBFF425}.Release|x64.ActiveCfg = Release|Any CPU
		{8528F9C7-1951-4AAF-A865-2CB03DBFF425}.Release|x64.Build.0 = Release|Any CPU
		{8528F9C7-1951-4AAF-A865-2CB03DBFF425}.Release|x86.ActiveCfg = Release|Any CPU
		{8528F9C7-1951-4AAF-A865-2CB03DBFF425}.Release|x86.Build.0 = Release|Any CPU
		{33F3590D-39FF-408E-8AAC-C2570A2555F5}.Ad-Hoc|Any CPU.ActiveCfg = Release|Any CPU
		{33F3590D-39FF-408E-8AAC-C2570A2555F5}.Ad-Hoc|Any CPU.Build.0 = Release|Any CPU
		{33F3590D-39FF-408E-8AAC-C2570A2555F5}.Ad-Hoc|ARM.ActiveCfg = Release|ARM
		{33F3590D-39FF-408E-8AAC-C2570A2555F5}.Ad-Hoc|ARM.Build.0 = Release|ARM
		{33F3590D-39FF-408E-8AAC-C2570A2555F5}.Ad-Hoc|iPhone.ActiveCfg = Release|Any CPU
		{33F3590D-39FF-408E-8AAC-C2570A2555F5}.Ad-Hoc|iPhone.Build.0 = Release|Any CPU
		{33F3590D-39FF-408E-8AAC-C2570A2555F5}.Ad-Hoc|iPhoneSimulator.ActiveCfg = Release|Any CPU
		{33F3590D-39FF-408E-8AAC-C2570A2555F5}.Ad-Hoc|iPhoneSimulator.Build.0 = Release|Any CPU
		{33F3590D-39FF-408E-8AAC-C2570A2555F5}.Ad-Hoc|x64.ActiveCfg = Release|x64
		{33F3590D-39FF-408E-8AAC-C2570A2555F5}.Ad-Hoc|x64.Build.0 = Release|x64
		{33F3590D-39FF-408E-8AAC-C2570A2555F5}.Ad-Hoc|x86.ActiveCfg = Release|x86
		{33F3590D-39FF-408E-8AAC-C2570A2555F5}.Ad-Hoc|x86.Build.0 = Release|x86
		{33F3590D-39FF-408E-8AAC-C2570A2555F5}.AppStore|Any CPU.ActiveCfg = Release|Any CPU
		{33F3590D-39FF-408E-8AAC-C2570A2555F5}.AppStore|Any CPU.Build.0 = Release|Any CPU
		{33F3590D-39FF-408E-8AAC-C2570A2555F5}.AppStore|ARM.ActiveCfg = Release|ARM
		{33F3590D-39FF-408E-8AAC-C2570A2555F5}.AppStore|ARM.Build.0 = Release|ARM
		{33F3590D-39FF-408E-8AAC-C2570A2555F5}.AppStore|iPhone.ActiveCfg = Release|Any CPU
		{33F3590D-39FF-408E-8AAC-C2570A2555F5}.AppStore|iPhone.Build.0 = Release|Any CPU
		{33F3590D-39FF-408E-8AAC-C2570A2555F5}.AppStore|iPhoneSimulator.ActiveCfg = Release|Any CPU
		{33F3590D-39FF-408E-8AAC-C2570A2555F5}.AppStore|iPhoneSimulator.Build.0 = Release|Any CPU
		{33F3590D-39FF-408E-8AAC-C2570A2555F5}.AppStore|x64.ActiveCfg = Release|x64
		{33F3590D-39FF-408E-8AAC-C2570A2555F5}.AppStore|x64.Build.0 = Release|x64
		{33F3590D-39FF-408E-8AAC-C2570A2555F5}.AppStore|x86.ActiveCfg = Release|x86
		{33F3590D-39FF-408E-8AAC-C2570A2555F5}.AppStore|x86.Build.0 = Release|x86
		{33F3590D-39FF-408E-8AAC-C2570A2555F5}.Debug|Any CPU.ActiveCfg = Debug|Any CPU
		{33F3590D-39FF-408E-8AAC-C2570A2555F5}.Debug|Any CPU.Build.0 = Debug|Any CPU
		{33F3590D-39FF-408E-8AAC-C2570A2555F5}.Debug|ARM.ActiveCfg = Debug|ARM
		{33F3590D-39FF-408E-8AAC-C2570A2555F5}.Debug|ARM.Build.0 = Debug|ARM
		{33F3590D-39FF-408E-8AAC-C2570A2555F5}.Debug|iPhone.ActiveCfg = Debug|Any CPU
		{33F3590D-39FF-408E-8AAC-C2570A2555F5}.Debug|iPhone.Build.0 = Debug|Any CPU
		{33F3590D-39FF-408E-8AAC-C2570A2555F5}.Debug|iPhoneSimulator.ActiveCfg = Debug|Any CPU
		{33F3590D-39FF-408E-8AAC-C2570A2555F5}.Debug|iPhoneSimulator.Build.0 = Debug|Any CPU
		{33F3590D-39FF-408E-8AAC-C2570A2555F5}.Debug|x64.ActiveCfg = Debug|x64
		{33F3590D-39FF-408E-8AAC-C2570A2555F5}.Debug|x64.Build.0 = Debug|x64
		{33F3590D-39FF-408E-8AAC-C2570A2555F5}.Debug|x86.ActiveCfg = Debug|x86
		{33F3590D-39FF-408E-8AAC-C2570A2555F5}.Debug|x86.Build.0 = Debug|x86
		{33F3590D-39FF-408E-8AAC-C2570A2555F5}.Release|Any CPU.ActiveCfg = Release|Any CPU
		{33F3590D-39FF-408E-8AAC-C2570A2555F5}.Release|Any CPU.Build.0 = Release|Any CPU
		{33F3590D-39FF-408E-8AAC-C2570A2555F5}.Release|ARM.ActiveCfg = Release|ARM
		{33F3590D-39FF-408E-8AAC-C2570A2555F5}.Release|ARM.Build.0 = Release|ARM
		{33F3590D-39FF-408E-8AAC-C2570A2555F5}.Release|iPhone.ActiveCfg = Release|Any CPU
		{33F3590D-39FF-408E-8AAC-C2570A2555F5}.Release|iPhone.Build.0 = Release|Any CPU
		{33F3590D-39FF-408E-8AAC-C2570A2555F5}.Release|iPhoneSimulator.ActiveCfg = Release|Any CPU
		{33F3590D-39FF-408E-8AAC-C2570A2555F5}.Release|iPhoneSimulator.Build.0 = Release|Any CPU
		{33F3590D-39FF-408E-8AAC-C2570A2555F5}.Release|x64.ActiveCfg = Release|x64
		{33F3590D-39FF-408E-8AAC-C2570A2555F5}.Release|x64.Build.0 = Release|x64
		{33F3590D-39FF-408E-8AAC-C2570A2555F5}.Release|x86.ActiveCfg = Release|x86
		{33F3590D-39FF-408E-8AAC-C2570A2555F5}.Release|x86.Build.0 = Release|x86
		{01E3C41B-995E-4871-A521-CD1090E53EBB}.Ad-Hoc|Any CPU.ActiveCfg = Release|Any CPU
		{01E3C41B-995E-4871-A521-CD1090E53EBB}.Ad-Hoc|Any CPU.Build.0 = Release|Any CPU
		{01E3C41B-995E-4871-A521-CD1090E53EBB}.Ad-Hoc|ARM.ActiveCfg = Release|ARM
		{01E3C41B-995E-4871-A521-CD1090E53EBB}.Ad-Hoc|ARM.Build.0 = Release|ARM
		{01E3C41B-995E-4871-A521-CD1090E53EBB}.Ad-Hoc|iPhone.ActiveCfg = Release|Any CPU
		{01E3C41B-995E-4871-A521-CD1090E53EBB}.Ad-Hoc|iPhone.Build.0 = Release|Any CPU
		{01E3C41B-995E-4871-A521-CD1090E53EBB}.Ad-Hoc|iPhoneSimulator.ActiveCfg = Release|Any CPU
		{01E3C41B-995E-4871-A521-CD1090E53EBB}.Ad-Hoc|iPhoneSimulator.Build.0 = Release|Any CPU
		{01E3C41B-995E-4871-A521-CD1090E53EBB}.Ad-Hoc|x64.ActiveCfg = Release|x64
		{01E3C41B-995E-4871-A521-CD1090E53EBB}.Ad-Hoc|x64.Build.0 = Release|x64
		{01E3C41B-995E-4871-A521-CD1090E53EBB}.Ad-Hoc|x86.ActiveCfg = Release|x86
		{01E3C41B-995E-4871-A521-CD1090E53EBB}.Ad-Hoc|x86.Build.0 = Release|x86
		{01E3C41B-995E-4871-A521-CD1090E53EBB}.AppStore|Any CPU.ActiveCfg = Release|Any CPU
		{01E3C41B-995E-4871-A521-CD1090E53EBB}.AppStore|Any CPU.Build.0 = Release|Any CPU
		{01E3C41B-995E-4871-A521-CD1090E53EBB}.AppStore|ARM.ActiveCfg = Release|ARM
		{01E3C41B-995E-4871-A521-CD1090E53EBB}.AppStore|ARM.Build.0 = Release|ARM
		{01E3C41B-995E-4871-A521-CD1090E53EBB}.AppStore|iPhone.ActiveCfg = Release|Any CPU
		{01E3C41B-995E-4871-A521-CD1090E53EBB}.AppStore|iPhone.Build.0 = Release|Any CPU
		{01E3C41B-995E-4871-A521-CD1090E53EBB}.AppStore|iPhoneSimulator.ActiveCfg = Release|Any CPU
		{01E3C41B-995E-4871-A521-CD1090E53EBB}.AppStore|iPhoneSimulator.Build.0 = Release|Any CPU
		{01E3C41B-995E-4871-A521-CD1090E53EBB}.AppStore|x64.ActiveCfg = Release|x64
		{01E3C41B-995E-4871-A521-CD1090E53EBB}.AppStore|x64.Build.0 = Release|x64
		{01E3C41B-995E-4871-A521-CD1090E53EBB}.AppStore|x86.ActiveCfg = Release|x86
		{01E3C41B-995E-4871-A521-CD1090E53EBB}.AppStore|x86.Build.0 = Release|x86
		{01E3C41B-995E-4871-A521-CD1090E53EBB}.Debug|Any CPU.ActiveCfg = Debug|Any CPU
		{01E3C41B-995E-4871-A521-CD1090E53EBB}.Debug|Any CPU.Build.0 = Debug|Any CPU
		{01E3C41B-995E-4871-A521-CD1090E53EBB}.Debug|ARM.ActiveCfg = Debug|ARM
		{01E3C41B-995E-4871-A521-CD1090E53EBB}.Debug|ARM.Build.0 = Debug|ARM
		{01E3C41B-995E-4871-A521-CD1090E53EBB}.Debug|iPhone.ActiveCfg = Debug|Any CPU
		{01E3C41B-995E-4871-A521-CD1090E53EBB}.Debug|iPhone.Build.0 = Debug|Any CPU
		{01E3C41B-995E-4871-A521-CD1090E53EBB}.Debug|iPhoneSimulator.ActiveCfg = Debug|Any CPU
		{01E3C41B-995E-4871-A521-CD1090E53EBB}.Debug|iPhoneSimulator.Build.0 = Debug|Any CPU
		{01E3C41B-995E-4871-A521-CD1090E53EBB}.Debug|x64.ActiveCfg = Debug|x64
		{01E3C41B-995E-4871-A521-CD1090E53EBB}.Debug|x64.Build.0 = Debug|x64
		{01E3C41B-995E-4871-A521-CD1090E53EBB}.Debug|x86.ActiveCfg = Debug|x86
		{01E3C41B-995E-4871-A521-CD1090E53EBB}.Debug|x86.Build.0 = Debug|x86
		{01E3C41B-995E-4871-A521-CD1090E53EBB}.Release|Any CPU.ActiveCfg = Release|Any CPU
		{01E3C41B-995E-4871-A521-CD1090E53EBB}.Release|Any CPU.Build.0 = Release|Any CPU
		{01E3C41B-995E-4871-A521-CD1090E53EBB}.Release|ARM.ActiveCfg = Release|ARM
		{01E3C41B-995E-4871-A521-CD1090E53EBB}.Release|ARM.Build.0 = Release|ARM
		{01E3C41B-995E-4871-A521-CD1090E53EBB}.Release|iPhone.ActiveCfg = Release|Any CPU
		{01E3C41B-995E-4871-A521-CD1090E53EBB}.Release|iPhone.Build.0 = Release|Any CPU
		{01E3C41B-995E-4871-A521-CD1090E53EBB}.Release|iPhoneSimulator.ActiveCfg = Release|Any CPU
		{01E3C41B-995E-4871-A521-CD1090E53EBB}.Release|iPhoneSimulator.Build.0 = Release|Any CPU
		{01E3C41B-995E-4871-A521-CD1090E53EBB}.Release|x64.ActiveCfg = Release|x64
		{01E3C41B-995E-4871-A521-CD1090E53EBB}.Release|x64.Build.0 = Release|x64
		{01E3C41B-995E-4871-A521-CD1090E53EBB}.Release|x86.ActiveCfg = Release|x86
		{01E3C41B-995E-4871-A521-CD1090E53EBB}.Release|x86.Build.0 = Release|x86
		{D59C0919-4902-44A2-A9C6-AE2E5A2C4751}.Ad-Hoc|Any CPU.ActiveCfg = Ad-Hoc|iPhone
		{D59C0919-4902-44A2-A9C6-AE2E5A2C4751}.Ad-Hoc|ARM.ActiveCfg = Ad-Hoc|iPhone
		{D59C0919-4902-44A2-A9C6-AE2E5A2C4751}.Ad-Hoc|iPhone.ActiveCfg = Ad-Hoc|iPhone
		{D59C0919-4902-44A2-A9C6-AE2E5A2C4751}.Ad-Hoc|iPhone.Build.0 = Ad-Hoc|iPhone
		{D59C0919-4902-44A2-A9C6-AE2E5A2C4751}.Ad-Hoc|iPhoneSimulator.ActiveCfg = Ad-Hoc|iPhoneSimulator
		{D59C0919-4902-44A2-A9C6-AE2E5A2C4751}.Ad-Hoc|iPhoneSimulator.Build.0 = Ad-Hoc|iPhoneSimulator
		{D59C0919-4902-44A2-A9C6-AE2E5A2C4751}.Ad-Hoc|x64.ActiveCfg = Ad-Hoc|iPhone
		{D59C0919-4902-44A2-A9C6-AE2E5A2C4751}.Ad-Hoc|x86.ActiveCfg = Ad-Hoc|iPhone
		{D59C0919-4902-44A2-A9C6-AE2E5A2C4751}.AppStore|Any CPU.ActiveCfg = AppStore|iPhone
		{D59C0919-4902-44A2-A9C6-AE2E5A2C4751}.AppStore|ARM.ActiveCfg = AppStore|iPhone
		{D59C0919-4902-44A2-A9C6-AE2E5A2C4751}.AppStore|iPhone.ActiveCfg = AppStore|iPhone
		{D59C0919-4902-44A2-A9C6-AE2E5A2C4751}.AppStore|iPhone.Build.0 = AppStore|iPhone
		{D59C0919-4902-44A2-A9C6-AE2E5A2C4751}.AppStore|iPhoneSimulator.ActiveCfg = AppStore|iPhoneSimulator
		{D59C0919-4902-44A2-A9C6-AE2E5A2C4751}.AppStore|iPhoneSimulator.Build.0 = AppStore|iPhoneSimulator
		{D59C0919-4902-44A2-A9C6-AE2E5A2C4751}.AppStore|x64.ActiveCfg = AppStore|iPhone
		{D59C0919-4902-44A2-A9C6-AE2E5A2C4751}.AppStore|x86.ActiveCfg = AppStore|iPhone
		{D59C0919-4902-44A2-A9C6-AE2E5A2C4751}.Debug|Any CPU.ActiveCfg = Debug|iPhone
		{D59C0919-4902-44A2-A9C6-AE2E5A2C4751}.Debug|ARM.ActiveCfg = Debug|iPhone
		{D59C0919-4902-44A2-A9C6-AE2E5A2C4751}.Debug|iPhone.ActiveCfg = Debug|iPhone
		{D59C0919-4902-44A2-A9C6-AE2E5A2C4751}.Debug|iPhone.Build.0 = Debug|iPhone
		{D59C0919-4902-44A2-A9C6-AE2E5A2C4751}.Debug|iPhoneSimulator.ActiveCfg = Debug|iPhoneSimulator
		{D59C0919-4902-44A2-A9C6-AE2E5A2C4751}.Debug|iPhoneSimulator.Build.0 = Debug|iPhoneSimulator
		{D59C0919-4902-44A2-A9C6-AE2E5A2C4751}.Debug|x64.ActiveCfg = Debug|iPhone
		{D59C0919-4902-44A2-A9C6-AE2E5A2C4751}.Debug|x86.ActiveCfg = Debug|iPhone
		{D59C0919-4902-44A2-A9C6-AE2E5A2C4751}.Release|Any CPU.ActiveCfg = Release|iPhone
		{D59C0919-4902-44A2-A9C6-AE2E5A2C4751}.Release|ARM.ActiveCfg = Release|iPhone
		{D59C0919-4902-44A2-A9C6-AE2E5A2C4751}.Release|iPhone.ActiveCfg = Release|iPhone
		{D59C0919-4902-44A2-A9C6-AE2E5A2C4751}.Release|iPhone.Build.0 = Release|iPhone
		{D59C0919-4902-44A2-A9C6-AE2E5A2C4751}.Release|iPhoneSimulator.ActiveCfg = Release|iPhoneSimulator
		{D59C0919-4902-44A2-A9C6-AE2E5A2C4751}.Release|iPhoneSimulator.Build.0 = Release|iPhoneSimulator
		{D59C0919-4902-44A2-A9C6-AE2E5A2C4751}.Release|x64.ActiveCfg = Release|iPhone
		{D59C0919-4902-44A2-A9C6-AE2E5A2C4751}.Release|x86.ActiveCfg = Release|iPhone
		{DEC82EBA-DCBC-4535-A300-2DD6B622AB80}.Ad-Hoc|Any CPU.ActiveCfg = Release|x86
		{DEC82EBA-DCBC-4535-A300-2DD6B622AB80}.Ad-Hoc|Any CPU.Build.0 = Release|x86
		{DEC82EBA-DCBC-4535-A300-2DD6B622AB80}.Ad-Hoc|Any CPU.Deploy.0 = Release|x86
		{DEC82EBA-DCBC-4535-A300-2DD6B622AB80}.Ad-Hoc|ARM.ActiveCfg = Release|ARM
		{DEC82EBA-DCBC-4535-A300-2DD6B622AB80}.Ad-Hoc|ARM.Build.0 = Release|ARM
		{DEC82EBA-DCBC-4535-A300-2DD6B622AB80}.Ad-Hoc|ARM.Deploy.0 = Release|ARM
		{DEC82EBA-DCBC-4535-A300-2DD6B622AB80}.Ad-Hoc|iPhone.ActiveCfg = Release|x86
		{DEC82EBA-DCBC-4535-A300-2DD6B622AB80}.Ad-Hoc|iPhone.Build.0 = Release|x86
		{DEC82EBA-DCBC-4535-A300-2DD6B622AB80}.Ad-Hoc|iPhone.Deploy.0 = Release|x86
		{DEC82EBA-DCBC-4535-A300-2DD6B622AB80}.Ad-Hoc|iPhoneSimulator.ActiveCfg = Release|x86
		{DEC82EBA-DCBC-4535-A300-2DD6B622AB80}.Ad-Hoc|iPhoneSimulator.Build.0 = Release|x86
		{DEC82EBA-DCBC-4535-A300-2DD6B622AB80}.Ad-Hoc|iPhoneSimulator.Deploy.0 = Release|x86
		{DEC82EBA-DCBC-4535-A300-2DD6B622AB80}.Ad-Hoc|x64.ActiveCfg = Release|x64
		{DEC82EBA-DCBC-4535-A300-2DD6B622AB80}.Ad-Hoc|x64.Build.0 = Release|x64
		{DEC82EBA-DCBC-4535-A300-2DD6B622AB80}.Ad-Hoc|x64.Deploy.0 = Release|x64
		{DEC82EBA-DCBC-4535-A300-2DD6B622AB80}.Ad-Hoc|x86.ActiveCfg = Release|x86
		{DEC82EBA-DCBC-4535-A300-2DD6B622AB80}.Ad-Hoc|x86.Build.0 = Release|x86
		{DEC82EBA-DCBC-4535-A300-2DD6B622AB80}.Ad-Hoc|x86.Deploy.0 = Release|x86
		{DEC82EBA-DCBC-4535-A300-2DD6B622AB80}.AppStore|Any CPU.ActiveCfg = Release|x86
		{DEC82EBA-DCBC-4535-A300-2DD6B622AB80}.AppStore|Any CPU.Build.0 = Release|x86
		{DEC82EBA-DCBC-4535-A300-2DD6B622AB80}.AppStore|Any CPU.Deploy.0 = Release|x86
		{DEC82EBA-DCBC-4535-A300-2DD6B622AB80}.AppStore|ARM.ActiveCfg = Release|ARM
		{DEC82EBA-DCBC-4535-A300-2DD6B622AB80}.AppStore|ARM.Build.0 = Release|ARM
		{DEC82EBA-DCBC-4535-A300-2DD6B622AB80}.AppStore|ARM.Deploy.0 = Release|ARM
		{DEC82EBA-DCBC-4535-A300-2DD6B622AB80}.AppStore|iPhone.ActiveCfg = Release|x86
		{DEC82EBA-DCBC-4535-A300-2DD6B622AB80}.AppStore|iPhone.Build.0 = Release|x86
		{DEC82EBA-DCBC-4535-A300-2DD6B622AB80}.AppStore|iPhone.Deploy.0 = Release|x86
		{DEC82EBA-DCBC-4535-A300-2DD6B622AB80}.AppStore|iPhoneSimulator.ActiveCfg = Release|x86
		{DEC82EBA-DCBC-4535-A300-2DD6B622AB80}.AppStore|iPhoneSimulator.Build.0 = Release|x86
		{DEC82EBA-DCBC-4535-A300-2DD6B622AB80}.AppStore|iPhoneSimulator.Deploy.0 = Release|x86
		{DEC82EBA-DCBC-4535-A300-2DD6B622AB80}.AppStore|x64.ActiveCfg = Release|x64
		{DEC82EBA-DCBC-4535-A300-2DD6B622AB80}.AppStore|x64.Build.0 = Release|x64
		{DEC82EBA-DCBC-4535-A300-2DD6B622AB80}.AppStore|x64.Deploy.0 = Release|x64
		{DEC82EBA-DCBC-4535-A300-2DD6B622AB80}.AppStore|x86.ActiveCfg = Release|x86
		{DEC82EBA-DCBC-4535-A300-2DD6B622AB80}.AppStore|x86.Build.0 = Release|x86
		{DEC82EBA-DCBC-4535-A300-2DD6B622AB80}.AppStore|x86.Deploy.0 = Release|x86
		{DEC82EBA-DCBC-4535-A300-2DD6B622AB80}.Debug|Any CPU.ActiveCfg = Debug|x86
		{DEC82EBA-DCBC-4535-A300-2DD6B622AB80}.Debug|ARM.ActiveCfg = Debug|ARM
		{DEC82EBA-DCBC-4535-A300-2DD6B622AB80}.Debug|ARM.Build.0 = Debug|ARM
		{DEC82EBA-DCBC-4535-A300-2DD6B622AB80}.Debug|ARM.Deploy.0 = Debug|ARM
		{DEC82EBA-DCBC-4535-A300-2DD6B622AB80}.Debug|iPhone.ActiveCfg = Debug|x86
		{DEC82EBA-DCBC-4535-A300-2DD6B622AB80}.Debug|iPhoneSimulator.ActiveCfg = Debug|x86
		{DEC82EBA-DCBC-4535-A300-2DD6B622AB80}.Debug|x64.ActiveCfg = Debug|x64
		{DEC82EBA-DCBC-4535-A300-2DD6B622AB80}.Debug|x64.Build.0 = Debug|x64
		{DEC82EBA-DCBC-4535-A300-2DD6B622AB80}.Debug|x64.Deploy.0 = Debug|x64
		{DEC82EBA-DCBC-4535-A300-2DD6B622AB80}.Debug|x86.ActiveCfg = Debug|x86
		{DEC82EBA-DCBC-4535-A300-2DD6B622AB80}.Debug|x86.Build.0 = Debug|x86
		{DEC82EBA-DCBC-4535-A300-2DD6B622AB80}.Debug|x86.Deploy.0 = Debug|x86
		{DEC82EBA-DCBC-4535-A300-2DD6B622AB80}.Release|Any CPU.ActiveCfg = Release|x86
		{DEC82EBA-DCBC-4535-A300-2DD6B622AB80}.Release|ARM.ActiveCfg = Release|ARM
		{DEC82EBA-DCBC-4535-A300-2DD6B622AB80}.Release|ARM.Build.0 = Release|ARM
		{DEC82EBA-DCBC-4535-A300-2DD6B622AB80}.Release|ARM.Deploy.0 = Release|ARM
		{DEC82EBA-DCBC-4535-A300-2DD6B622AB80}.Release|iPhone.ActiveCfg = Release|x86
		{DEC82EBA-DCBC-4535-A300-2DD6B622AB80}.Release|iPhoneSimulator.ActiveCfg = Release|x86
		{DEC82EBA-DCBC-4535-A300-2DD6B622AB80}.Release|x64.ActiveCfg = Release|x64
		{DEC82EBA-DCBC-4535-A300-2DD6B622AB80}.Release|x64.Build.0 = Release|x64
		{DEC82EBA-DCBC-4535-A300-2DD6B622AB80}.Release|x64.Deploy.0 = Release|x64
		{DEC82EBA-DCBC-4535-A300-2DD6B622AB80}.Release|x86.ActiveCfg = Release|x86
		{DEC82EBA-DCBC-4535-A300-2DD6B622AB80}.Release|x86.Build.0 = Release|x86
		{DEC82EBA-DCBC-4535-A300-2DD6B622AB80}.Release|x86.Deploy.0 = Release|x86
		{23D0E1A3-8BE9-4BD6-AA6A-B912595257B2}.Ad-Hoc|Any CPU.ActiveCfg = Debug|Any CPU
		{23D0E1A3-8BE9-4BD6-AA6A-B912595257B2}.Ad-Hoc|Any CPU.Build.0 = Debug|Any CPU
		{23D0E1A3-8BE9-4BD6-AA6A-B912595257B2}.Ad-Hoc|ARM.ActiveCfg = Debug|Any CPU
		{23D0E1A3-8BE9-4BD6-AA6A-B912595257B2}.Ad-Hoc|ARM.Build.0 = Debug|Any CPU
		{23D0E1A3-8BE9-4BD6-AA6A-B912595257B2}.Ad-Hoc|iPhone.ActiveCfg = Debug|Any CPU
		{23D0E1A3-8BE9-4BD6-AA6A-B912595257B2}.Ad-Hoc|iPhone.Build.0 = Debug|Any CPU
		{23D0E1A3-8BE9-4BD6-AA6A-B912595257B2}.Ad-Hoc|iPhoneSimulator.ActiveCfg = Debug|Any CPU
		{23D0E1A3-8BE9-4BD6-AA6A-B912595257B2}.Ad-Hoc|iPhoneSimulator.Build.0 = Debug|Any CPU
		{23D0E1A3-8BE9-4BD6-AA6A-B912595257B2}.Ad-Hoc|x64.ActiveCfg = Debug|Any CPU
		{23D0E1A3-8BE9-4BD6-AA6A-B912595257B2}.Ad-Hoc|x64.Build.0 = Debug|Any CPU
		{23D0E1A3-8BE9-4BD6-AA6A-B912595257B2}.Ad-Hoc|x86.ActiveCfg = Debug|Any CPU
		{23D0E1A3-8BE9-4BD6-AA6A-B912595257B2}.Ad-Hoc|x86.Build.0 = Debug|Any CPU
		{23D0E1A3-8BE9-4BD6-AA6A-B912595257B2}.AppStore|Any CPU.ActiveCfg = Debug|Any CPU
		{23D0E1A3-8BE9-4BD6-AA6A-B912595257B2}.AppStore|Any CPU.Build.0 = Debug|Any CPU
		{23D0E1A3-8BE9-4BD6-AA6A-B912595257B2}.AppStore|ARM.ActiveCfg = Debug|Any CPU
		{23D0E1A3-8BE9-4BD6-AA6A-B912595257B2}.AppStore|ARM.Build.0 = Debug|Any CPU
		{23D0E1A3-8BE9-4BD6-AA6A-B912595257B2}.AppStore|iPhone.ActiveCfg = Debug|Any CPU
		{23D0E1A3-8BE9-4BD6-AA6A-B912595257B2}.AppStore|iPhone.Build.0 = Debug|Any CPU
		{23D0E1A3-8BE9-4BD6-AA6A-B912595257B2}.AppStore|iPhoneSimulator.ActiveCfg = Debug|Any CPU
		{23D0E1A3-8BE9-4BD6-AA6A-B912595257B2}.AppStore|iPhoneSimulator.Build.0 = Debug|Any CPU
		{23D0E1A3-8BE9-4BD6-AA6A-B912595257B2}.AppStore|x64.ActiveCfg = Debug|Any CPU
		{23D0E1A3-8BE9-4BD6-AA6A-B912595257B2}.AppStore|x64.Build.0 = Debug|Any CPU
		{23D0E1A3-8BE9-4BD6-AA6A-B912595257B2}.AppStore|x86.ActiveCfg = Debug|Any CPU
		{23D0E1A3-8BE9-4BD6-AA6A-B912595257B2}.AppStore|x86.Build.0 = Debug|Any CPU
		{23D0E1A3-8BE9-4BD6-AA6A-B912595257B2}.Debug|Any CPU.ActiveCfg = Debug|Any CPU
		{23D0E1A3-8BE9-4BD6-AA6A-B912595257B2}.Debug|Any CPU.Build.0 = Debug|Any CPU
		{23D0E1A3-8BE9-4BD6-AA6A-B912595257B2}.Debug|ARM.ActiveCfg = Debug|Any CPU
		{23D0E1A3-8BE9-4BD6-AA6A-B912595257B2}.Debug|ARM.Build.0 = Debug|Any CPU
		{23D0E1A3-8BE9-4BD6-AA6A-B912595257B2}.Debug|iPhone.ActiveCfg = Debug|Any CPU
		{23D0E1A3-8BE9-4BD6-AA6A-B912595257B2}.Debug|iPhone.Build.0 = Debug|Any CPU
		{23D0E1A3-8BE9-4BD6-AA6A-B912595257B2}.Debug|iPhoneSimulator.ActiveCfg = Debug|Any CPU
		{23D0E1A3-8BE9-4BD6-AA6A-B912595257B2}.Debug|iPhoneSimulator.Build.0 = Debug|Any CPU
		{23D0E1A3-8BE9-4BD6-AA6A-B912595257B2}.Debug|x64.ActiveCfg = Debug|Any CPU
		{23D0E1A3-8BE9-4BD6-AA6A-B912595257B2}.Debug|x64.Build.0 = Debug|Any CPU
		{23D0E1A3-8BE9-4BD6-AA6A-B912595257B2}.Debug|x86.ActiveCfg = Debug|Any CPU
		{23D0E1A3-8BE9-4BD6-AA6A-B912595257B2}.Debug|x86.Build.0 = Debug|Any CPU
		{23D0E1A3-8BE9-4BD6-AA6A-B912595257B2}.Release|Any CPU.ActiveCfg = Release|Any CPU
		{23D0E1A3-8BE9-4BD6-AA6A-B912595257B2}.Release|Any CPU.Build.0 = Release|Any CPU
		{23D0E1A3-8BE9-4BD6-AA6A-B912595257B2}.Release|ARM.ActiveCfg = Release|Any CPU
		{23D0E1A3-8BE9-4BD6-AA6A-B912595257B2}.Release|ARM.Build.0 = Release|Any CPU
		{23D0E1A3-8BE9-4BD6-AA6A-B912595257B2}.Release|iPhone.ActiveCfg = Release|Any CPU
		{23D0E1A3-8BE9-4BD6-AA6A-B912595257B2}.Release|iPhone.Build.0 = Release|Any CPU
		{23D0E1A3-8BE9-4BD6-AA6A-B912595257B2}.Release|iPhoneSimulator.ActiveCfg = Release|Any CPU
		{23D0E1A3-8BE9-4BD6-AA6A-B912595257B2}.Release|iPhoneSimulator.Build.0 = Release|Any CPU
		{23D0E1A3-8BE9-4BD6-AA6A-B912595257B2}.Release|x64.ActiveCfg = Release|Any CPU
		{23D0E1A3-8BE9-4BD6-AA6A-B912595257B2}.Release|x64.Build.0 = Release|Any CPU
		{23D0E1A3-8BE9-4BD6-AA6A-B912595257B2}.Release|x86.ActiveCfg = Release|Any CPU
		{23D0E1A3-8BE9-4BD6-AA6A-B912595257B2}.Release|x86.Build.0 = Release|Any CPU
		{ED375494-2296-4237-89D7-0E19EE0636DA}.Ad-Hoc|Any CPU.ActiveCfg = Release|Any CPU
		{ED375494-2296-4237-89D7-0E19EE0636DA}.Ad-Hoc|Any CPU.Build.0 = Release|Any CPU
		{ED375494-2296-4237-89D7-0E19EE0636DA}.Ad-Hoc|Any CPU.Deploy.0 = Release|Any CPU
		{ED375494-2296-4237-89D7-0E19EE0636DA}.Ad-Hoc|ARM.ActiveCfg = Release|Any CPU
		{ED375494-2296-4237-89D7-0E19EE0636DA}.Ad-Hoc|ARM.Build.0 = Release|Any CPU
		{ED375494-2296-4237-89D7-0E19EE0636DA}.Ad-Hoc|ARM.Deploy.0 = Release|Any CPU
		{ED375494-2296-4237-89D7-0E19EE0636DA}.Ad-Hoc|iPhone.ActiveCfg = Release|Any CPU
		{ED375494-2296-4237-89D7-0E19EE0636DA}.Ad-Hoc|iPhone.Build.0 = Release|Any CPU
		{ED375494-2296-4237-89D7-0E19EE0636DA}.Ad-Hoc|iPhone.Deploy.0 = Release|Any CPU
		{ED375494-2296-4237-89D7-0E19EE0636DA}.Ad-Hoc|iPhoneSimulator.ActiveCfg = Release|Any CPU
		{ED375494-2296-4237-89D7-0E19EE0636DA}.Ad-Hoc|iPhoneSimulator.Build.0 = Release|Any CPU
		{ED375494-2296-4237-89D7-0E19EE0636DA}.Ad-Hoc|iPhoneSimulator.Deploy.0 = Release|Any CPU
		{ED375494-2296-4237-89D7-0E19EE0636DA}.Ad-Hoc|x64.ActiveCfg = Release|Any CPU
		{ED375494-2296-4237-89D7-0E19EE0636DA}.Ad-Hoc|x64.Build.0 = Release|Any CPU
		{ED375494-2296-4237-89D7-0E19EE0636DA}.Ad-Hoc|x64.Deploy.0 = Release|Any CPU
		{ED375494-2296-4237-89D7-0E19EE0636DA}.Ad-Hoc|x86.ActiveCfg = Release|Any CPU
		{ED375494-2296-4237-89D7-0E19EE0636DA}.Ad-Hoc|x86.Build.0 = Release|Any CPU
		{ED375494-2296-4237-89D7-0E19EE0636DA}.Ad-Hoc|x86.Deploy.0 = Release|Any CPU
		{ED375494-2296-4237-89D7-0E19EE0636DA}.AppStore|Any CPU.ActiveCfg = Release|Any CPU
		{ED375494-2296-4237-89D7-0E19EE0636DA}.AppStore|Any CPU.Build.0 = Release|Any CPU
		{ED375494-2296-4237-89D7-0E19EE0636DA}.AppStore|Any CPU.Deploy.0 = Release|Any CPU
		{ED375494-2296-4237-89D7-0E19EE0636DA}.AppStore|ARM.ActiveCfg = Release|Any CPU
		{ED375494-2296-4237-89D7-0E19EE0636DA}.AppStore|ARM.Build.0 = Release|Any CPU
		{ED375494-2296-4237-89D7-0E19EE0636DA}.AppStore|ARM.Deploy.0 = Release|Any CPU
		{ED375494-2296-4237-89D7-0E19EE0636DA}.AppStore|iPhone.ActiveCfg = Release|Any CPU
		{ED375494-2296-4237-89D7-0E19EE0636DA}.AppStore|iPhone.Build.0 = Release|Any CPU
		{ED375494-2296-4237-89D7-0E19EE0636DA}.AppStore|iPhone.Deploy.0 = Release|Any CPU
		{ED375494-2296-4237-89D7-0E19EE0636DA}.AppStore|iPhoneSimulator.ActiveCfg = Release|Any CPU
		{ED375494-2296-4237-89D7-0E19EE0636DA}.AppStore|iPhoneSimulator.Build.0 = Release|Any CPU
		{ED375494-2296-4237-89D7-0E19EE0636DA}.AppStore|iPhoneSimulator.Deploy.0 = Release|Any CPU
		{ED375494-2296-4237-89D7-0E19EE0636DA}.AppStore|x64.ActiveCfg = Release|Any CPU
		{ED375494-2296-4237-89D7-0E19EE0636DA}.AppStore|x64.Build.0 = Release|Any CPU
		{ED375494-2296-4237-89D7-0E19EE0636DA}.AppStore|x64.Deploy.0 = Release|Any CPU
		{ED375494-2296-4237-89D7-0E19EE0636DA}.AppStore|x86.ActiveCfg = Release|Any CPU
		{ED375494-2296-4237-89D7-0E19EE0636DA}.AppStore|x86.Build.0 = Release|Any CPU
		{ED375494-2296-4237-89D7-0E19EE0636DA}.AppStore|x86.Deploy.0 = Release|Any CPU
		{ED375494-2296-4237-89D7-0E19EE0636DA}.Debug|Any CPU.ActiveCfg = Debug|Any CPU
		{ED375494-2296-4237-89D7-0E19EE0636DA}.Debug|Any CPU.Build.0 = Debug|Any CPU
		{ED375494-2296-4237-89D7-0E19EE0636DA}.Debug|Any CPU.Deploy.0 = Debug|Any CPU
		{ED375494-2296-4237-89D7-0E19EE0636DA}.Debug|ARM.ActiveCfg = Debug|Any CPU
		{ED375494-2296-4237-89D7-0E19EE0636DA}.Debug|ARM.Build.0 = Debug|Any CPU
		{ED375494-2296-4237-89D7-0E19EE0636DA}.Debug|ARM.Deploy.0 = Debug|Any CPU
		{ED375494-2296-4237-89D7-0E19EE0636DA}.Debug|iPhone.ActiveCfg = Debug|Any CPU
		{ED375494-2296-4237-89D7-0E19EE0636DA}.Debug|iPhone.Build.0 = Debug|Any CPU
		{ED375494-2296-4237-89D7-0E19EE0636DA}.Debug|iPhone.Deploy.0 = Debug|Any CPU
		{ED375494-2296-4237-89D7-0E19EE0636DA}.Debug|iPhoneSimulator.ActiveCfg = Debug|Any CPU
		{ED375494-2296-4237-89D7-0E19EE0636DA}.Debug|iPhoneSimulator.Build.0 = Debug|Any CPU
		{ED375494-2296-4237-89D7-0E19EE0636DA}.Debug|iPhoneSimulator.Deploy.0 = Debug|Any CPU
		{ED375494-2296-4237-89D7-0E19EE0636DA}.Debug|x64.ActiveCfg = Debug|Any CPU
		{ED375494-2296-4237-89D7-0E19EE0636DA}.Debug|x64.Build.0 = Debug|Any CPU
		{ED375494-2296-4237-89D7-0E19EE0636DA}.Debug|x64.Deploy.0 = Debug|Any CPU
		{ED375494-2296-4237-89D7-0E19EE0636DA}.Debug|x86.ActiveCfg = Debug|Any CPU
		{ED375494-2296-4237-89D7-0E19EE0636DA}.Debug|x86.Build.0 = Debug|Any CPU
		{ED375494-2296-4237-89D7-0E19EE0636DA}.Debug|x86.Deploy.0 = Debug|Any CPU
		{ED375494-2296-4237-89D7-0E19EE0636DA}.Release|Any CPU.ActiveCfg = Release|Any CPU
		{ED375494-2296-4237-89D7-0E19EE0636DA}.Release|Any CPU.Build.0 = Release|Any CPU
		{ED375494-2296-4237-89D7-0E19EE0636DA}.Release|Any CPU.Deploy.0 = Release|Any CPU
		{ED375494-2296-4237-89D7-0E19EE0636DA}.Release|ARM.ActiveCfg = Release|Any CPU
		{ED375494-2296-4237-89D7-0E19EE0636DA}.Release|ARM.Build.0 = Release|Any CPU
		{ED375494-2296-4237-89D7-0E19EE0636DA}.Release|ARM.Deploy.0 = Release|Any CPU
		{ED375494-2296-4237-89D7-0E19EE0636DA}.Release|iPhone.ActiveCfg = Release|Any CPU
		{ED375494-2296-4237-89D7-0E19EE0636DA}.Release|iPhone.Build.0 = Release|Any CPU
		{ED375494-2296-4237-89D7-0E19EE0636DA}.Release|iPhone.Deploy.0 = Release|Any CPU
		{ED375494-2296-4237-89D7-0E19EE0636DA}.Release|iPhoneSimulator.ActiveCfg = Release|Any CPU
		{ED375494-2296-4237-89D7-0E19EE0636DA}.Release|iPhoneSimulator.Build.0 = Release|Any CPU
		{ED375494-2296-4237-89D7-0E19EE0636DA}.Release|iPhoneSimulator.Deploy.0 = Release|Any CPU
		{ED375494-2296-4237-89D7-0E19EE0636DA}.Release|x64.ActiveCfg = Release|Any CPU
		{ED375494-2296-4237-89D7-0E19EE0636DA}.Release|x64.Build.0 = Release|Any CPU
		{ED375494-2296-4237-89D7-0E19EE0636DA}.Release|x64.Deploy.0 = Release|Any CPU
		{ED375494-2296-4237-89D7-0E19EE0636DA}.Release|x86.ActiveCfg = Release|Any CPU
		{ED375494-2296-4237-89D7-0E19EE0636DA}.Release|x86.Build.0 = Release|Any CPU
		{ED375494-2296-4237-89D7-0E19EE0636DA}.Release|x86.Deploy.0 = Release|Any CPU
		{E6138CB5-363A-4406-94A5-D5E65F80E2F0}.Ad-Hoc|Any CPU.ActiveCfg = Ad-Hoc|iPhone
		{E6138CB5-363A-4406-94A5-D5E65F80E2F0}.Ad-Hoc|ARM.ActiveCfg = Ad-Hoc|iPhone
		{E6138CB5-363A-4406-94A5-D5E65F80E2F0}.Ad-Hoc|iPhone.ActiveCfg = Ad-Hoc|iPhone
		{E6138CB5-363A-4406-94A5-D5E65F80E2F0}.Ad-Hoc|iPhone.Build.0 = Ad-Hoc|iPhone
		{E6138CB5-363A-4406-94A5-D5E65F80E2F0}.Ad-Hoc|iPhoneSimulator.ActiveCfg = Ad-Hoc|iPhoneSimulator
		{E6138CB5-363A-4406-94A5-D5E65F80E2F0}.Ad-Hoc|iPhoneSimulator.Build.0 = Ad-Hoc|iPhoneSimulator
		{E6138CB5-363A-4406-94A5-D5E65F80E2F0}.Ad-Hoc|x64.ActiveCfg = Ad-Hoc|iPhone
		{E6138CB5-363A-4406-94A5-D5E65F80E2F0}.Ad-Hoc|x86.ActiveCfg = Ad-Hoc|iPhone
		{E6138CB5-363A-4406-94A5-D5E65F80E2F0}.AppStore|Any CPU.ActiveCfg = AppStore|iPhone
		{E6138CB5-363A-4406-94A5-D5E65F80E2F0}.AppStore|ARM.ActiveCfg = AppStore|iPhone
		{E6138CB5-363A-4406-94A5-D5E65F80E2F0}.AppStore|iPhone.ActiveCfg = AppStore|iPhone
		{E6138CB5-363A-4406-94A5-D5E65F80E2F0}.AppStore|iPhone.Build.0 = AppStore|iPhone
		{E6138CB5-363A-4406-94A5-D5E65F80E2F0}.AppStore|iPhoneSimulator.ActiveCfg = AppStore|iPhoneSimulator
		{E6138CB5-363A-4406-94A5-D5E65F80E2F0}.AppStore|iPhoneSimulator.Build.0 = AppStore|iPhoneSimulator
		{E6138CB5-363A-4406-94A5-D5E65F80E2F0}.AppStore|x64.ActiveCfg = AppStore|iPhone
		{E6138CB5-363A-4406-94A5-D5E65F80E2F0}.AppStore|x86.ActiveCfg = AppStore|iPhone
		{E6138CB5-363A-4406-94A5-D5E65F80E2F0}.Debug|Any CPU.ActiveCfg = Debug|iPhone
		{E6138CB5-363A-4406-94A5-D5E65F80E2F0}.Debug|ARM.ActiveCfg = Debug|iPhone
		{E6138CB5-363A-4406-94A5-D5E65F80E2F0}.Debug|iPhone.ActiveCfg = Debug|iPhone
		{E6138CB5-363A-4406-94A5-D5E65F80E2F0}.Debug|iPhone.Build.0 = Debug|iPhone
		{E6138CB5-363A-4406-94A5-D5E65F80E2F0}.Debug|iPhoneSimulator.ActiveCfg = Debug|iPhoneSimulator
		{E6138CB5-363A-4406-94A5-D5E65F80E2F0}.Debug|iPhoneSimulator.Build.0 = Debug|iPhoneSimulator
		{E6138CB5-363A-4406-94A5-D5E65F80E2F0}.Debug|x64.ActiveCfg = Debug|iPhone
		{E6138CB5-363A-4406-94A5-D5E65F80E2F0}.Debug|x86.ActiveCfg = Debug|iPhone
		{E6138CB5-363A-4406-94A5-D5E65F80E2F0}.Release|Any CPU.ActiveCfg = Release|iPhone
		{E6138CB5-363A-4406-94A5-D5E65F80E2F0}.Release|ARM.ActiveCfg = Release|iPhone
		{E6138CB5-363A-4406-94A5-D5E65F80E2F0}.Release|iPhone.ActiveCfg = Release|iPhone
		{E6138CB5-363A-4406-94A5-D5E65F80E2F0}.Release|iPhone.Build.0 = Release|iPhone
		{E6138CB5-363A-4406-94A5-D5E65F80E2F0}.Release|iPhoneSimulator.ActiveCfg = Release|iPhoneSimulator
		{E6138CB5-363A-4406-94A5-D5E65F80E2F0}.Release|iPhoneSimulator.Build.0 = Release|iPhoneSimulator
		{E6138CB5-363A-4406-94A5-D5E65F80E2F0}.Release|x64.ActiveCfg = Release|iPhone
		{E6138CB5-363A-4406-94A5-D5E65F80E2F0}.Release|x86.ActiveCfg = Release|iPhone
		{7427ADE4-6214-4158-85D0-EA59DFC21926}.Ad-Hoc|Any CPU.ActiveCfg = Release|x86
		{7427ADE4-6214-4158-85D0-EA59DFC21926}.Ad-Hoc|Any CPU.Build.0 = Release|x86
		{7427ADE4-6214-4158-85D0-EA59DFC21926}.Ad-Hoc|Any CPU.Deploy.0 = Release|x86
		{7427ADE4-6214-4158-85D0-EA59DFC21926}.Ad-Hoc|ARM.ActiveCfg = Release|ARM
		{7427ADE4-6214-4158-85D0-EA59DFC21926}.Ad-Hoc|ARM.Build.0 = Release|ARM
		{7427ADE4-6214-4158-85D0-EA59DFC21926}.Ad-Hoc|ARM.Deploy.0 = Release|ARM
		{7427ADE4-6214-4158-85D0-EA59DFC21926}.Ad-Hoc|iPhone.ActiveCfg = Release|x86
		{7427ADE4-6214-4158-85D0-EA59DFC21926}.Ad-Hoc|iPhone.Build.0 = Release|x86
		{7427ADE4-6214-4158-85D0-EA59DFC21926}.Ad-Hoc|iPhone.Deploy.0 = Release|x86
		{7427ADE4-6214-4158-85D0-EA59DFC21926}.Ad-Hoc|iPhoneSimulator.ActiveCfg = Release|x86
		{7427ADE4-6214-4158-85D0-EA59DFC21926}.Ad-Hoc|iPhoneSimulator.Build.0 = Release|x86
		{7427ADE4-6214-4158-85D0-EA59DFC21926}.Ad-Hoc|iPhoneSimulator.Deploy.0 = Release|x86
		{7427ADE4-6214-4158-85D0-EA59DFC21926}.Ad-Hoc|x64.ActiveCfg = Release|x64
		{7427ADE4-6214-4158-85D0-EA59DFC21926}.Ad-Hoc|x64.Build.0 = Release|x64
		{7427ADE4-6214-4158-85D0-EA59DFC21926}.Ad-Hoc|x64.Deploy.0 = Release|x64
		{7427ADE4-6214-4158-85D0-EA59DFC21926}.Ad-Hoc|x86.ActiveCfg = Release|x86
		{7427ADE4-6214-4158-85D0-EA59DFC21926}.Ad-Hoc|x86.Build.0 = Release|x86
		{7427ADE4-6214-4158-85D0-EA59DFC21926}.Ad-Hoc|x86.Deploy.0 = Release|x86
		{7427ADE4-6214-4158-85D0-EA59DFC21926}.AppStore|Any CPU.ActiveCfg = Release|x86
		{7427ADE4-6214-4158-85D0-EA59DFC21926}.AppStore|Any CPU.Build.0 = Release|x86
		{7427ADE4-6214-4158-85D0-EA59DFC21926}.AppStore|Any CPU.Deploy.0 = Release|x86
		{7427ADE4-6214-4158-85D0-EA59DFC21926}.AppStore|ARM.ActiveCfg = Release|ARM
		{7427ADE4-6214-4158-85D0-EA59DFC21926}.AppStore|ARM.Build.0 = Release|ARM
		{7427ADE4-6214-4158-85D0-EA59DFC21926}.AppStore|ARM.Deploy.0 = Release|ARM
		{7427ADE4-6214-4158-85D0-EA59DFC21926}.AppStore|iPhone.ActiveCfg = Release|x86
		{7427ADE4-6214-4158-85D0-EA59DFC21926}.AppStore|iPhone.Build.0 = Release|x86
		{7427ADE4-6214-4158-85D0-EA59DFC21926}.AppStore|iPhone.Deploy.0 = Release|x86
		{7427ADE4-6214-4158-85D0-EA59DFC21926}.AppStore|iPhoneSimulator.ActiveCfg = Release|x86
		{7427ADE4-6214-4158-85D0-EA59DFC21926}.AppStore|iPhoneSimulator.Build.0 = Release|x86
		{7427ADE4-6214-4158-85D0-EA59DFC21926}.AppStore|iPhoneSimulator.Deploy.0 = Release|x86
		{7427ADE4-6214-4158-85D0-EA59DFC21926}.AppStore|x64.ActiveCfg = Release|x64
		{7427ADE4-6214-4158-85D0-EA59DFC21926}.AppStore|x64.Build.0 = Release|x64
		{7427ADE4-6214-4158-85D0-EA59DFC21926}.AppStore|x64.Deploy.0 = Release|x64
		{7427ADE4-6214-4158-85D0-EA59DFC21926}.AppStore|x86.ActiveCfg = Release|x86
		{7427ADE4-6214-4158-85D0-EA59DFC21926}.AppStore|x86.Build.0 = Release|x86
		{7427ADE4-6214-4158-85D0-EA59DFC21926}.AppStore|x86.Deploy.0 = Release|x86
		{7427ADE4-6214-4158-85D0-EA59DFC21926}.Debug|Any CPU.ActiveCfg = Debug|x86
		{7427ADE4-6214-4158-85D0-EA59DFC21926}.Debug|ARM.ActiveCfg = Debug|ARM
		{7427ADE4-6214-4158-85D0-EA59DFC21926}.Debug|ARM.Build.0 = Debug|ARM
		{7427ADE4-6214-4158-85D0-EA59DFC21926}.Debug|ARM.Deploy.0 = Debug|ARM
		{7427ADE4-6214-4158-85D0-EA59DFC21926}.Debug|iPhone.ActiveCfg = Debug|x86
		{7427ADE4-6214-4158-85D0-EA59DFC21926}.Debug|iPhoneSimulator.ActiveCfg = Debug|x86
		{7427ADE4-6214-4158-85D0-EA59DFC21926}.Debug|x64.ActiveCfg = Debug|x64
		{7427ADE4-6214-4158-85D0-EA59DFC21926}.Debug|x64.Build.0 = Debug|x64
		{7427ADE4-6214-4158-85D0-EA59DFC21926}.Debug|x64.Deploy.0 = Debug|x64
		{7427ADE4-6214-4158-85D0-EA59DFC21926}.Debug|x86.ActiveCfg = Debug|x86
		{7427ADE4-6214-4158-85D0-EA59DFC21926}.Debug|x86.Build.0 = Debug|x86
		{7427ADE4-6214-4158-85D0-EA59DFC21926}.Debug|x86.Deploy.0 = Debug|x86
		{7427ADE4-6214-4158-85D0-EA59DFC21926}.Release|Any CPU.ActiveCfg = Release|x86
		{7427ADE4-6214-4158-85D0-EA59DFC21926}.Release|ARM.ActiveCfg = Release|ARM
		{7427ADE4-6214-4158-85D0-EA59DFC21926}.Release|ARM.Build.0 = Release|ARM
		{7427ADE4-6214-4158-85D0-EA59DFC21926}.Release|ARM.Deploy.0 = Release|ARM
		{7427ADE4-6214-4158-85D0-EA59DFC21926}.Release|iPhone.ActiveCfg = Release|x86
		{7427ADE4-6214-4158-85D0-EA59DFC21926}.Release|iPhoneSimulator.ActiveCfg = Release|x86
		{7427ADE4-6214-4158-85D0-EA59DFC21926}.Release|x64.ActiveCfg = Release|x64
		{7427ADE4-6214-4158-85D0-EA59DFC21926}.Release|x64.Build.0 = Release|x64
		{7427ADE4-6214-4158-85D0-EA59DFC21926}.Release|x64.Deploy.0 = Release|x64
		{7427ADE4-6214-4158-85D0-EA59DFC21926}.Release|x86.ActiveCfg = Release|x86
		{7427ADE4-6214-4158-85D0-EA59DFC21926}.Release|x86.Build.0 = Release|x86
		{7427ADE4-6214-4158-85D0-EA59DFC21926}.Release|x86.Deploy.0 = Release|x86
		{6393EA01-59B7-45C7-8E07-2BC4E5E87506}.Ad-Hoc|Any CPU.ActiveCfg = Debug|Any CPU
		{6393EA01-59B7-45C7-8E07-2BC4E5E87506}.Ad-Hoc|Any CPU.Build.0 = Debug|Any CPU
		{6393EA01-59B7-45C7-8E07-2BC4E5E87506}.Ad-Hoc|ARM.ActiveCfg = Debug|Any CPU
		{6393EA01-59B7-45C7-8E07-2BC4E5E87506}.Ad-Hoc|ARM.Build.0 = Debug|Any CPU
		{6393EA01-59B7-45C7-8E07-2BC4E5E87506}.Ad-Hoc|iPhone.ActiveCfg = Debug|Any CPU
		{6393EA01-59B7-45C7-8E07-2BC4E5E87506}.Ad-Hoc|iPhone.Build.0 = Debug|Any CPU
		{6393EA01-59B7-45C7-8E07-2BC4E5E87506}.Ad-Hoc|iPhoneSimulator.ActiveCfg = Debug|Any CPU
		{6393EA01-59B7-45C7-8E07-2BC4E5E87506}.Ad-Hoc|iPhoneSimulator.Build.0 = Debug|Any CPU
		{6393EA01-59B7-45C7-8E07-2BC4E5E87506}.Ad-Hoc|x64.ActiveCfg = Debug|Any CPU
		{6393EA01-59B7-45C7-8E07-2BC4E5E87506}.Ad-Hoc|x64.Build.0 = Debug|Any CPU
		{6393EA01-59B7-45C7-8E07-2BC4E5E87506}.Ad-Hoc|x86.ActiveCfg = Debug|Any CPU
		{6393EA01-59B7-45C7-8E07-2BC4E5E87506}.Ad-Hoc|x86.Build.0 = Debug|Any CPU
		{6393EA01-59B7-45C7-8E07-2BC4E5E87506}.AppStore|Any CPU.ActiveCfg = Debug|Any CPU
		{6393EA01-59B7-45C7-8E07-2BC4E5E87506}.AppStore|Any CPU.Build.0 = Debug|Any CPU
		{6393EA01-59B7-45C7-8E07-2BC4E5E87506}.AppStore|ARM.ActiveCfg = Debug|Any CPU
		{6393EA01-59B7-45C7-8E07-2BC4E5E87506}.AppStore|ARM.Build.0 = Debug|Any CPU
		{6393EA01-59B7-45C7-8E07-2BC4E5E87506}.AppStore|iPhone.ActiveCfg = Debug|Any CPU
		{6393EA01-59B7-45C7-8E07-2BC4E5E87506}.AppStore|iPhone.Build.0 = Debug|Any CPU
		{6393EA01-59B7-45C7-8E07-2BC4E5E87506}.AppStore|iPhoneSimulator.ActiveCfg = Debug|Any CPU
		{6393EA01-59B7-45C7-8E07-2BC4E5E87506}.AppStore|iPhoneSimulator.Build.0 = Debug|Any CPU
		{6393EA01-59B7-45C7-8E07-2BC4E5E87506}.AppStore|x64.ActiveCfg = Debug|Any CPU
		{6393EA01-59B7-45C7-8E07-2BC4E5E87506}.AppStore|x64.Build.0 = Debug|Any CPU
		{6393EA01-59B7-45C7-8E07-2BC4E5E87506}.AppStore|x86.ActiveCfg = Debug|Any CPU
		{6393EA01-59B7-45C7-8E07-2BC4E5E87506}.AppStore|x86.Build.0 = Debug|Any CPU
		{6393EA01-59B7-45C7-8E07-2BC4E5E87506}.Debug|Any CPU.ActiveCfg = Debug|Any CPU
		{6393EA01-59B7-45C7-8E07-2BC4E5E87506}.Debug|Any CPU.Build.0 = Debug|Any CPU
		{6393EA01-59B7-45C7-8E07-2BC4E5E87506}.Debug|ARM.ActiveCfg = Debug|Any CPU
		{6393EA01-59B7-45C7-8E07-2BC4E5E87506}.Debug|ARM.Build.0 = Debug|Any CPU
		{6393EA01-59B7-45C7-8E07-2BC4E5E87506}.Debug|iPhone.ActiveCfg = Debug|Any CPU
		{6393EA01-59B7-45C7-8E07-2BC4E5E87506}.Debug|iPhone.Build.0 = Debug|Any CPU
		{6393EA01-59B7-45C7-8E07-2BC4E5E87506}.Debug|iPhoneSimulator.ActiveCfg = Debug|Any CPU
		{6393EA01-59B7-45C7-8E07-2BC4E5E87506}.Debug|iPhoneSimulator.Build.0 = Debug|Any CPU
		{6393EA01-59B7-45C7-8E07-2BC4E5E87506}.Debug|x64.ActiveCfg = Debug|Any CPU
		{6393EA01-59B7-45C7-8E07-2BC4E5E87506}.Debug|x64.Build.0 = Debug|Any CPU
		{6393EA01-59B7-45C7-8E07-2BC4E5E87506}.Debug|x86.ActiveCfg = Debug|Any CPU
		{6393EA01-59B7-45C7-8E07-2BC4E5E87506}.Debug|x86.Build.0 = Debug|Any CPU
		{6393EA01-59B7-45C7-8E07-2BC4E5E87506}.Release|Any CPU.ActiveCfg = Release|Any CPU
		{6393EA01-59B7-45C7-8E07-2BC4E5E87506}.Release|Any CPU.Build.0 = Release|Any CPU
		{6393EA01-59B7-45C7-8E07-2BC4E5E87506}.Release|ARM.ActiveCfg = Release|Any CPU
		{6393EA01-59B7-45C7-8E07-2BC4E5E87506}.Release|ARM.Build.0 = Release|Any CPU
		{6393EA01-59B7-45C7-8E07-2BC4E5E87506}.Release|iPhone.ActiveCfg = Release|Any CPU
		{6393EA01-59B7-45C7-8E07-2BC4E5E87506}.Release|iPhone.Build.0 = Release|Any CPU
		{6393EA01-59B7-45C7-8E07-2BC4E5E87506}.Release|iPhoneSimulator.ActiveCfg = Release|Any CPU
		{6393EA01-59B7-45C7-8E07-2BC4E5E87506}.Release|iPhoneSimulator.Build.0 = Release|Any CPU
		{6393EA01-59B7-45C7-8E07-2BC4E5E87506}.Release|x64.ActiveCfg = Release|Any CPU
		{6393EA01-59B7-45C7-8E07-2BC4E5E87506}.Release|x64.Build.0 = Release|Any CPU
		{6393EA01-59B7-45C7-8E07-2BC4E5E87506}.Release|x86.ActiveCfg = Release|Any CPU
		{6393EA01-59B7-45C7-8E07-2BC4E5E87506}.Release|x86.Build.0 = Release|Any CPU
		{5EA78E96-7953-47D8-A8C5-423588C67930}.Ad-Hoc|Any CPU.ActiveCfg = Release|Any CPU
		{5EA78E96-7953-47D8-A8C5-423588C67930}.Ad-Hoc|Any CPU.Build.0 = Release|Any CPU
		{5EA78E96-7953-47D8-A8C5-423588C67930}.Ad-Hoc|ARM.ActiveCfg = Release|Any CPU
		{5EA78E96-7953-47D8-A8C5-423588C67930}.Ad-Hoc|ARM.Build.0 = Release|Any CPU
		{5EA78E96-7953-47D8-A8C5-423588C67930}.Ad-Hoc|iPhone.ActiveCfg = Release|Any CPU
		{5EA78E96-7953-47D8-A8C5-423588C67930}.Ad-Hoc|iPhone.Build.0 = Release|Any CPU
		{5EA78E96-7953-47D8-A8C5-423588C67930}.Ad-Hoc|iPhoneSimulator.ActiveCfg = Release|Any CPU
		{5EA78E96-7953-47D8-A8C5-423588C67930}.Ad-Hoc|iPhoneSimulator.Build.0 = Release|Any CPU
		{5EA78E96-7953-47D8-A8C5-423588C67930}.Ad-Hoc|x64.ActiveCfg = Release|Any CPU
		{5EA78E96-7953-47D8-A8C5-423588C67930}.Ad-Hoc|x64.Build.0 = Release|Any CPU
		{5EA78E96-7953-47D8-A8C5-423588C67930}.Ad-Hoc|x86.ActiveCfg = Release|Any CPU
		{5EA78E96-7953-47D8-A8C5-423588C67930}.Ad-Hoc|x86.Build.0 = Release|Any CPU
		{5EA78E96-7953-47D8-A8C5-423588C67930}.AppStore|Any CPU.ActiveCfg = Release|Any CPU
		{5EA78E96-7953-47D8-A8C5-423588C67930}.AppStore|Any CPU.Build.0 = Release|Any CPU
		{5EA78E96-7953-47D8-A8C5-423588C67930}.AppStore|ARM.ActiveCfg = Release|Any CPU
		{5EA78E96-7953-47D8-A8C5-423588C67930}.AppStore|ARM.Build.0 = Release|Any CPU
		{5EA78E96-7953-47D8-A8C5-423588C67930}.AppStore|iPhone.ActiveCfg = Release|Any CPU
		{5EA78E96-7953-47D8-A8C5-423588C67930}.AppStore|iPhone.Build.0 = Release|Any CPU
		{5EA78E96-7953-47D8-A8C5-423588C67930}.AppStore|iPhoneSimulator.ActiveCfg = Release|Any CPU
		{5EA78E96-7953-47D8-A8C5-423588C67930}.AppStore|iPhoneSimulator.Build.0 = Release|Any CPU
		{5EA78E96-7953-47D8-A8C5-423588C67930}.AppStore|x64.ActiveCfg = Release|Any CPU
		{5EA78E96-7953-47D8-A8C5-423588C67930}.AppStore|x64.Build.0 = Release|Any CPU
		{5EA78E96-7953-47D8-A8C5-423588C67930}.AppStore|x86.ActiveCfg = Release|Any CPU
		{5EA78E96-7953-47D8-A8C5-423588C67930}.AppStore|x86.Build.0 = Release|Any CPU
		{5EA78E96-7953-47D8-A8C5-423588C67930}.Debug|Any CPU.ActiveCfg = Debug|Any CPU
		{5EA78E96-7953-47D8-A8C5-423588C67930}.Debug|Any CPU.Build.0 = Debug|Any CPU
		{5EA78E96-7953-47D8-A8C5-423588C67930}.Debug|ARM.ActiveCfg = Debug|Any CPU
		{5EA78E96-7953-47D8-A8C5-423588C67930}.Debug|ARM.Build.0 = Debug|Any CPU
		{5EA78E96-7953-47D8-A8C5-423588C67930}.Debug|iPhone.ActiveCfg = Debug|Any CPU
		{5EA78E96-7953-47D8-A8C5-423588C67930}.Debug|iPhone.Build.0 = Debug|Any CPU
		{5EA78E96-7953-47D8-A8C5-423588C67930}.Debug|iPhoneSimulator.ActiveCfg = Debug|Any CPU
		{5EA78E96-7953-47D8-A8C5-423588C67930}.Debug|iPhoneSimulator.Build.0 = Debug|Any CPU
		{5EA78E96-7953-47D8-A8C5-423588C67930}.Debug|x64.ActiveCfg = Debug|Any CPU
		{5EA78E96-7953-47D8-A8C5-423588C67930}.Debug|x64.Build.0 = Debug|Any CPU
		{5EA78E96-7953-47D8-A8C5-423588C67930}.Debug|x86.ActiveCfg = Debug|Any CPU
		{5EA78E96-7953-47D8-A8C5-423588C67930}.Debug|x86.Build.0 = Debug|Any CPU
		{5EA78E96-7953-47D8-A8C5-423588C67930}.Release|Any CPU.ActiveCfg = Release|Any CPU
		{5EA78E96-7953-47D8-A8C5-423588C67930}.Release|Any CPU.Build.0 = Release|Any CPU
		{5EA78E96-7953-47D8-A8C5-423588C67930}.Release|ARM.ActiveCfg = Release|Any CPU
		{5EA78E96-7953-47D8-A8C5-423588C67930}.Release|ARM.Build.0 = Release|Any CPU
		{5EA78E96-7953-47D8-A8C5-423588C67930}.Release|iPhone.ActiveCfg = Release|Any CPU
		{5EA78E96-7953-47D8-A8C5-423588C67930}.Release|iPhone.Build.0 = Release|Any CPU
		{5EA78E96-7953-47D8-A8C5-423588C67930}.Release|iPhoneSimulator.ActiveCfg = Release|Any CPU
		{5EA78E96-7953-47D8-A8C5-423588C67930}.Release|iPhoneSimulator.Build.0 = Release|Any CPU
		{5EA78E96-7953-47D8-A8C5-423588C67930}.Release|x64.ActiveCfg = Release|Any CPU
		{5EA78E96-7953-47D8-A8C5-423588C67930}.Release|x64.Build.0 = Release|Any CPU
		{5EA78E96-7953-47D8-A8C5-423588C67930}.Release|x86.ActiveCfg = Release|Any CPU
		{5EA78E96-7953-47D8-A8C5-423588C67930}.Release|x86.Build.0 = Release|Any CPU
		{AFB9A816-2796-426C-AE7D-73AAE02DDD23}.Ad-Hoc|Any CPU.ActiveCfg = Release|Any CPU
		{AFB9A816-2796-426C-AE7D-73AAE02DDD23}.Ad-Hoc|Any CPU.Build.0 = Release|Any CPU
		{AFB9A816-2796-426C-AE7D-73AAE02DDD23}.Ad-Hoc|ARM.ActiveCfg = Release|Any CPU
		{AFB9A816-2796-426C-AE7D-73AAE02DDD23}.Ad-Hoc|ARM.Build.0 = Release|Any CPU
		{AFB9A816-2796-426C-AE7D-73AAE02DDD23}.Ad-Hoc|iPhone.ActiveCfg = Release|Any CPU
		{AFB9A816-2796-426C-AE7D-73AAE02DDD23}.Ad-Hoc|iPhone.Build.0 = Release|Any CPU
		{AFB9A816-2796-426C-AE7D-73AAE02DDD23}.Ad-Hoc|iPhoneSimulator.ActiveCfg = Release|Any CPU
		{AFB9A816-2796-426C-AE7D-73AAE02DDD23}.Ad-Hoc|iPhoneSimulator.Build.0 = Release|Any CPU
		{AFB9A816-2796-426C-AE7D-73AAE02DDD23}.Ad-Hoc|x64.ActiveCfg = Release|Any CPU
		{AFB9A816-2796-426C-AE7D-73AAE02DDD23}.Ad-Hoc|x64.Build.0 = Release|Any CPU
		{AFB9A816-2796-426C-AE7D-73AAE02DDD23}.Ad-Hoc|x86.ActiveCfg = Release|Any CPU
		{AFB9A816-2796-426C-AE7D-73AAE02DDD23}.Ad-Hoc|x86.Build.0 = Release|Any CPU
		{AFB9A816-2796-426C-AE7D-73AAE02DDD23}.AppStore|Any CPU.ActiveCfg = Release|Any CPU
		{AFB9A816-2796-426C-AE7D-73AAE02DDD23}.AppStore|Any CPU.Build.0 = Release|Any CPU
		{AFB9A816-2796-426C-AE7D-73AAE02DDD23}.AppStore|ARM.ActiveCfg = Release|Any CPU
		{AFB9A816-2796-426C-AE7D-73AAE02DDD23}.AppStore|ARM.Build.0 = Release|Any CPU
		{AFB9A816-2796-426C-AE7D-73AAE02DDD23}.AppStore|iPhone.ActiveCfg = Release|Any CPU
		{AFB9A816-2796-426C-AE7D-73AAE02DDD23}.AppStore|iPhone.Build.0 = Release|Any CPU
		{AFB9A816-2796-426C-AE7D-73AAE02DDD23}.AppStore|iPhoneSimulator.ActiveCfg = Release|Any CPU
		{AFB9A816-2796-426C-AE7D-73AAE02DDD23}.AppStore|iPhoneSimulator.Build.0 = Release|Any CPU
		{AFB9A816-2796-426C-AE7D-73AAE02DDD23}.AppStore|x64.ActiveCfg = Release|Any CPU
		{AFB9A816-2796-426C-AE7D-73AAE02DDD23}.AppStore|x64.Build.0 = Release|Any CPU
		{AFB9A816-2796-426C-AE7D-73AAE02DDD23}.AppStore|x86.ActiveCfg = Release|Any CPU
		{AFB9A816-2796-426C-AE7D-73AAE02DDD23}.AppStore|x86.Build.0 = Release|Any CPU
		{AFB9A816-2796-426C-AE7D-73AAE02DDD23}.Debug|Any CPU.ActiveCfg = Debug|Any CPU
		{AFB9A816-2796-426C-AE7D-73AAE02DDD23}.Debug|Any CPU.Build.0 = Debug|Any CPU
		{AFB9A816-2796-426C-AE7D-73AAE02DDD23}.Debug|ARM.ActiveCfg = Debug|Any CPU
		{AFB9A816-2796-426C-AE7D-73AAE02DDD23}.Debug|ARM.Build.0 = Debug|Any CPU
		{AFB9A816-2796-426C-AE7D-73AAE02DDD23}.Debug|iPhone.ActiveCfg = Debug|Any CPU
		{AFB9A816-2796-426C-AE7D-73AAE02DDD23}.Debug|iPhone.Build.0 = Debug|Any CPU
		{AFB9A816-2796-426C-AE7D-73AAE02DDD23}.Debug|iPhoneSimulator.ActiveCfg = Debug|Any CPU
		{AFB9A816-2796-426C-AE7D-73AAE02DDD23}.Debug|iPhoneSimulator.Build.0 = Debug|Any CPU
		{AFB9A816-2796-426C-AE7D-73AAE02DDD23}.Debug|x64.ActiveCfg = Debug|Any CPU
		{AFB9A816-2796-426C-AE7D-73AAE02DDD23}.Debug|x64.Build.0 = Debug|Any CPU
		{AFB9A816-2796-426C-AE7D-73AAE02DDD23}.Debug|x86.ActiveCfg = Debug|Any CPU
		{AFB9A816-2796-426C-AE7D-73AAE02DDD23}.Debug|x86.Build.0 = Debug|Any CPU
		{AFB9A816-2796-426C-AE7D-73AAE02DDD23}.Release|Any CPU.ActiveCfg = Release|Any CPU
		{AFB9A816-2796-426C-AE7D-73AAE02DDD23}.Release|Any CPU.Build.0 = Release|Any CPU
		{AFB9A816-2796-426C-AE7D-73AAE02DDD23}.Release|ARM.ActiveCfg = Release|Any CPU
		{AFB9A816-2796-426C-AE7D-73AAE02DDD23}.Release|ARM.Build.0 = Release|Any CPU
		{AFB9A816-2796-426C-AE7D-73AAE02DDD23}.Release|iPhone.ActiveCfg = Release|Any CPU
		{AFB9A816-2796-426C-AE7D-73AAE02DDD23}.Release|iPhone.Build.0 = Release|Any CPU
		{AFB9A816-2796-426C-AE7D-73AAE02DDD23}.Release|iPhoneSimulator.ActiveCfg = Release|Any CPU
		{AFB9A816-2796-426C-AE7D-73AAE02DDD23}.Release|iPhoneSimulator.Build.0 = Release|Any CPU
		{AFB9A816-2796-426C-AE7D-73AAE02DDD23}.Release|x64.ActiveCfg = Release|Any CPU
		{AFB9A816-2796-426C-AE7D-73AAE02DDD23}.Release|x64.Build.0 = Release|Any CPU
		{AFB9A816-2796-426C-AE7D-73AAE02DDD23}.Release|x86.ActiveCfg = Release|Any CPU
		{AFB9A816-2796-426C-AE7D-73AAE02DDD23}.Release|x86.Build.0 = Release|Any CPU
		{27FE516D-8C89-4152-B9F7-3002FBCD32BC}.Ad-Hoc|Any CPU.ActiveCfg = Release|Any CPU
		{27FE516D-8C89-4152-B9F7-3002FBCD32BC}.Ad-Hoc|Any CPU.Build.0 = Release|Any CPU
		{27FE516D-8C89-4152-B9F7-3002FBCD32BC}.Ad-Hoc|Any CPU.Deploy.0 = Release|Any CPU
		{27FE516D-8C89-4152-B9F7-3002FBCD32BC}.Ad-Hoc|ARM.ActiveCfg = Release|Any CPU
		{27FE516D-8C89-4152-B9F7-3002FBCD32BC}.Ad-Hoc|ARM.Build.0 = Release|Any CPU
		{27FE516D-8C89-4152-B9F7-3002FBCD32BC}.Ad-Hoc|ARM.Deploy.0 = Release|Any CPU
		{27FE516D-8C89-4152-B9F7-3002FBCD32BC}.Ad-Hoc|iPhone.ActiveCfg = Release|Any CPU
		{27FE516D-8C89-4152-B9F7-3002FBCD32BC}.Ad-Hoc|iPhone.Build.0 = Release|Any CPU
		{27FE516D-8C89-4152-B9F7-3002FBCD32BC}.Ad-Hoc|iPhone.Deploy.0 = Release|Any CPU
		{27FE516D-8C89-4152-B9F7-3002FBCD32BC}.Ad-Hoc|iPhoneSimulator.ActiveCfg = Release|Any CPU
		{27FE516D-8C89-4152-B9F7-3002FBCD32BC}.Ad-Hoc|iPhoneSimulator.Build.0 = Release|Any CPU
		{27FE516D-8C89-4152-B9F7-3002FBCD32BC}.Ad-Hoc|iPhoneSimulator.Deploy.0 = Release|Any CPU
		{27FE516D-8C89-4152-B9F7-3002FBCD32BC}.Ad-Hoc|x64.ActiveCfg = Release|Any CPU
		{27FE516D-8C89-4152-B9F7-3002FBCD32BC}.Ad-Hoc|x64.Build.0 = Release|Any CPU
		{27FE516D-8C89-4152-B9F7-3002FBCD32BC}.Ad-Hoc|x64.Deploy.0 = Release|Any CPU
		{27FE516D-8C89-4152-B9F7-3002FBCD32BC}.Ad-Hoc|x86.ActiveCfg = Release|Any CPU
		{27FE516D-8C89-4152-B9F7-3002FBCD32BC}.Ad-Hoc|x86.Build.0 = Release|Any CPU
		{27FE516D-8C89-4152-B9F7-3002FBCD32BC}.Ad-Hoc|x86.Deploy.0 = Release|Any CPU
		{27FE516D-8C89-4152-B9F7-3002FBCD32BC}.AppStore|Any CPU.ActiveCfg = Release|Any CPU
		{27FE516D-8C89-4152-B9F7-3002FBCD32BC}.AppStore|Any CPU.Build.0 = Release|Any CPU
		{27FE516D-8C89-4152-B9F7-3002FBCD32BC}.AppStore|Any CPU.Deploy.0 = Release|Any CPU
		{27FE516D-8C89-4152-B9F7-3002FBCD32BC}.AppStore|ARM.ActiveCfg = Release|Any CPU
		{27FE516D-8C89-4152-B9F7-3002FBCD32BC}.AppStore|ARM.Build.0 = Release|Any CPU
		{27FE516D-8C89-4152-B9F7-3002FBCD32BC}.AppStore|ARM.Deploy.0 = Release|Any CPU
		{27FE516D-8C89-4152-B9F7-3002FBCD32BC}.AppStore|iPhone.ActiveCfg = Release|Any CPU
		{27FE516D-8C89-4152-B9F7-3002FBCD32BC}.AppStore|iPhone.Build.0 = Release|Any CPU
		{27FE516D-8C89-4152-B9F7-3002FBCD32BC}.AppStore|iPhone.Deploy.0 = Release|Any CPU
		{27FE516D-8C89-4152-B9F7-3002FBCD32BC}.AppStore|iPhoneSimulator.ActiveCfg = Release|Any CPU
		{27FE516D-8C89-4152-B9F7-3002FBCD32BC}.AppStore|iPhoneSimulator.Build.0 = Release|Any CPU
		{27FE516D-8C89-4152-B9F7-3002FBCD32BC}.AppStore|iPhoneSimulator.Deploy.0 = Release|Any CPU
		{27FE516D-8C89-4152-B9F7-3002FBCD32BC}.AppStore|x64.ActiveCfg = Release|Any CPU
		{27FE516D-8C89-4152-B9F7-3002FBCD32BC}.AppStore|x64.Build.0 = Release|Any CPU
		{27FE516D-8C89-4152-B9F7-3002FBCD32BC}.AppStore|x64.Deploy.0 = Release|Any CPU
		{27FE516D-8C89-4152-B9F7-3002FBCD32BC}.AppStore|x86.ActiveCfg = Release|Any CPU
		{27FE516D-8C89-4152-B9F7-3002FBCD32BC}.AppStore|x86.Build.0 = Release|Any CPU
		{27FE516D-8C89-4152-B9F7-3002FBCD32BC}.AppStore|x86.Deploy.0 = Release|Any CPU
		{27FE516D-8C89-4152-B9F7-3002FBCD32BC}.Debug|Any CPU.ActiveCfg = Debug|Any CPU
		{27FE516D-8C89-4152-B9F7-3002FBCD32BC}.Debug|Any CPU.Build.0 = Debug|Any CPU
		{27FE516D-8C89-4152-B9F7-3002FBCD32BC}.Debug|Any CPU.Deploy.0 = Debug|Any CPU
		{27FE516D-8C89-4152-B9F7-3002FBCD32BC}.Debug|ARM.ActiveCfg = Debug|Any CPU
		{27FE516D-8C89-4152-B9F7-3002FBCD32BC}.Debug|ARM.Build.0 = Debug|Any CPU
		{27FE516D-8C89-4152-B9F7-3002FBCD32BC}.Debug|ARM.Deploy.0 = Debug|Any CPU
		{27FE516D-8C89-4152-B9F7-3002FBCD32BC}.Debug|iPhone.ActiveCfg = Debug|Any CPU
		{27FE516D-8C89-4152-B9F7-3002FBCD32BC}.Debug|iPhone.Build.0 = Debug|Any CPU
		{27FE516D-8C89-4152-B9F7-3002FBCD32BC}.Debug|iPhone.Deploy.0 = Debug|Any CPU
		{27FE516D-8C89-4152-B9F7-3002FBCD32BC}.Debug|iPhoneSimulator.ActiveCfg = Debug|Any CPU
		{27FE516D-8C89-4152-B9F7-3002FBCD32BC}.Debug|iPhoneSimulator.Build.0 = Debug|Any CPU
		{27FE516D-8C89-4152-B9F7-3002FBCD32BC}.Debug|iPhoneSimulator.Deploy.0 = Debug|Any CPU
		{27FE516D-8C89-4152-B9F7-3002FBCD32BC}.Debug|x64.ActiveCfg = Debug|Any CPU
		{27FE516D-8C89-4152-B9F7-3002FBCD32BC}.Debug|x64.Build.0 = Debug|Any CPU
		{27FE516D-8C89-4152-B9F7-3002FBCD32BC}.Debug|x64.Deploy.0 = Debug|Any CPU
		{27FE516D-8C89-4152-B9F7-3002FBCD32BC}.Debug|x86.ActiveCfg = Debug|Any CPU
		{27FE516D-8C89-4152-B9F7-3002FBCD32BC}.Debug|x86.Build.0 = Debug|Any CPU
		{27FE516D-8C89-4152-B9F7-3002FBCD32BC}.Debug|x86.Deploy.0 = Debug|Any CPU
		{27FE516D-8C89-4152-B9F7-3002FBCD32BC}.Release|Any CPU.ActiveCfg = Release|Any CPU
		{27FE516D-8C89-4152-B9F7-3002FBCD32BC}.Release|Any CPU.Build.0 = Release|Any CPU
		{27FE516D-8C89-4152-B9F7-3002FBCD32BC}.Release|Any CPU.Deploy.0 = Release|Any CPU
		{27FE516D-8C89-4152-B9F7-3002FBCD32BC}.Release|ARM.ActiveCfg = Release|Any CPU
		{27FE516D-8C89-4152-B9F7-3002FBCD32BC}.Release|ARM.Build.0 = Release|Any CPU
		{27FE516D-8C89-4152-B9F7-3002FBCD32BC}.Release|ARM.Deploy.0 = Release|Any CPU
		{27FE516D-8C89-4152-B9F7-3002FBCD32BC}.Release|iPhone.ActiveCfg = Release|Any CPU
		{27FE516D-8C89-4152-B9F7-3002FBCD32BC}.Release|iPhone.Build.0 = Release|Any CPU
		{27FE516D-8C89-4152-B9F7-3002FBCD32BC}.Release|iPhone.Deploy.0 = Release|Any CPU
		{27FE516D-8C89-4152-B9F7-3002FBCD32BC}.Release|iPhoneSimulator.ActiveCfg = Release|Any CPU
		{27FE516D-8C89-4152-B9F7-3002FBCD32BC}.Release|iPhoneSimulator.Build.0 = Release|Any CPU
		{27FE516D-8C89-4152-B9F7-3002FBCD32BC}.Release|iPhoneSimulator.Deploy.0 = Release|Any CPU
		{27FE516D-8C89-4152-B9F7-3002FBCD32BC}.Release|x64.ActiveCfg = Release|Any CPU
		{27FE516D-8C89-4152-B9F7-3002FBCD32BC}.Release|x64.Build.0 = Release|Any CPU
		{27FE516D-8C89-4152-B9F7-3002FBCD32BC}.Release|x64.Deploy.0 = Release|Any CPU
		{27FE516D-8C89-4152-B9F7-3002FBCD32BC}.Release|x86.ActiveCfg = Release|Any CPU
		{27FE516D-8C89-4152-B9F7-3002FBCD32BC}.Release|x86.Build.0 = Release|Any CPU
		{27FE516D-8C89-4152-B9F7-3002FBCD32BC}.Release|x86.Deploy.0 = Release|Any CPU
		{418E6A5A-F828-47A9-9A6A-06E6536021DB}.Ad-Hoc|Any CPU.ActiveCfg = Release|Any CPU
		{418E6A5A-F828-47A9-9A6A-06E6536021DB}.Ad-Hoc|Any CPU.Build.0 = Release|Any CPU
		{418E6A5A-F828-47A9-9A6A-06E6536021DB}.Ad-Hoc|Any CPU.Deploy.0 = Release|Any CPU
		{418E6A5A-F828-47A9-9A6A-06E6536021DB}.Ad-Hoc|ARM.ActiveCfg = Release|Any CPU
		{418E6A5A-F828-47A9-9A6A-06E6536021DB}.Ad-Hoc|ARM.Build.0 = Release|Any CPU
		{418E6A5A-F828-47A9-9A6A-06E6536021DB}.Ad-Hoc|ARM.Deploy.0 = Release|Any CPU
		{418E6A5A-F828-47A9-9A6A-06E6536021DB}.Ad-Hoc|iPhone.ActiveCfg = Release|Any CPU
		{418E6A5A-F828-47A9-9A6A-06E6536021DB}.Ad-Hoc|iPhone.Build.0 = Release|Any CPU
		{418E6A5A-F828-47A9-9A6A-06E6536021DB}.Ad-Hoc|iPhone.Deploy.0 = Release|Any CPU
		{418E6A5A-F828-47A9-9A6A-06E6536021DB}.Ad-Hoc|iPhoneSimulator.ActiveCfg = Release|Any CPU
		{418E6A5A-F828-47A9-9A6A-06E6536021DB}.Ad-Hoc|iPhoneSimulator.Build.0 = Release|Any CPU
		{418E6A5A-F828-47A9-9A6A-06E6536021DB}.Ad-Hoc|iPhoneSimulator.Deploy.0 = Release|Any CPU
		{418E6A5A-F828-47A9-9A6A-06E6536021DB}.Ad-Hoc|x64.ActiveCfg = Release|Any CPU
		{418E6A5A-F828-47A9-9A6A-06E6536021DB}.Ad-Hoc|x64.Build.0 = Release|Any CPU
		{418E6A5A-F828-47A9-9A6A-06E6536021DB}.Ad-Hoc|x64.Deploy.0 = Release|Any CPU
		{418E6A5A-F828-47A9-9A6A-06E6536021DB}.Ad-Hoc|x86.ActiveCfg = Release|Any CPU
		{418E6A5A-F828-47A9-9A6A-06E6536021DB}.Ad-Hoc|x86.Build.0 = Release|Any CPU
		{418E6A5A-F828-47A9-9A6A-06E6536021DB}.Ad-Hoc|x86.Deploy.0 = Release|Any CPU
		{418E6A5A-F828-47A9-9A6A-06E6536021DB}.AppStore|Any CPU.ActiveCfg = Release|Any CPU
		{418E6A5A-F828-47A9-9A6A-06E6536021DB}.AppStore|Any CPU.Build.0 = Release|Any CPU
		{418E6A5A-F828-47A9-9A6A-06E6536021DB}.AppStore|Any CPU.Deploy.0 = Release|Any CPU
		{418E6A5A-F828-47A9-9A6A-06E6536021DB}.AppStore|ARM.ActiveCfg = Release|Any CPU
		{418E6A5A-F828-47A9-9A6A-06E6536021DB}.AppStore|ARM.Build.0 = Release|Any CPU
		{418E6A5A-F828-47A9-9A6A-06E6536021DB}.AppStore|ARM.Deploy.0 = Release|Any CPU
		{418E6A5A-F828-47A9-9A6A-06E6536021DB}.AppStore|iPhone.ActiveCfg = Release|Any CPU
		{418E6A5A-F828-47A9-9A6A-06E6536021DB}.AppStore|iPhone.Build.0 = Release|Any CPU
		{418E6A5A-F828-47A9-9A6A-06E6536021DB}.AppStore|iPhone.Deploy.0 = Release|Any CPU
		{418E6A5A-F828-47A9-9A6A-06E6536021DB}.AppStore|iPhoneSimulator.ActiveCfg = Release|Any CPU
		{418E6A5A-F828-47A9-9A6A-06E6536021DB}.AppStore|iPhoneSimulator.Build.0 = Release|Any CPU
		{418E6A5A-F828-47A9-9A6A-06E6536021DB}.AppStore|iPhoneSimulator.Deploy.0 = Release|Any CPU
		{418E6A5A-F828-47A9-9A6A-06E6536021DB}.AppStore|x64.ActiveCfg = Release|Any CPU
		{418E6A5A-F828-47A9-9A6A-06E6536021DB}.AppStore|x64.Build.0 = Release|Any CPU
		{418E6A5A-F828-47A9-9A6A-06E6536021DB}.AppStore|x64.Deploy.0 = Release|Any CPU
		{418E6A5A-F828-47A9-9A6A-06E6536021DB}.AppStore|x86.ActiveCfg = Release|Any CPU
		{418E6A5A-F828-47A9-9A6A-06E6536021DB}.AppStore|x86.Build.0 = Release|Any CPU
		{418E6A5A-F828-47A9-9A6A-06E6536021DB}.AppStore|x86.Deploy.0 = Release|Any CPU
		{418E6A5A-F828-47A9-9A6A-06E6536021DB}.Debug|Any CPU.ActiveCfg = Debug|Any CPU
		{418E6A5A-F828-47A9-9A6A-06E6536021DB}.Debug|Any CPU.Build.0 = Debug|Any CPU
		{418E6A5A-F828-47A9-9A6A-06E6536021DB}.Debug|Any CPU.Deploy.0 = Debug|Any CPU
		{418E6A5A-F828-47A9-9A6A-06E6536021DB}.Debug|ARM.ActiveCfg = Debug|Any CPU
		{418E6A5A-F828-47A9-9A6A-06E6536021DB}.Debug|ARM.Build.0 = Debug|Any CPU
		{418E6A5A-F828-47A9-9A6A-06E6536021DB}.Debug|ARM.Deploy.0 = Debug|Any CPU
		{418E6A5A-F828-47A9-9A6A-06E6536021DB}.Debug|iPhone.ActiveCfg = Debug|Any CPU
		{418E6A5A-F828-47A9-9A6A-06E6536021DB}.Debug|iPhone.Build.0 = Debug|Any CPU
		{418E6A5A-F828-47A9-9A6A-06E6536021DB}.Debug|iPhone.Deploy.0 = Debug|Any CPU
		{418E6A5A-F828-47A9-9A6A-06E6536021DB}.Debug|iPhoneSimulator.ActiveCfg = Debug|Any CPU
		{418E6A5A-F828-47A9-9A6A-06E6536021DB}.Debug|iPhoneSimulator.Build.0 = Debug|Any CPU
		{418E6A5A-F828-47A9-9A6A-06E6536021DB}.Debug|iPhoneSimulator.Deploy.0 = Debug|Any CPU
		{418E6A5A-F828-47A9-9A6A-06E6536021DB}.Debug|x64.ActiveCfg = Debug|Any CPU
		{418E6A5A-F828-47A9-9A6A-06E6536021DB}.Debug|x64.Build.0 = Debug|Any CPU
		{418E6A5A-F828-47A9-9A6A-06E6536021DB}.Debug|x64.Deploy.0 = Debug|Any CPU
		{418E6A5A-F828-47A9-9A6A-06E6536021DB}.Debug|x86.ActiveCfg = Debug|Any CPU
		{418E6A5A-F828-47A9-9A6A-06E6536021DB}.Debug|x86.Build.0 = Debug|Any CPU
		{418E6A5A-F828-47A9-9A6A-06E6536021DB}.Debug|x86.Deploy.0 = Debug|Any CPU
		{418E6A5A-F828-47A9-9A6A-06E6536021DB}.Release|Any CPU.ActiveCfg = Release|Any CPU
		{418E6A5A-F828-47A9-9A6A-06E6536021DB}.Release|Any CPU.Build.0 = Release|Any CPU
		{418E6A5A-F828-47A9-9A6A-06E6536021DB}.Release|Any CPU.Deploy.0 = Release|Any CPU
		{418E6A5A-F828-47A9-9A6A-06E6536021DB}.Release|ARM.ActiveCfg = Release|Any CPU
		{418E6A5A-F828-47A9-9A6A-06E6536021DB}.Release|ARM.Build.0 = Release|Any CPU
		{418E6A5A-F828-47A9-9A6A-06E6536021DB}.Release|ARM.Deploy.0 = Release|Any CPU
		{418E6A5A-F828-47A9-9A6A-06E6536021DB}.Release|iPhone.ActiveCfg = Release|Any CPU
		{418E6A5A-F828-47A9-9A6A-06E6536021DB}.Release|iPhone.Build.0 = Release|Any CPU
		{418E6A5A-F828-47A9-9A6A-06E6536021DB}.Release|iPhone.Deploy.0 = Release|Any CPU
		{418E6A5A-F828-47A9-9A6A-06E6536021DB}.Release|iPhoneSimulator.ActiveCfg = Release|Any CPU
		{418E6A5A-F828-47A9-9A6A-06E6536021DB}.Release|iPhoneSimulator.Build.0 = Release|Any CPU
		{418E6A5A-F828-47A9-9A6A-06E6536021DB}.Release|iPhoneSimulator.Deploy.0 = Release|Any CPU
		{418E6A5A-F828-47A9-9A6A-06E6536021DB}.Release|x64.ActiveCfg = Release|Any CPU
		{418E6A5A-F828-47A9-9A6A-06E6536021DB}.Release|x64.Build.0 = Release|Any CPU
		{418E6A5A-F828-47A9-9A6A-06E6536021DB}.Release|x64.Deploy.0 = Release|Any CPU
		{418E6A5A-F828-47A9-9A6A-06E6536021DB}.Release|x86.ActiveCfg = Release|Any CPU
		{418E6A5A-F828-47A9-9A6A-06E6536021DB}.Release|x86.Build.0 = Release|Any CPU
		{418E6A5A-F828-47A9-9A6A-06E6536021DB}.Release|x86.Deploy.0 = Release|Any CPU
		{A054679A-C35F-4762-BE6C-8CC5EB0A24D3}.Ad-Hoc|Any CPU.ActiveCfg = Release|Any CPU
		{A054679A-C35F-4762-BE6C-8CC5EB0A24D3}.Ad-Hoc|Any CPU.Build.0 = Release|Any CPU
		{A054679A-C35F-4762-BE6C-8CC5EB0A24D3}.Ad-Hoc|Any CPU.Deploy.0 = Release|Any CPU
		{A054679A-C35F-4762-BE6C-8CC5EB0A24D3}.Ad-Hoc|ARM.ActiveCfg = Release|Any CPU
		{A054679A-C35F-4762-BE6C-8CC5EB0A24D3}.Ad-Hoc|ARM.Build.0 = Release|Any CPU
		{A054679A-C35F-4762-BE6C-8CC5EB0A24D3}.Ad-Hoc|ARM.Deploy.0 = Release|Any CPU
		{A054679A-C35F-4762-BE6C-8CC5EB0A24D3}.Ad-Hoc|iPhone.ActiveCfg = Release|Any CPU
		{A054679A-C35F-4762-BE6C-8CC5EB0A24D3}.Ad-Hoc|iPhone.Build.0 = Release|Any CPU
		{A054679A-C35F-4762-BE6C-8CC5EB0A24D3}.Ad-Hoc|iPhone.Deploy.0 = Release|Any CPU
		{A054679A-C35F-4762-BE6C-8CC5EB0A24D3}.Ad-Hoc|iPhoneSimulator.ActiveCfg = Release|Any CPU
		{A054679A-C35F-4762-BE6C-8CC5EB0A24D3}.Ad-Hoc|iPhoneSimulator.Build.0 = Release|Any CPU
		{A054679A-C35F-4762-BE6C-8CC5EB0A24D3}.Ad-Hoc|iPhoneSimulator.Deploy.0 = Release|Any CPU
		{A054679A-C35F-4762-BE6C-8CC5EB0A24D3}.Ad-Hoc|x64.ActiveCfg = Release|Any CPU
		{A054679A-C35F-4762-BE6C-8CC5EB0A24D3}.Ad-Hoc|x64.Build.0 = Release|Any CPU
		{A054679A-C35F-4762-BE6C-8CC5EB0A24D3}.Ad-Hoc|x64.Deploy.0 = Release|Any CPU
		{A054679A-C35F-4762-BE6C-8CC5EB0A24D3}.Ad-Hoc|x86.ActiveCfg = Release|Any CPU
		{A054679A-C35F-4762-BE6C-8CC5EB0A24D3}.Ad-Hoc|x86.Build.0 = Release|Any CPU
		{A054679A-C35F-4762-BE6C-8CC5EB0A24D3}.Ad-Hoc|x86.Deploy.0 = Release|Any CPU
		{A054679A-C35F-4762-BE6C-8CC5EB0A24D3}.AppStore|Any CPU.ActiveCfg = Release|Any CPU
		{A054679A-C35F-4762-BE6C-8CC5EB0A24D3}.AppStore|Any CPU.Build.0 = Release|Any CPU
		{A054679A-C35F-4762-BE6C-8CC5EB0A24D3}.AppStore|Any CPU.Deploy.0 = Release|Any CPU
		{A054679A-C35F-4762-BE6C-8CC5EB0A24D3}.AppStore|ARM.ActiveCfg = Release|Any CPU
		{A054679A-C35F-4762-BE6C-8CC5EB0A24D3}.AppStore|ARM.Build.0 = Release|Any CPU
		{A054679A-C35F-4762-BE6C-8CC5EB0A24D3}.AppStore|ARM.Deploy.0 = Release|Any CPU
		{A054679A-C35F-4762-BE6C-8CC5EB0A24D3}.AppStore|iPhone.ActiveCfg = Release|Any CPU
		{A054679A-C35F-4762-BE6C-8CC5EB0A24D3}.AppStore|iPhone.Build.0 = Release|Any CPU
		{A054679A-C35F-4762-BE6C-8CC5EB0A24D3}.AppStore|iPhone.Deploy.0 = Release|Any CPU
		{A054679A-C35F-4762-BE6C-8CC5EB0A24D3}.AppStore|iPhoneSimulator.ActiveCfg = Release|Any CPU
		{A054679A-C35F-4762-BE6C-8CC5EB0A24D3}.AppStore|iPhoneSimulator.Build.0 = Release|Any CPU
		{A054679A-C35F-4762-BE6C-8CC5EB0A24D3}.AppStore|iPhoneSimulator.Deploy.0 = Release|Any CPU
		{A054679A-C35F-4762-BE6C-8CC5EB0A24D3}.AppStore|x64.ActiveCfg = Release|Any CPU
		{A054679A-C35F-4762-BE6C-8CC5EB0A24D3}.AppStore|x64.Build.0 = Release|Any CPU
		{A054679A-C35F-4762-BE6C-8CC5EB0A24D3}.AppStore|x64.Deploy.0 = Release|Any CPU
		{A054679A-C35F-4762-BE6C-8CC5EB0A24D3}.AppStore|x86.ActiveCfg = Release|Any CPU
		{A054679A-C35F-4762-BE6C-8CC5EB0A24D3}.AppStore|x86.Build.0 = Release|Any CPU
		{A054679A-C35F-4762-BE6C-8CC5EB0A24D3}.AppStore|x86.Deploy.0 = Release|Any CPU
		{A054679A-C35F-4762-BE6C-8CC5EB0A24D3}.Debug|Any CPU.ActiveCfg = Debug|Any CPU
		{A054679A-C35F-4762-BE6C-8CC5EB0A24D3}.Debug|Any CPU.Build.0 = Debug|Any CPU
		{A054679A-C35F-4762-BE6C-8CC5EB0A24D3}.Debug|Any CPU.Deploy.0 = Debug|Any CPU
		{A054679A-C35F-4762-BE6C-8CC5EB0A24D3}.Debug|ARM.ActiveCfg = Debug|Any CPU
		{A054679A-C35F-4762-BE6C-8CC5EB0A24D3}.Debug|ARM.Build.0 = Debug|Any CPU
		{A054679A-C35F-4762-BE6C-8CC5EB0A24D3}.Debug|ARM.Deploy.0 = Debug|Any CPU
		{A054679A-C35F-4762-BE6C-8CC5EB0A24D3}.Debug|iPhone.ActiveCfg = Debug|Any CPU
		{A054679A-C35F-4762-BE6C-8CC5EB0A24D3}.Debug|iPhone.Build.0 = Debug|Any CPU
		{A054679A-C35F-4762-BE6C-8CC5EB0A24D3}.Debug|iPhone.Deploy.0 = Debug|Any CPU
		{A054679A-C35F-4762-BE6C-8CC5EB0A24D3}.Debug|iPhoneSimulator.ActiveCfg = Debug|Any CPU
		{A054679A-C35F-4762-BE6C-8CC5EB0A24D3}.Debug|iPhoneSimulator.Build.0 = Debug|Any CPU
		{A054679A-C35F-4762-BE6C-8CC5EB0A24D3}.Debug|iPhoneSimulator.Deploy.0 = Debug|Any CPU
		{A054679A-C35F-4762-BE6C-8CC5EB0A24D3}.Debug|x64.ActiveCfg = Debug|Any CPU
		{A054679A-C35F-4762-BE6C-8CC5EB0A24D3}.Debug|x64.Build.0 = Debug|Any CPU
		{A054679A-C35F-4762-BE6C-8CC5EB0A24D3}.Debug|x64.Deploy.0 = Debug|Any CPU
		{A054679A-C35F-4762-BE6C-8CC5EB0A24D3}.Debug|x86.ActiveCfg = Debug|Any CPU
		{A054679A-C35F-4762-BE6C-8CC5EB0A24D3}.Debug|x86.Build.0 = Debug|Any CPU
		{A054679A-C35F-4762-BE6C-8CC5EB0A24D3}.Debug|x86.Deploy.0 = Debug|Any CPU
		{A054679A-C35F-4762-BE6C-8CC5EB0A24D3}.Release|Any CPU.ActiveCfg = Release|Any CPU
		{A054679A-C35F-4762-BE6C-8CC5EB0A24D3}.Release|Any CPU.Build.0 = Release|Any CPU
		{A054679A-C35F-4762-BE6C-8CC5EB0A24D3}.Release|Any CPU.Deploy.0 = Release|Any CPU
		{A054679A-C35F-4762-BE6C-8CC5EB0A24D3}.Release|ARM.ActiveCfg = Release|Any CPU
		{A054679A-C35F-4762-BE6C-8CC5EB0A24D3}.Release|ARM.Build.0 = Release|Any CPU
		{A054679A-C35F-4762-BE6C-8CC5EB0A24D3}.Release|ARM.Deploy.0 = Release|Any CPU
		{A054679A-C35F-4762-BE6C-8CC5EB0A24D3}.Release|iPhone.ActiveCfg = Release|Any CPU
		{A054679A-C35F-4762-BE6C-8CC5EB0A24D3}.Release|iPhone.Build.0 = Release|Any CPU
		{A054679A-C35F-4762-BE6C-8CC5EB0A24D3}.Release|iPhone.Deploy.0 = Release|Any CPU
		{A054679A-C35F-4762-BE6C-8CC5EB0A24D3}.Release|iPhoneSimulator.ActiveCfg = Release|Any CPU
		{A054679A-C35F-4762-BE6C-8CC5EB0A24D3}.Release|iPhoneSimulator.Build.0 = Release|Any CPU
		{A054679A-C35F-4762-BE6C-8CC5EB0A24D3}.Release|iPhoneSimulator.Deploy.0 = Release|Any CPU
		{A054679A-C35F-4762-BE6C-8CC5EB0A24D3}.Release|x64.ActiveCfg = Release|Any CPU
		{A054679A-C35F-4762-BE6C-8CC5EB0A24D3}.Release|x64.Build.0 = Release|Any CPU
		{A054679A-C35F-4762-BE6C-8CC5EB0A24D3}.Release|x64.Deploy.0 = Release|Any CPU
		{A054679A-C35F-4762-BE6C-8CC5EB0A24D3}.Release|x86.ActiveCfg = Release|Any CPU
		{A054679A-C35F-4762-BE6C-8CC5EB0A24D3}.Release|x86.Build.0 = Release|Any CPU
		{A054679A-C35F-4762-BE6C-8CC5EB0A24D3}.Release|x86.Deploy.0 = Release|Any CPU
	EndGlobalSection
	GlobalSection(SolutionProperties) = preSolution
		HideSolutionNode = FALSE
	EndGlobalSection
	GlobalSection(NestedProjects) = preSolution
		{96E59373-A51C-4CC2-ADD4-13E496DA2D28} = {CAC5777C-671A-4912-9447-B6ED440AC154}
		{FBB6E0E3-7AFA-4856-A90F-31E337EA3E6E} = {CAC5777C-671A-4912-9447-B6ED440AC154}
		{53BE41A0-1254-4C21-878A-A8EA9E0D1B84} = {F4AE6933-1C56-45E7-97DE-425AF6EBBDE8}
		{4C8230B0-6385-4592-9037-A9E29304CB2F} = {F4AE6933-1C56-45E7-97DE-425AF6EBBDE8}
		{8528F9C7-1951-4AAF-A865-2CB03DBFF425} = {F4AE6933-1C56-45E7-97DE-425AF6EBBDE8}
		{33F3590D-39FF-408E-8AAC-C2570A2555F5} = {CAC5777C-671A-4912-9447-B6ED440AC154}
		{01E3C41B-995E-4871-A521-CD1090E53EBB} = {F4AE6933-1C56-45E7-97DE-425AF6EBBDE8}
		{7B243128-9CCA-47FE-BFCA-48E1EF83002A} = {41E5F326-8B3E-4A39-A080-B0ECAEE30A25}
		{28F059A4-320B-4D89-943F-788EB84F8BE1} = {41E5F326-8B3E-4A39-A080-B0ECAEE30A25}
		{D59C0919-4902-44A2-A9C6-AE2E5A2C4751} = {28F059A4-320B-4D89-943F-788EB84F8BE1}
		{DEC82EBA-DCBC-4535-A300-2DD6B622AB80} = {28F059A4-320B-4D89-943F-788EB84F8BE1}
		{23D0E1A3-8BE9-4BD6-AA6A-B912595257B2} = {28F059A4-320B-4D89-943F-788EB84F8BE1}
		{AF1F46AA-4CAE-4F2E-9D7D-17C14EB7C2BA} = {41E5F326-8B3E-4A39-A080-B0ECAEE30A25}
		{ED375494-2296-4237-89D7-0E19EE0636DA} = {AF1F46AA-4CAE-4F2E-9D7D-17C14EB7C2BA}
		{E6138CB5-363A-4406-94A5-D5E65F80E2F0} = {AF1F46AA-4CAE-4F2E-9D7D-17C14EB7C2BA}
		{7427ADE4-6214-4158-85D0-EA59DFC21926} = {AF1F46AA-4CAE-4F2E-9D7D-17C14EB7C2BA}
		{6393EA01-59B7-45C7-8E07-2BC4E5E87506} = {AF1F46AA-4CAE-4F2E-9D7D-17C14EB7C2BA}
		{5EA78E96-7953-47D8-A8C5-423588C67930} = {F4AE6933-1C56-45E7-97DE-425AF6EBBDE8}
		{AFB9A816-2796-426C-AE7D-73AAE02DDD23} = {F4AE6933-1C56-45E7-97DE-425AF6EBBDE8}
		{27FE516D-8C89-4152-B9F7-3002FBCD32BC} = {CAC5777C-671A-4912-9447-B6ED440AC154}
		{418E6A5A-F828-47A9-9A6A-06E6536021DB} = {28F059A4-320B-4D89-943F-788EB84F8BE1}
	EndGlobalSection
	GlobalSection(ExtensibilityGlobals) = postSolution
		SolutionGuid = {E13DEF66-9A2C-4A64-8971-2FACC99E4D9C}
	EndGlobalSection
EndGlobal
